// !$*UTF8*$!
{
	archiveVersion = 1;
	classes = {
	};
	objectVersion = 51;
	objects = {

/* Begin PBXBuildFile section */
		044108D426E71605000302F5 /* ChangeShowView.swift in Sources */ = {isa = PBXBuildFile; fileRef = 044108D126E71605000302F5 /* ChangeShowView.swift */; };
		044108D526E71605000302F5 /* ChangeColor.swift in Sources */ = {isa = PBXBuildFile; fileRef = 044108D226E71605000302F5 /* ChangeColor.swift */; };
		044108D626E71606000302F5 /* Change.swift in Sources */ = {isa = PBXBuildFile; fileRef = 044108D326E71605000302F5 /* Change.swift */; };
		044108D826E781E2000302F5 /* ChangeOffset.swift in Sources */ = {isa = PBXBuildFile; fileRef = 044108D726E781E2000302F5 /* ChangeOffset.swift */; };
		04DD2CF126C25762002ABA40 /* Button9View.swift in Sources */ = {isa = PBXBuildFile; fileRef = 04DD2CF026C25762002ABA40 /* Button9View.swift */; };
		04DD2CF326C25BA6002ABA40 /* Pods_SwiftUI2_0_Example.framework in Frameworks */ = {isa = PBXBuildFile; fileRef = 4BD4243E4111E6D804628F8C /* Pods_SwiftUI2_0_Example.framework */; };
		04DD2CF426C25BA6002ABA40 /* Pods_SwiftUI2_0_Example.framework in Embed Frameworks */ = {isa = PBXBuildFile; fileRef = 4BD4243E4111E6D804628F8C /* Pods_SwiftUI2_0_Example.framework */; settings = {ATTRIBUTES = (CodeSignOnCopy, RemoveHeadersOnCopy, ); }; };
		5B52FD6A26A888C400A025CF /* SwiftUI2_0_ExampleApp.swift in Sources */ = {isa = PBXBuildFile; fileRef = 5B52FD6926A888C400A025CF /* SwiftUI2_0_ExampleApp.swift */; };
		5B52FD6C26A888C400A025CF /* ContentView.swift in Sources */ = {isa = PBXBuildFile; fileRef = 5B52FD6B26A888C400A025CF /* ContentView.swift */; };
		5B52FD6E26A888C400A025CF /* Assets.xcassets in Resources */ = {isa = PBXBuildFile; fileRef = 5B52FD6D26A888C400A025CF /* Assets.xcassets */; };
		5B52FD7126A888C400A025CF /* Preview Assets.xcassets in Resources */ = {isa = PBXBuildFile; fileRef = 5B52FD7026A888C400A025CF /* Preview Assets.xcassets */; };
		5B52FE1D26A8893700A025CF /* ScrollMainView.swift in Sources */ = {isa = PBXBuildFile; fileRef = 5B52FD7A26A8893700A025CF /* ScrollMainView.swift */; };
		5B52FE1E26A8893700A025CF /* ScrollView2SwiftUIView.swift in Sources */ = {isa = PBXBuildFile; fileRef = 5B52FD7B26A8893700A025CF /* ScrollView2SwiftUIView.swift */; };
		5B52FE1F26A8893700A025CF /* ScrollViewSwiftUIView.swift in Sources */ = {isa = PBXBuildFile; fileRef = 5B52FD7C26A8893700A025CF /* ScrollViewSwiftUIView.swift */; };
		5B52FE2026A8893700A025CF /* ScrollShowView.swift in Sources */ = {isa = PBXBuildFile; fileRef = 5B52FD7D26A8893700A025CF /* ScrollShowView.swift */; };
		5B52FE2126A8893700A025CF /* NavigationSwiftUIView.swift in Sources */ = {isa = PBXBuildFile; fileRef = 5B52FD7F26A8893700A025CF /* NavigationSwiftUIView.swift */; };
		5B52FE2226A8893700A025CF /* NavigationShowView.swift in Sources */ = {isa = PBXBuildFile; fileRef = 5B52FD8026A8893700A025CF /* NavigationShowView.swift */; };
		5B52FE2326A8893700A025CF /* Form1View.swift in Sources */ = {isa = PBXBuildFile; fileRef = 5B52FD8226A8893700A025CF /* Form1View.swift */; };
		5B52FE2426A8893700A025CF /* FormShowView.swift in Sources */ = {isa = PBXBuildFile; fileRef = 5B52FD8326A8893700A025CF /* FormShowView.swift */; };
		5B52FE2526A8893700A025CF /* Form3View.swift in Sources */ = {isa = PBXBuildFile; fileRef = 5B52FD8426A8893700A025CF /* Form3View.swift */; };
		5B52FE2626A8893700A025CF /* Form5View.swift in Sources */ = {isa = PBXBuildFile; fileRef = 5B52FD8526A8893700A025CF /* Form5View.swift */; };
		5B52FE2726A8893700A025CF /* FormMainView.swift in Sources */ = {isa = PBXBuildFile; fileRef = 5B52FD8626A8893700A025CF /* FormMainView.swift */; };
		5B52FE2826A8893700A025CF /* Form2View.swift in Sources */ = {isa = PBXBuildFile; fileRef = 5B52FD8726A8893700A025CF /* Form2View.swift */; };
		5B52FE2926A8893700A025CF /* Form4View.swift in Sources */ = {isa = PBXBuildFile; fileRef = 5B52FD8826A8893700A025CF /* Form4View.swift */; };
		5B52FE2A26A8893700A025CF /* DatePickerMainView.swift in Sources */ = {isa = PBXBuildFile; fileRef = 5B52FD8A26A8893700A025CF /* DatePickerMainView.swift */; };
		5B52FE2B26A8893700A025CF /* Picker3View.swift in Sources */ = {isa = PBXBuildFile; fileRef = 5B52FD8B26A8893700A025CF /* Picker3View.swift */; };
		5B52FE2C26A8893700A025CF /* DatePicker2View.swift in Sources */ = {isa = PBXBuildFile; fileRef = 5B52FD8C26A8893700A025CF /* DatePicker2View.swift */; };
		5B52FE2D26A8893700A025CF /* DatePickerView.swift in Sources */ = {isa = PBXBuildFile; fileRef = 5B52FD8D26A8893700A025CF /* DatePickerView.swift */; };
		5B52FE2E26A8893700A025CF /* DatePickerShowView.swift in Sources */ = {isa = PBXBuildFile; fileRef = 5B52FD8E26A8893700A025CF /* DatePickerShowView.swift */; };
		5B52FE2F26A8893700A025CF /* BingdingView1.swift in Sources */ = {isa = PBXBuildFile; fileRef = 5B52FD9026A8893700A025CF /* BingdingView1.swift */; };
		5B52FE3026A8893700A025CF /* BingdingShowView.swift in Sources */ = {isa = PBXBuildFile; fileRef = 5B52FD9126A8893700A025CF /* BingdingShowView.swift */; };
		5B52FE3126A8893700A025CF /* BingdingView2.swift in Sources */ = {isa = PBXBuildFile; fileRef = 5B52FD9226A8893700A025CF /* BingdingView2.swift */; };
		5B52FE3226A8893700A025CF /* BingdingMainView.swift in Sources */ = {isa = PBXBuildFile; fileRef = 5B52FD9326A8893700A025CF /* BingdingMainView.swift */; };
		5B52FE3326A8893700A025CF /* LayoutShowView.swift in Sources */ = {isa = PBXBuildFile; fileRef = 5B52FD9526A8893700A025CF /* LayoutShowView.swift */; };
		5B52FE3426A8893700A025CF /* Layout2SwiftUIView.swift in Sources */ = {isa = PBXBuildFile; fileRef = 5B52FD9626A8893700A025CF /* Layout2SwiftUIView.swift */; };
		5B52FE3526A8893700A025CF /* LayoutMainView.swift in Sources */ = {isa = PBXBuildFile; fileRef = 5B52FD9726A8893700A025CF /* LayoutMainView.swift */; };
		5B52FE3626A8893700A025CF /* LayoutSwiftUIView.swift in Sources */ = {isa = PBXBuildFile; fileRef = 5B52FD9826A8893700A025CF /* LayoutSwiftUIView.swift */; };
		5B52FE3726A8893700A025CF /* Layout3View.swift in Sources */ = {isa = PBXBuildFile; fileRef = 5B52FD9926A8893700A025CF /* Layout3View.swift */; };
		5B52FE3826A8893700A025CF /* Segmented1View.swift in Sources */ = {isa = PBXBuildFile; fileRef = 5B52FD9B26A8893700A025CF /* Segmented1View.swift */; };
		5B52FE3926A8893700A025CF /* SegmentedMainView.swift in Sources */ = {isa = PBXBuildFile; fileRef = 5B52FD9C26A8893700A025CF /* SegmentedMainView.swift */; };
		5B52FE3A26A8893700A025CF /* Segmented3View.swift in Sources */ = {isa = PBXBuildFile; fileRef = 5B52FD9D26A8893700A025CF /* Segmented3View.swift */; };
		5B52FE3B26A8893700A025CF /* SegmentedShowView.swift in Sources */ = {isa = PBXBuildFile; fileRef = 5B52FD9E26A8893700A025CF /* SegmentedShowView.swift */; };
		5B52FE3C26A8893700A025CF /* Segmented2View.swift in Sources */ = {isa = PBXBuildFile; fileRef = 5B52FD9F26A8893700A025CF /* Segmented2View.swift */; };
		5B52FE3D26A8893700A025CF /* Conmmon.swift in Sources */ = {isa = PBXBuildFile; fileRef = 5B52FDA126A8893700A025CF /* Conmmon.swift */; };
		5B52FE3E26A8893700A025CF /* Neworkingimage.swift in Sources */ = {isa = PBXBuildFile; fileRef = 5B52FDA226A8893700A025CF /* Neworkingimage.swift */; };
		5B52FE3F26A8893700A025CF /* Color+Extension.swift in Sources */ = {isa = PBXBuildFile; fileRef = 5B52FDA326A8893700A025CF /* Color+Extension.swift */; };
		5B52FE4026A8893700A025CF /* MathMainView.swift in Sources */ = {isa = PBXBuildFile; fileRef = 5B52FDA526A8893700A025CF /* MathMainView.swift */; };
		5B52FE4126A8893700A025CF /* LineGraphSwiftUIView.swift in Sources */ = {isa = PBXBuildFile; fileRef = 5B52FDA626A8893700A025CF /* LineGraphSwiftUIView.swift */; };
		5B52FE4226A8893700A025CF /* FanshapedSwiftUIView.swift in Sources */ = {isa = PBXBuildFile; fileRef = 5B52FDA726A8893700A025CF /* FanshapedSwiftUIView.swift */; };
		5B52FE4326A8893700A025CF /* MathShowView.swift in Sources */ = {isa = PBXBuildFile; fileRef = 5B52FDA826A8893700A025CF /* MathShowView.swift */; };
		5B52FE4426A8893700A025CF /* RectangleSwiftUIView.swift in Sources */ = {isa = PBXBuildFile; fileRef = 5B52FDA926A8893700A025CF /* RectangleSwiftUIView.swift */; };
		5B52FE4526A8893700A025CF /* Chart SwiftUIView.swift in Sources */ = {isa = PBXBuildFile; fileRef = 5B52FDAA26A8893700A025CF /* Chart SwiftUIView.swift */; };
		5B52FE4626A8893700A025CF /* TextField2View.swift in Sources */ = {isa = PBXBuildFile; fileRef = 5B52FDAC26A8893700A025CF /* TextField2View.swift */; };
		5B52FE4726A8893700A025CF /* TextFieldShowView.swift in Sources */ = {isa = PBXBuildFile; fileRef = 5B52FDAD26A8893700A025CF /* TextFieldShowView.swift */; };
		5B52FE4826A8893700A025CF /* TextFieldSwiftUIView.swift in Sources */ = {isa = PBXBuildFile; fileRef = 5B52FDAE26A8893700A025CF /* TextFieldSwiftUIView.swift */; };
		5B52FE4926A8893700A025CF /* TextFieldMainView.swift in Sources */ = {isa = PBXBuildFile; fileRef = 5B52FDAF26A8893700A025CF /* TextFieldMainView.swift */; };
		5B52FE4A26A8893700A025CF /* SliderShowView.swift in Sources */ = {isa = PBXBuildFile; fileRef = 5B52FDB126A8893700A025CF /* SliderShowView.swift */; };
		5B52FE4B26A8893700A025CF /* SliderMainView.swift in Sources */ = {isa = PBXBuildFile; fileRef = 5B52FDB226A8893700A025CF /* SliderMainView.swift */; };
		5B52FE4C26A8893700A025CF /* Slider1View.swift in Sources */ = {isa = PBXBuildFile; fileRef = 5B52FDB326A8893700A025CF /* Slider1View.swift */; };
		5B52FE4D26A8893700A025CF /* AVPlayerShowView.swift in Sources */ = {isa = PBXBuildFile; fileRef = 5B52FDB526A8893700A025CF /* AVPlayerShowView.swift */; };
		5B52FE4E26A8893700A025CF /* AVPlayerView1.swift in Sources */ = {isa = PBXBuildFile; fileRef = 5B52FDB626A8893700A025CF /* AVPlayerView1.swift */; };
		5B52FE4F26A8893700A025CF /* AVPlayerMainView.swift in Sources */ = {isa = PBXBuildFile; fileRef = 5B52FDB726A8893700A025CF /* AVPlayerMainView.swift */; };
		5B52FE5026A8893700A025CF /* SpaceMainView.swift in Sources */ = {isa = PBXBuildFile; fileRef = 5B52FDB926A8893700A025CF /* SpaceMainView.swift */; };
		5B52FE5126A8893700A025CF /* SpacerSwiftUIView.swift in Sources */ = {isa = PBXBuildFile; fileRef = 5B52FDBA26A8893700A025CF /* SpacerSwiftUIView.swift */; };
		5B52FE5226A8893700A025CF /* Spacer4SwiftUIView.swift in Sources */ = {isa = PBXBuildFile; fileRef = 5B52FDBB26A8893700A025CF /* Spacer4SwiftUIView.swift */; };
		5B52FE5326A8893700A025CF /* SpacerExampleView.swift in Sources */ = {isa = PBXBuildFile; fileRef = 5B52FDBC26A8893700A025CF /* SpacerExampleView.swift */; };
		5B52FE5426A8893700A025CF /* Spacer3SwiftUIView.swift in Sources */ = {isa = PBXBuildFile; fileRef = 5B52FDBD26A8893700A025CF /* Spacer3SwiftUIView.swift */; };
		5B52FE5526A8893700A025CF /* ShapesView.swift in Sources */ = {isa = PBXBuildFile; fileRef = 5B52FDBE26A8893700A025CF /* ShapesView.swift */; };
		5B52FE5626A8893700A025CF /* SpaceShowView.swift in Sources */ = {isa = PBXBuildFile; fileRef = 5B52FDBF26A8893700A025CF /* SpaceShowView.swift */; };
		5B52FE5726A8893700A025CF /* Spacer2SwiftUIView.swift in Sources */ = {isa = PBXBuildFile; fileRef = 5B52FDC026A8893700A025CF /* Spacer2SwiftUIView.swift */; };
		5B52FE5826A8893700A025CF /* FameModifierView.swift in Sources */ = {isa = PBXBuildFile; fileRef = 5B52FDC126A8893700A025CF /* FameModifierView.swift */; };
		5B52FE5926A8893700A025CF /* HStack5SwiftUIView.swift in Sources */ = {isa = PBXBuildFile; fileRef = 5B52FDC326A8893700A025CF /* HStack5SwiftUIView.swift */; };
		5B52FE5A26A8893700A025CF /* HStack4SwiftUIView.swift in Sources */ = {isa = PBXBuildFile; fileRef = 5B52FDC426A8893700A025CF /* HStack4SwiftUIView.swift */; };
		5B52FE5B26A8893700A025CF /* HStack7View.swift in Sources */ = {isa = PBXBuildFile; fileRef = 5B52FDC526A8893700A025CF /* HStack7View.swift */; };
		5B52FE5C26A8893700A025CF /* HStack3SwiftUIView.swift in Sources */ = {isa = PBXBuildFile; fileRef = 5B52FDC626A8893700A025CF /* HStack3SwiftUIView.swift */; };
		5B52FE5D26A8893700A025CF /* HStackSwiftUIView.swift in Sources */ = {isa = PBXBuildFile; fileRef = 5B52FDC726A8893700A025CF /* HStackSwiftUIView.swift */; };
		5B52FE5E26A8893700A025CF /* HStack2SwiftUIView.swift in Sources */ = {isa = PBXBuildFile; fileRef = 5B52FDC826A8893700A025CF /* HStack2SwiftUIView.swift */; };
		5B52FE5F26A8893700A025CF /* LazyHGridView.swift in Sources */ = {isa = PBXBuildFile; fileRef = 5B52FDC926A8893700A025CF /* LazyHGridView.swift */; };
		5B52FE6026A8893700A025CF /* HStack6SwiftUIView.swift in Sources */ = {isa = PBXBuildFile; fileRef = 5B52FDCA26A8893700A025CF /* HStack6SwiftUIView.swift */; };
		5B52FE6126A8893700A025CF /* MapMainView.swift in Sources */ = {isa = PBXBuildFile; fileRef = 5B52FDCC26A8893700A025CF /* MapMainView.swift */; };
		5B52FE6226A8893700A025CF /* Map1View.swift in Sources */ = {isa = PBXBuildFile; fileRef = 5B52FDCD26A8893700A025CF /* Map1View.swift */; };
		5B52FE6326A8893700A025CF /* MapShowView.swift in Sources */ = {isa = PBXBuildFile; fileRef = 5B52FDCE26A8893700A025CF /* MapShowView.swift */; };
		5B52FE6426A8893700A025CF /* JsonShowView.swift in Sources */ = {isa = PBXBuildFile; fileRef = 5B52FDD026A8893700A025CF /* JsonShowView.swift */; };
		5B52FE6526A8893700A025CF /* JsonSwiftUIView.swift in Sources */ = {isa = PBXBuildFile; fileRef = 5B52FDD126A8893700A025CF /* JsonSwiftUIView.swift */; };
		5B52FE6626A8893700A025CF /* Json2SwiftUIView.swift in Sources */ = {isa = PBXBuildFile; fileRef = 5B52FDD226A8893700A025CF /* Json2SwiftUIView.swift */; };
		5B52FE6726A8893700A025CF /* JsonMainView.swift in Sources */ = {isa = PBXBuildFile; fileRef = 5B52FDD326A8893700A025CF /* JsonMainView.swift */; };
		5B52FE6826A8893700A025CF /* Json3SwiftUIView.swift in Sources */ = {isa = PBXBuildFile; fileRef = 5B52FDD426A8893700A025CF /* Json3SwiftUIView.swift */; };
		5B52FE6926A8893700A025CF /* ButtonSwiftUIView.swift in Sources */ = {isa = PBXBuildFile; fileRef = 5B52FDD626A8893700A025CF /* ButtonSwiftUIView.swift */; };
		5B52FE6A26A8893700A025CF /* Button4View.swift in Sources */ = {isa = PBXBuildFile; fileRef = 5B52FDD726A8893700A025CF /* Button4View.swift */; };
		5B52FE6B26A8893700A025CF /* ButtonShowView.swift in Sources */ = {isa = PBXBuildFile; fileRef = 5B52FDD826A8893700A025CF /* ButtonShowView.swift */; };
		5B52FE6C26A8893700A025CF /* Button2View.swift in Sources */ = {isa = PBXBuildFile; fileRef = 5B52FDD926A8893700A025CF /* Button2View.swift */; };
		5B52FE6D26A8893700A025CF /* Button5View.swift in Sources */ = {isa = PBXBuildFile; fileRef = 5B52FDDA26A8893700A025CF /* Button5View.swift */; };
		5B52FE6E26A8893700A025CF /* Button8View.swift in Sources */ = {isa = PBXBuildFile; fileRef = 5B52FDDB26A8893700A025CF /* Button8View.swift */; };
		5B52FE6F26A8893700A025CF /* Button3View.swift in Sources */ = {isa = PBXBuildFile; fileRef = 5B52FDDC26A8893700A025CF /* Button3View.swift */; };
		5B52FE7026A8893700A025CF /* Button6View.swift in Sources */ = {isa = PBXBuildFile; fileRef = 5B52FDDD26A8893700A025CF /* Button6View.swift */; };
		5B52FE7126A8893700A025CF /* ButtonMainView.swift in Sources */ = {isa = PBXBuildFile; fileRef = 5B52FDDE26A8893700A025CF /* ButtonMainView.swift */; };
		5B52FE7226A8893700A025CF /* Button7View.swift in Sources */ = {isa = PBXBuildFile; fileRef = 5B52FDDF26A8893700A025CF /* Button7View.swift */; };
		5B52FE7326A8893700A025CF /* GestureSwiftUIView.swift in Sources */ = {isa = PBXBuildFile; fileRef = 5B52FDE126A8893700A025CF /* GestureSwiftUIView.swift */; };
		5B52FE7426A8893700A025CF /* GestureMainView.swift in Sources */ = {isa = PBXBuildFile; fileRef = 5B52FDE226A8893700A025CF /* GestureMainView.swift */; };
		5B52FE7526A8893700A025CF /* GeometryReaderSwiftUIView.swift in Sources */ = {isa = PBXBuildFile; fileRef = 5B52FDE426A8893700A025CF /* GeometryReaderSwiftUIView.swift */; };
		5B52FE7626A8893700A025CF /* GeometryReader3SwiftUIView.swift in Sources */ = {isa = PBXBuildFile; fileRef = 5B52FDE526A8893700A025CF /* GeometryReader3SwiftUIView.swift */; };
		5B52FE7726A8893700A025CF /* GemoetryReaderMainView.swift in Sources */ = {isa = PBXBuildFile; fileRef = 5B52FDE626A8893700A025CF /* GemoetryReaderMainView.swift */; };
		5B52FE7826A8893700A025CF /* GeometryReader2SwiftUIView.swift in Sources */ = {isa = PBXBuildFile; fileRef = 5B52FDE726A8893700A025CF /* GeometryReader2SwiftUIView.swift */; };
		5B52FE7926A8893700A025CF /* GeometryReader5SwiftUIView.swift in Sources */ = {isa = PBXBuildFile; fileRef = 5B52FDE826A8893700A025CF /* GeometryReader5SwiftUIView.swift */; };
		5B52FE7A26A8893700A025CF /* GeometryReader4SwiftUIView.swift in Sources */ = {isa = PBXBuildFile; fileRef = 5B52FDE926A8893700A025CF /* GeometryReader4SwiftUIView.swift */; };
		5B52FE7B26A8893700A025CF /* GemoetryReaderShowView.swift in Sources */ = {isa = PBXBuildFile; fileRef = 5B52FDEA26A8893700A025CF /* GemoetryReaderShowView.swift */; };
		5B52FE7C26A8893700A025CF /* ListView.swift in Sources */ = {isa = PBXBuildFile; fileRef = 5B52FDEC26A8893700A025CF /* ListView.swift */; };
		5B52FE7D26A8893700A025CF /* ListGroupedView.swift in Sources */ = {isa = PBXBuildFile; fileRef = 5B52FDED26A8893700A025CF /* ListGroupedView.swift */; };
		5B52FE7E26A8893700A025CF /* ListSwiftUIView.swift in Sources */ = {isa = PBXBuildFile; fileRef = 5B52FDEE26A8893700A025CF /* ListSwiftUIView.swift */; };
		5B52FE7F26A8893700A025CF /* ListShowView.swift in Sources */ = {isa = PBXBuildFile; fileRef = 5B52FDEF26A8893700A025CF /* ListShowView.swift */; };
		5B52FE8026A8893700A025CF /* CustomerView.swift in Sources */ = {isa = PBXBuildFile; fileRef = 5B52FDF026A8893700A025CF /* CustomerView.swift */; };
		5B52FE8126A8893700A025CF /* ListMainSwiftUIView.swift in Sources */ = {isa = PBXBuildFile; fileRef = 5B52FDF126A8893700A025CF /* ListMainSwiftUIView.swift */; };
		5B52FE8226A8893700A025CF /* ListWithDataView.swift in Sources */ = {isa = PBXBuildFile; fileRef = 5B52FDF226A8893700A025CF /* ListWithDataView.swift */; };
		5B52FE8326A8893700A025CF /* Text6View.swift in Sources */ = {isa = PBXBuildFile; fileRef = 5B52FDF426A8893700A025CF /* Text6View.swift */; };
		5B52FE8426A8893700A025CF /* TextMainView.swift in Sources */ = {isa = PBXBuildFile; fileRef = 5B52FDF526A8893700A025CF /* TextMainView.swift */; };
		5B52FE8526A8893700A025CF /* Text1View.swift in Sources */ = {isa = PBXBuildFile; fileRef = 5B52FDF626A8893700A025CF /* Text1View.swift */; };
		5B52FE8626A8893700A025CF /* Text10View.swift in Sources */ = {isa = PBXBuildFile; fileRef = 5B52FDF726A8893700A025CF /* Text10View.swift */; };
		5B52FE8726A8893700A025CF /* Text7View.swift in Sources */ = {isa = PBXBuildFile; fileRef = 5B52FDF826A8893700A025CF /* Text7View.swift */; };
		5B52FE8826A8893700A025CF /* Text2View.swift in Sources */ = {isa = PBXBuildFile; fileRef = 5B52FDF926A8893700A025CF /* Text2View.swift */; };
		5B52FE8926A8893700A025CF /* TextShowView.swift in Sources */ = {isa = PBXBuildFile; fileRef = 5B52FDFA26A8893700A025CF /* TextShowView.swift */; };
		5B52FE8A26A8893700A025CF /* Text4View.swift in Sources */ = {isa = PBXBuildFile; fileRef = 5B52FDFB26A8893700A025CF /* Text4View.swift */; };
		5B52FE8B26A8893700A025CF /* Text9View.swift in Sources */ = {isa = PBXBuildFile; fileRef = 5B52FDFC26A8893700A025CF /* Text9View.swift */; };
		5B52FE8C26A8893700A025CF /* Text3View.swift in Sources */ = {isa = PBXBuildFile; fileRef = 5B52FDFD26A8893700A025CF /* Text3View.swift */; };
		5B52FE8D26A8893700A025CF /* Text5View.swift in Sources */ = {isa = PBXBuildFile; fileRef = 5B52FDFE26A8893700A025CF /* Text5View.swift */; };
		5B52FE8E26A8893700A025CF /* Text8View.swift in Sources */ = {isa = PBXBuildFile; fileRef = 5B52FDFF26A8893700A025CF /* Text8View.swift */; };
		5B52FE8F26A8893700A025CF /* SheetMainView.swift in Sources */ = {isa = PBXBuildFile; fileRef = 5B52FE0126A8893700A025CF /* SheetMainView.swift */; };
		5B52FE9026A8893700A025CF /* SheetJsonView.swift in Sources */ = {isa = PBXBuildFile; fileRef = 5B52FE0226A8893700A025CF /* SheetJsonView.swift */; };
		5B52FE9126A8893700A025CF /* SheetShowView.swift in Sources */ = {isa = PBXBuildFile; fileRef = 5B52FE0326A8893700A025CF /* SheetShowView.swift */; };
		5B52FE9226A8893700A025CF /* ZStack2SwiftUIView.swift in Sources */ = {isa = PBXBuildFile; fileRef = 5B52FE0526A8893700A025CF /* ZStack2SwiftUIView.swift */; };
		5B52FE9326A8893700A025CF /* ZStackSwiftUIView.swift in Sources */ = {isa = PBXBuildFile; fileRef = 5B52FE0626A8893700A025CF /* ZStackSwiftUIView.swift */; };
		5B52FE9426A8893700A025CF /* ZStack3View.swift in Sources */ = {isa = PBXBuildFile; fileRef = 5B52FE0726A8893700A025CF /* ZStack3View.swift */; };
		5B52FE9526A8893700A025CF /* ZStack5SwiftUIView.swift in Sources */ = {isa = PBXBuildFile; fileRef = 5B52FE0826A8893700A025CF /* ZStack5SwiftUIView.swift */; };
		5B52FE9626A8893700A025CF /* VStack3SwiftUIView.swift in Sources */ = {isa = PBXBuildFile; fileRef = 5B52FE0A26A8893700A025CF /* VStack3SwiftUIView.swift */; };
		5B52FE9726A8893800A025CF /* VStackMainView.swift in Sources */ = {isa = PBXBuildFile; fileRef = 5B52FE0B26A8893700A025CF /* VStackMainView.swift */; };
		5B52FE9826A8893800A025CF /* VStackSwiftUIView.swift in Sources */ = {isa = PBXBuildFile; fileRef = 5B52FE0C26A8893700A025CF /* VStackSwiftUIView.swift */; };
		5B52FE9926A8893800A025CF /* VStack2SwiftUIView.swift in Sources */ = {isa = PBXBuildFile; fileRef = 5B52FE0D26A8893700A025CF /* VStack2SwiftUIView.swift */; };
		5B52FE9A26A8893800A025CF /* VStack4SwiftUIView.swift in Sources */ = {isa = PBXBuildFile; fileRef = 5B52FE0E26A8893700A025CF /* VStack4SwiftUIView.swift */; };
		5B52FE9B26A8893800A025CF /* VStackShowView.swift in Sources */ = {isa = PBXBuildFile; fileRef = 5B52FE0F26A8893700A025CF /* VStackShowView.swift */; };
		5B52FE9C26A8893800A025CF /* Path2.swift in Sources */ = {isa = PBXBuildFile; fileRef = 5B52FE1226A8893700A025CF /* Path2.swift */; };
		5B52FE9D26A8893800A025CF /* PathShowVIew.swift in Sources */ = {isa = PBXBuildFile; fileRef = 5B52FE1326A8893700A025CF /* PathShowVIew.swift */; };
		5B52FE9E26A8893800A025CF /* Path1.swift in Sources */ = {isa = PBXBuildFile; fileRef = 5B52FE1426A8893700A025CF /* Path1.swift */; };
		5B52FEA126A8893800A025CF /* AnimationSwiftUIView.swift in Sources */ = {isa = PBXBuildFile; fileRef = 5B52FE1826A8893700A025CF /* AnimationSwiftUIView.swift */; };
		5B52FEA226A8893800A025CF /* AnimationShowView.swift in Sources */ = {isa = PBXBuildFile; fileRef = 5B52FE1926A8893700A025CF /* AnimationShowView.swift */; };
		5B52FEA326A8893800A025CF /* PopSwiftUIView.swift in Sources */ = {isa = PBXBuildFile; fileRef = 5B52FE1A26A8893700A025CF /* PopSwiftUIView.swift */; };
		5B52FEA426A8893800A025CF /* AnimationMainView.swift in Sources */ = {isa = PBXBuildFile; fileRef = 5B52FE1B26A8893700A025CF /* AnimationMainView.swift */; };
		5B52FEA526A8893800A025CF /* FoldSwiftUIView.swift in Sources */ = {isa = PBXBuildFile; fileRef = 5B52FE1C26A8893700A025CF /* FoldSwiftUIView.swift */; };
/* End PBXBuildFile section */

/* Begin PBXCopyFilesBuildPhase section */
		04DD2CF526C25BA6002ABA40 /* Embed Frameworks */ = {
			isa = PBXCopyFilesBuildPhase;
			buildActionMask = 2147483647;
			dstPath = "";
			dstSubfolderSpec = 10;
			files = (
				04DD2CF426C25BA6002ABA40 /* Pods_SwiftUI2_0_Example.framework in Embed Frameworks */,
			);
			name = "Embed Frameworks";
			runOnlyForDeploymentPostprocessing = 0;
		};
/* End PBXCopyFilesBuildPhase section */

/* Begin PBXFileReference section */
		044108D126E71605000302F5 /* ChangeShowView.swift */ = {isa = PBXFileReference; fileEncoding = 4; lastKnownFileType = sourcecode.swift; path = ChangeShowView.swift; sourceTree = "<group>"; };
		044108D226E71605000302F5 /* ChangeColor.swift */ = {isa = PBXFileReference; fileEncoding = 4; lastKnownFileType = sourcecode.swift; path = ChangeColor.swift; sourceTree = "<group>"; };
		044108D326E71605000302F5 /* Change.swift */ = {isa = PBXFileReference; fileEncoding = 4; lastKnownFileType = sourcecode.swift; path = Change.swift; sourceTree = "<group>"; };
		044108D726E781E2000302F5 /* ChangeOffset.swift */ = {isa = PBXFileReference; lastKnownFileType = sourcecode.swift; path = ChangeOffset.swift; sourceTree = "<group>"; };
		04DD2CEE26C256DE002ABA40 /* SwiftUI2.0-Example.entitlements */ = {isa = PBXFileReference; lastKnownFileType = text.plist.entitlements; path = "SwiftUI2.0-Example.entitlements"; sourceTree = "<group>"; };
		04DD2CF026C25762002ABA40 /* Button9View.swift */ = {isa = PBXFileReference; lastKnownFileType = sourcecode.swift; path = Button9View.swift; sourceTree = "<group>"; };
		4BD4243E4111E6D804628F8C /* Pods_SwiftUI2_0_Example.framework */ = {isa = PBXFileReference; explicitFileType = wrapper.framework; includeInIndex = 0; path = Pods_SwiftUI2_0_Example.framework; sourceTree = BUILT_PRODUCTS_DIR; };
		5B52FD6626A888C400A025CF /* SwiftUI2.0-Example.app */ = {isa = PBXFileReference; explicitFileType = wrapper.application; includeInIndex = 0; path = "SwiftUI2.0-Example.app"; sourceTree = BUILT_PRODUCTS_DIR; };
		5B52FD6926A888C400A025CF /* SwiftUI2_0_ExampleApp.swift */ = {isa = PBXFileReference; lastKnownFileType = sourcecode.swift; path = SwiftUI2_0_ExampleApp.swift; sourceTree = "<group>"; };
		5B52FD6B26A888C400A025CF /* ContentView.swift */ = {isa = PBXFileReference; lastKnownFileType = sourcecode.swift; path = ContentView.swift; sourceTree = "<group>"; };
		5B52FD6D26A888C400A025CF /* Assets.xcassets */ = {isa = PBXFileReference; lastKnownFileType = folder.assetcatalog; path = Assets.xcassets; sourceTree = "<group>"; };
		5B52FD7026A888C400A025CF /* Preview Assets.xcassets */ = {isa = PBXFileReference; lastKnownFileType = folder.assetcatalog; path = "Preview Assets.xcassets"; sourceTree = "<group>"; };
		5B52FD7226A888C400A025CF /* Info.plist */ = {isa = PBXFileReference; lastKnownFileType = text.plist.xml; path = Info.plist; sourceTree = "<group>"; };
		5B52FD7A26A8893700A025CF /* ScrollMainView.swift */ = {isa = PBXFileReference; fileEncoding = 4; lastKnownFileType = sourcecode.swift; path = ScrollMainView.swift; sourceTree = "<group>"; };
		5B52FD7B26A8893700A025CF /* ScrollView2SwiftUIView.swift */ = {isa = PBXFileReference; fileEncoding = 4; lastKnownFileType = sourcecode.swift; path = ScrollView2SwiftUIView.swift; sourceTree = "<group>"; };
		5B52FD7C26A8893700A025CF /* ScrollViewSwiftUIView.swift */ = {isa = PBXFileReference; fileEncoding = 4; lastKnownFileType = sourcecode.swift; path = ScrollViewSwiftUIView.swift; sourceTree = "<group>"; };
		5B52FD7D26A8893700A025CF /* ScrollShowView.swift */ = {isa = PBXFileReference; fileEncoding = 4; lastKnownFileType = sourcecode.swift; path = ScrollShowView.swift; sourceTree = "<group>"; };
		5B52FD7F26A8893700A025CF /* NavigationSwiftUIView.swift */ = {isa = PBXFileReference; fileEncoding = 4; lastKnownFileType = sourcecode.swift; path = NavigationSwiftUIView.swift; sourceTree = "<group>"; };
		5B52FD8026A8893700A025CF /* NavigationShowView.swift */ = {isa = PBXFileReference; fileEncoding = 4; lastKnownFileType = sourcecode.swift; path = NavigationShowView.swift; sourceTree = "<group>"; };
		5B52FD8226A8893700A025CF /* Form1View.swift */ = {isa = PBXFileReference; fileEncoding = 4; lastKnownFileType = sourcecode.swift; path = Form1View.swift; sourceTree = "<group>"; };
		5B52FD8326A8893700A025CF /* FormShowView.swift */ = {isa = PBXFileReference; fileEncoding = 4; lastKnownFileType = sourcecode.swift; path = FormShowView.swift; sourceTree = "<group>"; };
		5B52FD8426A8893700A025CF /* Form3View.swift */ = {isa = PBXFileReference; fileEncoding = 4; lastKnownFileType = sourcecode.swift; path = Form3View.swift; sourceTree = "<group>"; };
		5B52FD8526A8893700A025CF /* Form5View.swift */ = {isa = PBXFileReference; fileEncoding = 4; lastKnownFileType = sourcecode.swift; path = Form5View.swift; sourceTree = "<group>"; };
		5B52FD8626A8893700A025CF /* FormMainView.swift */ = {isa = PBXFileReference; fileEncoding = 4; lastKnownFileType = sourcecode.swift; path = FormMainView.swift; sourceTree = "<group>"; };
		5B52FD8726A8893700A025CF /* Form2View.swift */ = {isa = PBXFileReference; fileEncoding = 4; lastKnownFileType = sourcecode.swift; path = Form2View.swift; sourceTree = "<group>"; };
		5B52FD8826A8893700A025CF /* Form4View.swift */ = {isa = PBXFileReference; fileEncoding = 4; lastKnownFileType = sourcecode.swift; path = Form4View.swift; sourceTree = "<group>"; };
		5B52FD8A26A8893700A025CF /* DatePickerMainView.swift */ = {isa = PBXFileReference; fileEncoding = 4; lastKnownFileType = sourcecode.swift; path = DatePickerMainView.swift; sourceTree = "<group>"; };
		5B52FD8B26A8893700A025CF /* Picker3View.swift */ = {isa = PBXFileReference; fileEncoding = 4; lastKnownFileType = sourcecode.swift; path = Picker3View.swift; sourceTree = "<group>"; };
		5B52FD8C26A8893700A025CF /* DatePicker2View.swift */ = {isa = PBXFileReference; fileEncoding = 4; lastKnownFileType = sourcecode.swift; path = DatePicker2View.swift; sourceTree = "<group>"; };
		5B52FD8D26A8893700A025CF /* DatePickerView.swift */ = {isa = PBXFileReference; fileEncoding = 4; lastKnownFileType = sourcecode.swift; path = DatePickerView.swift; sourceTree = "<group>"; };
		5B52FD8E26A8893700A025CF /* DatePickerShowView.swift */ = {isa = PBXFileReference; fileEncoding = 4; lastKnownFileType = sourcecode.swift; path = DatePickerShowView.swift; sourceTree = "<group>"; };
		5B52FD9026A8893700A025CF /* BingdingView1.swift */ = {isa = PBXFileReference; fileEncoding = 4; lastKnownFileType = sourcecode.swift; path = BingdingView1.swift; sourceTree = "<group>"; };
		5B52FD9126A8893700A025CF /* BingdingShowView.swift */ = {isa = PBXFileReference; fileEncoding = 4; lastKnownFileType = sourcecode.swift; path = BingdingShowView.swift; sourceTree = "<group>"; };
		5B52FD9226A8893700A025CF /* BingdingView2.swift */ = {isa = PBXFileReference; fileEncoding = 4; lastKnownFileType = sourcecode.swift; path = BingdingView2.swift; sourceTree = "<group>"; };
		5B52FD9326A8893700A025CF /* BingdingMainView.swift */ = {isa = PBXFileReference; fileEncoding = 4; lastKnownFileType = sourcecode.swift; path = BingdingMainView.swift; sourceTree = "<group>"; };
		5B52FD9526A8893700A025CF /* LayoutShowView.swift */ = {isa = PBXFileReference; fileEncoding = 4; lastKnownFileType = sourcecode.swift; path = LayoutShowView.swift; sourceTree = "<group>"; };
		5B52FD9626A8893700A025CF /* Layout2SwiftUIView.swift */ = {isa = PBXFileReference; fileEncoding = 4; lastKnownFileType = sourcecode.swift; path = Layout2SwiftUIView.swift; sourceTree = "<group>"; };
		5B52FD9726A8893700A025CF /* LayoutMainView.swift */ = {isa = PBXFileReference; fileEncoding = 4; lastKnownFileType = sourcecode.swift; path = LayoutMainView.swift; sourceTree = "<group>"; };
		5B52FD9826A8893700A025CF /* LayoutSwiftUIView.swift */ = {isa = PBXFileReference; fileEncoding = 4; lastKnownFileType = sourcecode.swift; path = LayoutSwiftUIView.swift; sourceTree = "<group>"; };
		5B52FD9926A8893700A025CF /* Layout3View.swift */ = {isa = PBXFileReference; fileEncoding = 4; lastKnownFileType = sourcecode.swift; path = Layout3View.swift; sourceTree = "<group>"; };
		5B52FD9B26A8893700A025CF /* Segmented1View.swift */ = {isa = PBXFileReference; fileEncoding = 4; lastKnownFileType = sourcecode.swift; path = Segmented1View.swift; sourceTree = "<group>"; };
		5B52FD9C26A8893700A025CF /* SegmentedMainView.swift */ = {isa = PBXFileReference; fileEncoding = 4; lastKnownFileType = sourcecode.swift; path = SegmentedMainView.swift; sourceTree = "<group>"; };
		5B52FD9D26A8893700A025CF /* Segmented3View.swift */ = {isa = PBXFileReference; fileEncoding = 4; lastKnownFileType = sourcecode.swift; path = Segmented3View.swift; sourceTree = "<group>"; };
		5B52FD9E26A8893700A025CF /* SegmentedShowView.swift */ = {isa = PBXFileReference; fileEncoding = 4; lastKnownFileType = sourcecode.swift; path = SegmentedShowView.swift; sourceTree = "<group>"; };
		5B52FD9F26A8893700A025CF /* Segmented2View.swift */ = {isa = PBXFileReference; fileEncoding = 4; lastKnownFileType = sourcecode.swift; path = Segmented2View.swift; sourceTree = "<group>"; };
		5B52FDA126A8893700A025CF /* Conmmon.swift */ = {isa = PBXFileReference; fileEncoding = 4; lastKnownFileType = sourcecode.swift; path = Conmmon.swift; sourceTree = "<group>"; };
		5B52FDA226A8893700A025CF /* Neworkingimage.swift */ = {isa = PBXFileReference; fileEncoding = 4; lastKnownFileType = sourcecode.swift; path = Neworkingimage.swift; sourceTree = "<group>"; };
		5B52FDA326A8893700A025CF /* Color+Extension.swift */ = {isa = PBXFileReference; fileEncoding = 4; lastKnownFileType = sourcecode.swift; path = "Color+Extension.swift"; sourceTree = "<group>"; };
		5B52FDA526A8893700A025CF /* MathMainView.swift */ = {isa = PBXFileReference; fileEncoding = 4; lastKnownFileType = sourcecode.swift; path = MathMainView.swift; sourceTree = "<group>"; };
		5B52FDA626A8893700A025CF /* LineGraphSwiftUIView.swift */ = {isa = PBXFileReference; fileEncoding = 4; lastKnownFileType = sourcecode.swift; path = LineGraphSwiftUIView.swift; sourceTree = "<group>"; };
		5B52FDA726A8893700A025CF /* FanshapedSwiftUIView.swift */ = {isa = PBXFileReference; fileEncoding = 4; lastKnownFileType = sourcecode.swift; path = FanshapedSwiftUIView.swift; sourceTree = "<group>"; };
		5B52FDA826A8893700A025CF /* MathShowView.swift */ = {isa = PBXFileReference; fileEncoding = 4; lastKnownFileType = sourcecode.swift; path = MathShowView.swift; sourceTree = "<group>"; };
		5B52FDA926A8893700A025CF /* RectangleSwiftUIView.swift */ = {isa = PBXFileReference; fileEncoding = 4; lastKnownFileType = sourcecode.swift; path = RectangleSwiftUIView.swift; sourceTree = "<group>"; };
		5B52FDAA26A8893700A025CF /* Chart SwiftUIView.swift */ = {isa = PBXFileReference; fileEncoding = 4; lastKnownFileType = sourcecode.swift; path = "Chart SwiftUIView.swift"; sourceTree = "<group>"; };
		5B52FDAC26A8893700A025CF /* TextField2View.swift */ = {isa = PBXFileReference; fileEncoding = 4; lastKnownFileType = sourcecode.swift; path = TextField2View.swift; sourceTree = "<group>"; };
		5B52FDAD26A8893700A025CF /* TextFieldShowView.swift */ = {isa = PBXFileReference; fileEncoding = 4; lastKnownFileType = sourcecode.swift; path = TextFieldShowView.swift; sourceTree = "<group>"; };
		5B52FDAE26A8893700A025CF /* TextFieldSwiftUIView.swift */ = {isa = PBXFileReference; fileEncoding = 4; lastKnownFileType = sourcecode.swift; path = TextFieldSwiftUIView.swift; sourceTree = "<group>"; };
		5B52FDAF26A8893700A025CF /* TextFieldMainView.swift */ = {isa = PBXFileReference; fileEncoding = 4; lastKnownFileType = sourcecode.swift; path = TextFieldMainView.swift; sourceTree = "<group>"; };
		5B52FDB126A8893700A025CF /* SliderShowView.swift */ = {isa = PBXFileReference; fileEncoding = 4; lastKnownFileType = sourcecode.swift; path = SliderShowView.swift; sourceTree = "<group>"; };
		5B52FDB226A8893700A025CF /* SliderMainView.swift */ = {isa = PBXFileReference; fileEncoding = 4; lastKnownFileType = sourcecode.swift; path = SliderMainView.swift; sourceTree = "<group>"; };
		5B52FDB326A8893700A025CF /* Slider1View.swift */ = {isa = PBXFileReference; fileEncoding = 4; lastKnownFileType = sourcecode.swift; path = Slider1View.swift; sourceTree = "<group>"; };
		5B52FDB526A8893700A025CF /* AVPlayerShowView.swift */ = {isa = PBXFileReference; fileEncoding = 4; lastKnownFileType = sourcecode.swift; path = AVPlayerShowView.swift; sourceTree = "<group>"; };
		5B52FDB626A8893700A025CF /* AVPlayerView1.swift */ = {isa = PBXFileReference; fileEncoding = 4; lastKnownFileType = sourcecode.swift; path = AVPlayerView1.swift; sourceTree = "<group>"; };
		5B52FDB726A8893700A025CF /* AVPlayerMainView.swift */ = {isa = PBXFileReference; fileEncoding = 4; lastKnownFileType = sourcecode.swift; path = AVPlayerMainView.swift; sourceTree = "<group>"; };
		5B52FDB926A8893700A025CF /* SpaceMainView.swift */ = {isa = PBXFileReference; fileEncoding = 4; lastKnownFileType = sourcecode.swift; path = SpaceMainView.swift; sourceTree = "<group>"; };
		5B52FDBA26A8893700A025CF /* SpacerSwiftUIView.swift */ = {isa = PBXFileReference; fileEncoding = 4; lastKnownFileType = sourcecode.swift; path = SpacerSwiftUIView.swift; sourceTree = "<group>"; };
		5B52FDBB26A8893700A025CF /* Spacer4SwiftUIView.swift */ = {isa = PBXFileReference; fileEncoding = 4; lastKnownFileType = sourcecode.swift; path = Spacer4SwiftUIView.swift; sourceTree = "<group>"; };
		5B52FDBC26A8893700A025CF /* SpacerExampleView.swift */ = {isa = PBXFileReference; fileEncoding = 4; lastKnownFileType = sourcecode.swift; path = SpacerExampleView.swift; sourceTree = "<group>"; };
		5B52FDBD26A8893700A025CF /* Spacer3SwiftUIView.swift */ = {isa = PBXFileReference; fileEncoding = 4; lastKnownFileType = sourcecode.swift; path = Spacer3SwiftUIView.swift; sourceTree = "<group>"; };
		5B52FDBE26A8893700A025CF /* ShapesView.swift */ = {isa = PBXFileReference; fileEncoding = 4; lastKnownFileType = sourcecode.swift; path = ShapesView.swift; sourceTree = "<group>"; };
		5B52FDBF26A8893700A025CF /* SpaceShowView.swift */ = {isa = PBXFileReference; fileEncoding = 4; lastKnownFileType = sourcecode.swift; path = SpaceShowView.swift; sourceTree = "<group>"; };
		5B52FDC026A8893700A025CF /* Spacer2SwiftUIView.swift */ = {isa = PBXFileReference; fileEncoding = 4; lastKnownFileType = sourcecode.swift; path = Spacer2SwiftUIView.swift; sourceTree = "<group>"; };
		5B52FDC126A8893700A025CF /* FameModifierView.swift */ = {isa = PBXFileReference; fileEncoding = 4; lastKnownFileType = sourcecode.swift; path = FameModifierView.swift; sourceTree = "<group>"; };
		5B52FDC326A8893700A025CF /* HStack5SwiftUIView.swift */ = {isa = PBXFileReference; fileEncoding = 4; lastKnownFileType = sourcecode.swift; path = HStack5SwiftUIView.swift; sourceTree = "<group>"; };
		5B52FDC426A8893700A025CF /* HStack4SwiftUIView.swift */ = {isa = PBXFileReference; fileEncoding = 4; lastKnownFileType = sourcecode.swift; path = HStack4SwiftUIView.swift; sourceTree = "<group>"; };
		5B52FDC526A8893700A025CF /* HStack7View.swift */ = {isa = PBXFileReference; fileEncoding = 4; lastKnownFileType = sourcecode.swift; path = HStack7View.swift; sourceTree = "<group>"; };
		5B52FDC626A8893700A025CF /* HStack3SwiftUIView.swift */ = {isa = PBXFileReference; fileEncoding = 4; lastKnownFileType = sourcecode.swift; path = HStack3SwiftUIView.swift; sourceTree = "<group>"; };
		5B52FDC726A8893700A025CF /* HStackSwiftUIView.swift */ = {isa = PBXFileReference; fileEncoding = 4; lastKnownFileType = sourcecode.swift; path = HStackSwiftUIView.swift; sourceTree = "<group>"; };
		5B52FDC826A8893700A025CF /* HStack2SwiftUIView.swift */ = {isa = PBXFileReference; fileEncoding = 4; lastKnownFileType = sourcecode.swift; path = HStack2SwiftUIView.swift; sourceTree = "<group>"; };
		5B52FDC926A8893700A025CF /* LazyHGridView.swift */ = {isa = PBXFileReference; fileEncoding = 4; lastKnownFileType = sourcecode.swift; path = LazyHGridView.swift; sourceTree = "<group>"; };
		5B52FDCA26A8893700A025CF /* HStack6SwiftUIView.swift */ = {isa = PBXFileReference; fileEncoding = 4; lastKnownFileType = sourcecode.swift; path = HStack6SwiftUIView.swift; sourceTree = "<group>"; };
		5B52FDCC26A8893700A025CF /* MapMainView.swift */ = {isa = PBXFileReference; fileEncoding = 4; lastKnownFileType = sourcecode.swift; path = MapMainView.swift; sourceTree = "<group>"; };
		5B52FDCD26A8893700A025CF /* Map1View.swift */ = {isa = PBXFileReference; fileEncoding = 4; lastKnownFileType = sourcecode.swift; path = Map1View.swift; sourceTree = "<group>"; };
		5B52FDCE26A8893700A025CF /* MapShowView.swift */ = {isa = PBXFileReference; fileEncoding = 4; lastKnownFileType = sourcecode.swift; path = MapShowView.swift; sourceTree = "<group>"; };
		5B52FDD026A8893700A025CF /* JsonShowView.swift */ = {isa = PBXFileReference; fileEncoding = 4; lastKnownFileType = sourcecode.swift; path = JsonShowView.swift; sourceTree = "<group>"; };
		5B52FDD126A8893700A025CF /* JsonSwiftUIView.swift */ = {isa = PBXFileReference; fileEncoding = 4; lastKnownFileType = sourcecode.swift; path = JsonSwiftUIView.swift; sourceTree = "<group>"; };
		5B52FDD226A8893700A025CF /* Json2SwiftUIView.swift */ = {isa = PBXFileReference; fileEncoding = 4; lastKnownFileType = sourcecode.swift; path = Json2SwiftUIView.swift; sourceTree = "<group>"; };
		5B52FDD326A8893700A025CF /* JsonMainView.swift */ = {isa = PBXFileReference; fileEncoding = 4; lastKnownFileType = sourcecode.swift; path = JsonMainView.swift; sourceTree = "<group>"; };
		5B52FDD426A8893700A025CF /* Json3SwiftUIView.swift */ = {isa = PBXFileReference; fileEncoding = 4; lastKnownFileType = sourcecode.swift; path = Json3SwiftUIView.swift; sourceTree = "<group>"; };
		5B52FDD626A8893700A025CF /* ButtonSwiftUIView.swift */ = {isa = PBXFileReference; fileEncoding = 4; lastKnownFileType = sourcecode.swift; path = ButtonSwiftUIView.swift; sourceTree = "<group>"; };
		5B52FDD726A8893700A025CF /* Button4View.swift */ = {isa = PBXFileReference; fileEncoding = 4; lastKnownFileType = sourcecode.swift; path = Button4View.swift; sourceTree = "<group>"; };
		5B52FDD826A8893700A025CF /* ButtonShowView.swift */ = {isa = PBXFileReference; fileEncoding = 4; lastKnownFileType = sourcecode.swift; path = ButtonShowView.swift; sourceTree = "<group>"; };
		5B52FDD926A8893700A025CF /* Button2View.swift */ = {isa = PBXFileReference; fileEncoding = 4; lastKnownFileType = sourcecode.swift; path = Button2View.swift; sourceTree = "<group>"; };
		5B52FDDA26A8893700A025CF /* Button5View.swift */ = {isa = PBXFileReference; fileEncoding = 4; lastKnownFileType = sourcecode.swift; path = Button5View.swift; sourceTree = "<group>"; };
		5B52FDDB26A8893700A025CF /* Button8View.swift */ = {isa = PBXFileReference; fileEncoding = 4; lastKnownFileType = sourcecode.swift; path = Button8View.swift; sourceTree = "<group>"; };
		5B52FDDC26A8893700A025CF /* Button3View.swift */ = {isa = PBXFileReference; fileEncoding = 4; lastKnownFileType = sourcecode.swift; path = Button3View.swift; sourceTree = "<group>"; };
		5B52FDDD26A8893700A025CF /* Button6View.swift */ = {isa = PBXFileReference; fileEncoding = 4; lastKnownFileType = sourcecode.swift; path = Button6View.swift; sourceTree = "<group>"; };
		5B52FDDE26A8893700A025CF /* ButtonMainView.swift */ = {isa = PBXFileReference; fileEncoding = 4; lastKnownFileType = sourcecode.swift; path = ButtonMainView.swift; sourceTree = "<group>"; };
		5B52FDDF26A8893700A025CF /* Button7View.swift */ = {isa = PBXFileReference; fileEncoding = 4; lastKnownFileType = sourcecode.swift; path = Button7View.swift; sourceTree = "<group>"; };
		5B52FDE126A8893700A025CF /* GestureSwiftUIView.swift */ = {isa = PBXFileReference; fileEncoding = 4; lastKnownFileType = sourcecode.swift; path = GestureSwiftUIView.swift; sourceTree = "<group>"; };
		5B52FDE226A8893700A025CF /* GestureMainView.swift */ = {isa = PBXFileReference; fileEncoding = 4; lastKnownFileType = sourcecode.swift; path = GestureMainView.swift; sourceTree = "<group>"; };
		5B52FDE426A8893700A025CF /* GeometryReaderSwiftUIView.swift */ = {isa = PBXFileReference; fileEncoding = 4; lastKnownFileType = sourcecode.swift; path = GeometryReaderSwiftUIView.swift; sourceTree = "<group>"; };
		5B52FDE526A8893700A025CF /* GeometryReader3SwiftUIView.swift */ = {isa = PBXFileReference; fileEncoding = 4; lastKnownFileType = sourcecode.swift; path = GeometryReader3SwiftUIView.swift; sourceTree = "<group>"; };
		5B52FDE626A8893700A025CF /* GemoetryReaderMainView.swift */ = {isa = PBXFileReference; fileEncoding = 4; lastKnownFileType = sourcecode.swift; path = GemoetryReaderMainView.swift; sourceTree = "<group>"; };
		5B52FDE726A8893700A025CF /* GeometryReader2SwiftUIView.swift */ = {isa = PBXFileReference; fileEncoding = 4; lastKnownFileType = sourcecode.swift; path = GeometryReader2SwiftUIView.swift; sourceTree = "<group>"; };
		5B52FDE826A8893700A025CF /* GeometryReader5SwiftUIView.swift */ = {isa = PBXFileReference; fileEncoding = 4; lastKnownFileType = sourcecode.swift; path = GeometryReader5SwiftUIView.swift; sourceTree = "<group>"; };
		5B52FDE926A8893700A025CF /* GeometryReader4SwiftUIView.swift */ = {isa = PBXFileReference; fileEncoding = 4; lastKnownFileType = sourcecode.swift; path = GeometryReader4SwiftUIView.swift; sourceTree = "<group>"; };
		5B52FDEA26A8893700A025CF /* GemoetryReaderShowView.swift */ = {isa = PBXFileReference; fileEncoding = 4; lastKnownFileType = sourcecode.swift; path = GemoetryReaderShowView.swift; sourceTree = "<group>"; };
		5B52FDEC26A8893700A025CF /* ListView.swift */ = {isa = PBXFileReference; fileEncoding = 4; lastKnownFileType = sourcecode.swift; path = ListView.swift; sourceTree = "<group>"; };
		5B52FDED26A8893700A025CF /* ListGroupedView.swift */ = {isa = PBXFileReference; fileEncoding = 4; lastKnownFileType = sourcecode.swift; path = ListGroupedView.swift; sourceTree = "<group>"; };
		5B52FDEE26A8893700A025CF /* ListSwiftUIView.swift */ = {isa = PBXFileReference; fileEncoding = 4; lastKnownFileType = sourcecode.swift; path = ListSwiftUIView.swift; sourceTree = "<group>"; };
		5B52FDEF26A8893700A025CF /* ListShowView.swift */ = {isa = PBXFileReference; fileEncoding = 4; lastKnownFileType = sourcecode.swift; path = ListShowView.swift; sourceTree = "<group>"; };
		5B52FDF026A8893700A025CF /* CustomerView.swift */ = {isa = PBXFileReference; fileEncoding = 4; lastKnownFileType = sourcecode.swift; path = CustomerView.swift; sourceTree = "<group>"; };
		5B52FDF126A8893700A025CF /* ListMainSwiftUIView.swift */ = {isa = PBXFileReference; fileEncoding = 4; lastKnownFileType = sourcecode.swift; path = ListMainSwiftUIView.swift; sourceTree = "<group>"; };
		5B52FDF226A8893700A025CF /* ListWithDataView.swift */ = {isa = PBXFileReference; fileEncoding = 4; lastKnownFileType = sourcecode.swift; path = ListWithDataView.swift; sourceTree = "<group>"; };
		5B52FDF426A8893700A025CF /* Text6View.swift */ = {isa = PBXFileReference; fileEncoding = 4; lastKnownFileType = sourcecode.swift; path = Text6View.swift; sourceTree = "<group>"; };
		5B52FDF526A8893700A025CF /* TextMainView.swift */ = {isa = PBXFileReference; fileEncoding = 4; lastKnownFileType = sourcecode.swift; path = TextMainView.swift; sourceTree = "<group>"; };
		5B52FDF626A8893700A025CF /* Text1View.swift */ = {isa = PBXFileReference; fileEncoding = 4; lastKnownFileType = sourcecode.swift; path = Text1View.swift; sourceTree = "<group>"; };
		5B52FDF726A8893700A025CF /* Text10View.swift */ = {isa = PBXFileReference; fileEncoding = 4; lastKnownFileType = sourcecode.swift; path = Text10View.swift; sourceTree = "<group>"; };
		5B52FDF826A8893700A025CF /* Text7View.swift */ = {isa = PBXFileReference; fileEncoding = 4; lastKnownFileType = sourcecode.swift; path = Text7View.swift; sourceTree = "<group>"; };
		5B52FDF926A8893700A025CF /* Text2View.swift */ = {isa = PBXFileReference; fileEncoding = 4; lastKnownFileType = sourcecode.swift; path = Text2View.swift; sourceTree = "<group>"; };
		5B52FDFA26A8893700A025CF /* TextShowView.swift */ = {isa = PBXFileReference; fileEncoding = 4; lastKnownFileType = sourcecode.swift; path = TextShowView.swift; sourceTree = "<group>"; };
		5B52FDFB26A8893700A025CF /* Text4View.swift */ = {isa = PBXFileReference; fileEncoding = 4; lastKnownFileType = sourcecode.swift; path = Text4View.swift; sourceTree = "<group>"; };
		5B52FDFC26A8893700A025CF /* Text9View.swift */ = {isa = PBXFileReference; fileEncoding = 4; lastKnownFileType = sourcecode.swift; path = Text9View.swift; sourceTree = "<group>"; };
		5B52FDFD26A8893700A025CF /* Text3View.swift */ = {isa = PBXFileReference; fileEncoding = 4; lastKnownFileType = sourcecode.swift; path = Text3View.swift; sourceTree = "<group>"; };
		5B52FDFE26A8893700A025CF /* Text5View.swift */ = {isa = PBXFileReference; fileEncoding = 4; lastKnownFileType = sourcecode.swift; path = Text5View.swift; sourceTree = "<group>"; };
		5B52FDFF26A8893700A025CF /* Text8View.swift */ = {isa = PBXFileReference; fileEncoding = 4; lastKnownFileType = sourcecode.swift; path = Text8View.swift; sourceTree = "<group>"; };
		5B52FE0126A8893700A025CF /* SheetMainView.swift */ = {isa = PBXFileReference; fileEncoding = 4; lastKnownFileType = sourcecode.swift; path = SheetMainView.swift; sourceTree = "<group>"; };
		5B52FE0226A8893700A025CF /* SheetJsonView.swift */ = {isa = PBXFileReference; fileEncoding = 4; lastKnownFileType = sourcecode.swift; path = SheetJsonView.swift; sourceTree = "<group>"; };
		5B52FE0326A8893700A025CF /* SheetShowView.swift */ = {isa = PBXFileReference; fileEncoding = 4; lastKnownFileType = sourcecode.swift; path = SheetShowView.swift; sourceTree = "<group>"; };
		5B52FE0526A8893700A025CF /* ZStack2SwiftUIView.swift */ = {isa = PBXFileReference; fileEncoding = 4; lastKnownFileType = sourcecode.swift; path = ZStack2SwiftUIView.swift; sourceTree = "<group>"; };
		5B52FE0626A8893700A025CF /* ZStackSwiftUIView.swift */ = {isa = PBXFileReference; fileEncoding = 4; lastKnownFileType = sourcecode.swift; path = ZStackSwiftUIView.swift; sourceTree = "<group>"; };
		5B52FE0726A8893700A025CF /* ZStack3View.swift */ = {isa = PBXFileReference; fileEncoding = 4; lastKnownFileType = sourcecode.swift; path = ZStack3View.swift; sourceTree = "<group>"; };
		5B52FE0826A8893700A025CF /* ZStack5SwiftUIView.swift */ = {isa = PBXFileReference; fileEncoding = 4; lastKnownFileType = sourcecode.swift; path = ZStack5SwiftUIView.swift; sourceTree = "<group>"; };
		5B52FE0A26A8893700A025CF /* VStack3SwiftUIView.swift */ = {isa = PBXFileReference; fileEncoding = 4; lastKnownFileType = sourcecode.swift; path = VStack3SwiftUIView.swift; sourceTree = "<group>"; };
		5B52FE0B26A8893700A025CF /* VStackMainView.swift */ = {isa = PBXFileReference; fileEncoding = 4; lastKnownFileType = sourcecode.swift; path = VStackMainView.swift; sourceTree = "<group>"; };
		5B52FE0C26A8893700A025CF /* VStackSwiftUIView.swift */ = {isa = PBXFileReference; fileEncoding = 4; lastKnownFileType = sourcecode.swift; path = VStackSwiftUIView.swift; sourceTree = "<group>"; };
		5B52FE0D26A8893700A025CF /* VStack2SwiftUIView.swift */ = {isa = PBXFileReference; fileEncoding = 4; lastKnownFileType = sourcecode.swift; path = VStack2SwiftUIView.swift; sourceTree = "<group>"; };
		5B52FE0E26A8893700A025CF /* VStack4SwiftUIView.swift */ = {isa = PBXFileReference; fileEncoding = 4; lastKnownFileType = sourcecode.swift; path = VStack4SwiftUIView.swift; sourceTree = "<group>"; };
		5B52FE0F26A8893700A025CF /* VStackShowView.swift */ = {isa = PBXFileReference; fileEncoding = 4; lastKnownFileType = sourcecode.swift; path = VStackShowView.swift; sourceTree = "<group>"; };
		5B52FE1226A8893700A025CF /* Path2.swift */ = {isa = PBXFileReference; fileEncoding = 4; lastKnownFileType = sourcecode.swift; path = Path2.swift; sourceTree = "<group>"; };
		5B52FE1326A8893700A025CF /* PathShowVIew.swift */ = {isa = PBXFileReference; fileEncoding = 4; lastKnownFileType = sourcecode.swift; path = PathShowVIew.swift; sourceTree = "<group>"; };
		5B52FE1426A8893700A025CF /* Path1.swift */ = {isa = PBXFileReference; fileEncoding = 4; lastKnownFileType = sourcecode.swift; path = Path1.swift; sourceTree = "<group>"; };
		5B52FE1826A8893700A025CF /* AnimationSwiftUIView.swift */ = {isa = PBXFileReference; fileEncoding = 4; lastKnownFileType = sourcecode.swift; path = AnimationSwiftUIView.swift; sourceTree = "<group>"; };
		5B52FE1926A8893700A025CF /* AnimationShowView.swift */ = {isa = PBXFileReference; fileEncoding = 4; lastKnownFileType = sourcecode.swift; path = AnimationShowView.swift; sourceTree = "<group>"; };
		5B52FE1A26A8893700A025CF /* PopSwiftUIView.swift */ = {isa = PBXFileReference; fileEncoding = 4; lastKnownFileType = sourcecode.swift; path = PopSwiftUIView.swift; sourceTree = "<group>"; };
		5B52FE1B26A8893700A025CF /* AnimationMainView.swift */ = {isa = PBXFileReference; fileEncoding = 4; lastKnownFileType = sourcecode.swift; path = AnimationMainView.swift; sourceTree = "<group>"; };
		5B52FE1C26A8893700A025CF /* FoldSwiftUIView.swift */ = {isa = PBXFileReference; fileEncoding = 4; lastKnownFileType = sourcecode.swift; path = FoldSwiftUIView.swift; sourceTree = "<group>"; };
		64AF8754FA084D2D1592F24A /* Pods-SwiftUI2.0-Example.release.xcconfig */ = {isa = PBXFileReference; includeInIndex = 1; lastKnownFileType = text.xcconfig; name = "Pods-SwiftUI2.0-Example.release.xcconfig"; path = "Target Support Files/Pods-SwiftUI2.0-Example/Pods-SwiftUI2.0-Example.release.xcconfig"; sourceTree = "<group>"; };
		962C744E0510F98697CA7215 /* Pods-SwiftUI2.0-Example.debug.xcconfig */ = {isa = PBXFileReference; includeInIndex = 1; lastKnownFileType = text.xcconfig; name = "Pods-SwiftUI2.0-Example.debug.xcconfig"; path = "Target Support Files/Pods-SwiftUI2.0-Example/Pods-SwiftUI2.0-Example.debug.xcconfig"; sourceTree = "<group>"; };
/* End PBXFileReference section */

/* Begin PBXFrameworksBuildPhase section */
		5B52FD6326A888C400A025CF /* Frameworks */ = {
			isa = PBXFrameworksBuildPhase;
			buildActionMask = 2147483647;
			files = (
				04DD2CF326C25BA6002ABA40 /* Pods_SwiftUI2_0_Example.framework in Frameworks */,
			);
			runOnlyForDeploymentPostprocessing = 0;
		};
/* End PBXFrameworksBuildPhase section */

/* Begin PBXGroup section */
		044108D026E71605000302F5 /* Change */ = {
			isa = PBXGroup;
			children = (
				044108D126E71605000302F5 /* ChangeShowView.swift */,
				044108D226E71605000302F5 /* ChangeColor.swift */,
				044108D326E71605000302F5 /* Change.swift */,
				044108D726E781E2000302F5 /* ChangeOffset.swift */,
			);
			path = Change;
			sourceTree = "<group>";
		};
		5B52FD5D26A888C400A025CF = {
			isa = PBXGroup;
			children = (
				5B52FD6826A888C400A025CF /* SwiftUI2.0-Example */,
				5B52FD6726A888C400A025CF /* Products */,
				A398204F27E299C008BE23BB /* Pods */,
				B7350960376A15DB0A539748 /* Frameworks */,
			);
			sourceTree = "<group>";
		};
		5B52FD6726A888C400A025CF /* Products */ = {
			isa = PBXGroup;
			children = (
				5B52FD6626A888C400A025CF /* SwiftUI2.0-Example.app */,
			);
			name = Products;
			sourceTree = "<group>";
		};
		5B52FD6826A888C400A025CF /* SwiftUI2.0-Example */ = {
			isa = PBXGroup;
			children = (
				04DD2CEE26C256DE002ABA40 /* SwiftUI2.0-Example.entitlements */,
				5B52FE1026A8893700A025CF /* Animation */,
				5B52FD7826A8893700A025CF /* Classes */,
				5B52FD6926A888C400A025CF /* SwiftUI2_0_ExampleApp.swift */,
				5B52FD6B26A888C400A025CF /* ContentView.swift */,
				5B52FD6D26A888C400A025CF /* Assets.xcassets */,
				5B52FD7226A888C400A025CF /* Info.plist */,
				5B52FD6F26A888C400A025CF /* Preview Content */,
			);
			path = "SwiftUI2.0-Example";
			sourceTree = "<group>";
		};
		5B52FD6F26A888C400A025CF /* Preview Content */ = {
			isa = PBXGroup;
			children = (
				5B52FD7026A888C400A025CF /* Preview Assets.xcassets */,
			);
			path = "Preview Content";
			sourceTree = "<group>";
		};
		5B52FD7826A8893700A025CF /* Classes */ = {
			isa = PBXGroup;
			children = (
				5B52FD7926A8893700A025CF /* ScrollView */,
				5B52FD7E26A8893700A025CF /* NavigationView */,
				5B52FD8126A8893700A025CF /* Form */,
				5B52FD8926A8893700A025CF /* Picker */,
				5B52FD8F26A8893700A025CF /* Bingding */,
				5B52FD9426A8893700A025CF /* Layout */,
				5B52FD9A26A8893700A025CF /* Segment */,
				5B52FDA026A8893700A025CF /* Other */,
				5B52FDA426A8893700A025CF /* Mathematics */,
				5B52FDAB26A8893700A025CF /* TextField */,
				5B52FDB026A8893700A025CF /* Slider */,
				5B52FDB426A8893700A025CF /* AVPlayer */,
				5B52FDB826A8893700A025CF /* Spacer */,
				5B52FDC226A8893700A025CF /* HStack */,
				5B52FDCB26A8893700A025CF /* Map */,
				5B52FDCF26A8893700A025CF /* Json */,
				5B52FDD526A8893700A025CF /* Button */,
				5B52FDE026A8893700A025CF /* Gesture */,
				5B52FDE326A8893700A025CF /* GemoetryReader */,
				5B52FDEB26A8893700A025CF /* List */,
				5B52FDF326A8893700A025CF /* Text */,
				5B52FE0026A8893700A025CF /* Sheet */,
				5B52FE0426A8893700A025CF /* ZStack */,
				5B52FE0926A8893700A025CF /* VStack */,
			);
			path = Classes;
			sourceTree = "<group>";
		};
		5B52FD7926A8893700A025CF /* ScrollView */ = {
			isa = PBXGroup;
			children = (
				5B52FD7A26A8893700A025CF /* ScrollMainView.swift */,
				5B52FD7B26A8893700A025CF /* ScrollView2SwiftUIView.swift */,
				5B52FD7C26A8893700A025CF /* ScrollViewSwiftUIView.swift */,
				5B52FD7D26A8893700A025CF /* ScrollShowView.swift */,
			);
			path = ScrollView;
			sourceTree = "<group>";
		};
		5B52FD7E26A8893700A025CF /* NavigationView */ = {
			isa = PBXGroup;
			children = (
				5B52FD7F26A8893700A025CF /* NavigationSwiftUIView.swift */,
				5B52FD8026A8893700A025CF /* NavigationShowView.swift */,
			);
			path = NavigationView;
			sourceTree = "<group>";
		};
		5B52FD8126A8893700A025CF /* Form */ = {
			isa = PBXGroup;
			children = (
				5B52FD8226A8893700A025CF /* Form1View.swift */,
				5B52FD8326A8893700A025CF /* FormShowView.swift */,
				5B52FD8426A8893700A025CF /* Form3View.swift */,
				5B52FD8526A8893700A025CF /* Form5View.swift */,
				5B52FD8626A8893700A025CF /* FormMainView.swift */,
				5B52FD8726A8893700A025CF /* Form2View.swift */,
				5B52FD8826A8893700A025CF /* Form4View.swift */,
			);
			path = Form;
			sourceTree = "<group>";
		};
		5B52FD8926A8893700A025CF /* Picker */ = {
			isa = PBXGroup;
			children = (
				5B52FD8A26A8893700A025CF /* DatePickerMainView.swift */,
				5B52FD8B26A8893700A025CF /* Picker3View.swift */,
				5B52FD8C26A8893700A025CF /* DatePicker2View.swift */,
				5B52FD8D26A8893700A025CF /* DatePickerView.swift */,
				5B52FD8E26A8893700A025CF /* DatePickerShowView.swift */,
			);
			path = Picker;
			sourceTree = "<group>";
		};
		5B52FD8F26A8893700A025CF /* Bingding */ = {
			isa = PBXGroup;
			children = (
				5B52FD9026A8893700A025CF /* BingdingView1.swift */,
				5B52FD9126A8893700A025CF /* BingdingShowView.swift */,
				5B52FD9226A8893700A025CF /* BingdingView2.swift */,
				5B52FD9326A8893700A025CF /* BingdingMainView.swift */,
			);
			path = Bingding;
			sourceTree = "<group>";
		};
		5B52FD9426A8893700A025CF /* Layout */ = {
			isa = PBXGroup;
			children = (
				5B52FD9526A8893700A025CF /* LayoutShowView.swift */,
				5B52FD9626A8893700A025CF /* Layout2SwiftUIView.swift */,
				5B52FD9726A8893700A025CF /* LayoutMainView.swift */,
				5B52FD9826A8893700A025CF /* LayoutSwiftUIView.swift */,
				5B52FD9926A8893700A025CF /* Layout3View.swift */,
			);
			path = Layout;
			sourceTree = "<group>";
		};
		5B52FD9A26A8893700A025CF /* Segment */ = {
			isa = PBXGroup;
			children = (
				5B52FD9B26A8893700A025CF /* Segmented1View.swift */,
				5B52FD9C26A8893700A025CF /* SegmentedMainView.swift */,
				5B52FD9D26A8893700A025CF /* Segmented3View.swift */,
				5B52FD9E26A8893700A025CF /* SegmentedShowView.swift */,
				5B52FD9F26A8893700A025CF /* Segmented2View.swift */,
			);
			path = Segment;
			sourceTree = "<group>";
		};
		5B52FDA026A8893700A025CF /* Other */ = {
			isa = PBXGroup;
			children = (
				5B52FDA126A8893700A025CF /* Conmmon.swift */,
				5B52FDA226A8893700A025CF /* Neworkingimage.swift */,
				5B52FDA326A8893700A025CF /* Color+Extension.swift */,
			);
			path = Other;
			sourceTree = "<group>";
		};
		5B52FDA426A8893700A025CF /* Mathematics */ = {
			isa = PBXGroup;
			children = (
				5B52FDA526A8893700A025CF /* MathMainView.swift */,
				5B52FDA626A8893700A025CF /* LineGraphSwiftUIView.swift */,
				5B52FDA726A8893700A025CF /* FanshapedSwiftUIView.swift */,
				5B52FDA826A8893700A025CF /* MathShowView.swift */,
				5B52FDA926A8893700A025CF /* RectangleSwiftUIView.swift */,
				5B52FDAA26A8893700A025CF /* Chart SwiftUIView.swift */,
			);
			path = Mathematics;
			sourceTree = "<group>";
		};
		5B52FDAB26A8893700A025CF /* TextField */ = {
			isa = PBXGroup;
			children = (
				5B52FDAC26A8893700A025CF /* TextField2View.swift */,
				5B52FDAD26A8893700A025CF /* TextFieldShowView.swift */,
				5B52FDAE26A8893700A025CF /* TextFieldSwiftUIView.swift */,
				5B52FDAF26A8893700A025CF /* TextFieldMainView.swift */,
			);
			path = TextField;
			sourceTree = "<group>";
		};
		5B52FDB026A8893700A025CF /* Slider */ = {
			isa = PBXGroup;
			children = (
				5B52FDB126A8893700A025CF /* SliderShowView.swift */,
				5B52FDB226A8893700A025CF /* SliderMainView.swift */,
				5B52FDB326A8893700A025CF /* Slider1View.swift */,
			);
			path = Slider;
			sourceTree = "<group>";
		};
		5B52FDB426A8893700A025CF /* AVPlayer */ = {
			isa = PBXGroup;
			children = (
				5B52FDB526A8893700A025CF /* AVPlayerShowView.swift */,
				5B52FDB626A8893700A025CF /* AVPlayerView1.swift */,
				5B52FDB726A8893700A025CF /* AVPlayerMainView.swift */,
			);
			path = AVPlayer;
			sourceTree = "<group>";
		};
		5B52FDB826A8893700A025CF /* Spacer */ = {
			isa = PBXGroup;
			children = (
				5B52FDB926A8893700A025CF /* SpaceMainView.swift */,
				5B52FDBA26A8893700A025CF /* SpacerSwiftUIView.swift */,
				5B52FDBB26A8893700A025CF /* Spacer4SwiftUIView.swift */,
				5B52FDBC26A8893700A025CF /* SpacerExampleView.swift */,
				5B52FDBD26A8893700A025CF /* Spacer3SwiftUIView.swift */,
				5B52FDBE26A8893700A025CF /* ShapesView.swift */,
				5B52FDBF26A8893700A025CF /* SpaceShowView.swift */,
				5B52FDC026A8893700A025CF /* Spacer2SwiftUIView.swift */,
				5B52FDC126A8893700A025CF /* FameModifierView.swift */,
			);
			path = Spacer;
			sourceTree = "<group>";
		};
		5B52FDC226A8893700A025CF /* HStack */ = {
			isa = PBXGroup;
			children = (
				5B52FDC326A8893700A025CF /* HStack5SwiftUIView.swift */,
				5B52FDC426A8893700A025CF /* HStack4SwiftUIView.swift */,
				5B52FDC526A8893700A025CF /* HStack7View.swift */,
				5B52FDC626A8893700A025CF /* HStack3SwiftUIView.swift */,
				5B52FDC726A8893700A025CF /* HStackSwiftUIView.swift */,
				5B52FDC826A8893700A025CF /* HStack2SwiftUIView.swift */,
				5B52FDC926A8893700A025CF /* LazyHGridView.swift */,
				5B52FDCA26A8893700A025CF /* HStack6SwiftUIView.swift */,
			);
			path = HStack;
			sourceTree = "<group>";
		};
		5B52FDCB26A8893700A025CF /* Map */ = {
			isa = PBXGroup;
			children = (
				5B52FDCC26A8893700A025CF /* MapMainView.swift */,
				5B52FDCD26A8893700A025CF /* Map1View.swift */,
				5B52FDCE26A8893700A025CF /* MapShowView.swift */,
			);
			path = Map;
			sourceTree = "<group>";
		};
		5B52FDCF26A8893700A025CF /* Json */ = {
			isa = PBXGroup;
			children = (
				5B52FDD026A8893700A025CF /* JsonShowView.swift */,
				5B52FDD126A8893700A025CF /* JsonSwiftUIView.swift */,
				5B52FDD226A8893700A025CF /* Json2SwiftUIView.swift */,
				5B52FDD326A8893700A025CF /* JsonMainView.swift */,
				5B52FDD426A8893700A025CF /* Json3SwiftUIView.swift */,
			);
			path = Json;
			sourceTree = "<group>";
		};
		5B52FDD526A8893700A025CF /* Button */ = {
			isa = PBXGroup;
			children = (
				5B52FDD626A8893700A025CF /* ButtonSwiftUIView.swift */,
				5B52FDD726A8893700A025CF /* Button4View.swift */,
				5B52FDD826A8893700A025CF /* ButtonShowView.swift */,
				5B52FDD926A8893700A025CF /* Button2View.swift */,
				5B52FDDA26A8893700A025CF /* Button5View.swift */,
				5B52FDDB26A8893700A025CF /* Button8View.swift */,
				5B52FDDC26A8893700A025CF /* Button3View.swift */,
				5B52FDDD26A8893700A025CF /* Button6View.swift */,
				5B52FDDE26A8893700A025CF /* ButtonMainView.swift */,
				5B52FDDF26A8893700A025CF /* Button7View.swift */,
				04DD2CF026C25762002ABA40 /* Button9View.swift */,
			);
			path = Button;
			sourceTree = "<group>";
		};
		5B52FDE026A8893700A025CF /* Gesture */ = {
			isa = PBXGroup;
			children = (
				5B52FDE126A8893700A025CF /* GestureSwiftUIView.swift */,
				5B52FDE226A8893700A025CF /* GestureMainView.swift */,
			);
			path = Gesture;
			sourceTree = "<group>";
		};
		5B52FDE326A8893700A025CF /* GemoetryReader */ = {
			isa = PBXGroup;
			children = (
				5B52FDE426A8893700A025CF /* GeometryReaderSwiftUIView.swift */,
				5B52FDE526A8893700A025CF /* GeometryReader3SwiftUIView.swift */,
				5B52FDE626A8893700A025CF /* GemoetryReaderMainView.swift */,
				5B52FDE726A8893700A025CF /* GeometryReader2SwiftUIView.swift */,
				5B52FDE826A8893700A025CF /* GeometryReader5SwiftUIView.swift */,
				5B52FDE926A8893700A025CF /* GeometryReader4SwiftUIView.swift */,
				5B52FDEA26A8893700A025CF /* GemoetryReaderShowView.swift */,
			);
			path = GemoetryReader;
			sourceTree = "<group>";
		};
		5B52FDEB26A8893700A025CF /* List */ = {
			isa = PBXGroup;
			children = (
				5B52FDEC26A8893700A025CF /* ListView.swift */,
				5B52FDED26A8893700A025CF /* ListGroupedView.swift */,
				5B52FDEE26A8893700A025CF /* ListSwiftUIView.swift */,
				5B52FDEF26A8893700A025CF /* ListShowView.swift */,
				5B52FDF026A8893700A025CF /* CustomerView.swift */,
				5B52FDF126A8893700A025CF /* ListMainSwiftUIView.swift */,
				5B52FDF226A8893700A025CF /* ListWithDataView.swift */,
			);
			path = List;
			sourceTree = "<group>";
		};
		5B52FDF326A8893700A025CF /* Text */ = {
			isa = PBXGroup;
			children = (
				5B52FDF426A8893700A025CF /* Text6View.swift */,
				5B52FDF526A8893700A025CF /* TextMainView.swift */,
				5B52FDF626A8893700A025CF /* Text1View.swift */,
				5B52FDF726A8893700A025CF /* Text10View.swift */,
				5B52FDF826A8893700A025CF /* Text7View.swift */,
				5B52FDF926A8893700A025CF /* Text2View.swift */,
				5B52FDFA26A8893700A025CF /* TextShowView.swift */,
				5B52FDFB26A8893700A025CF /* Text4View.swift */,
				5B52FDFC26A8893700A025CF /* Text9View.swift */,
				5B52FDFD26A8893700A025CF /* Text3View.swift */,
				5B52FDFE26A8893700A025CF /* Text5View.swift */,
				5B52FDFF26A8893700A025CF /* Text8View.swift */,
			);
			path = Text;
			sourceTree = "<group>";
		};
		5B52FE0026A8893700A025CF /* Sheet */ = {
			isa = PBXGroup;
			children = (
				5B52FE0126A8893700A025CF /* SheetMainView.swift */,
				5B52FE0226A8893700A025CF /* SheetJsonView.swift */,
				5B52FE0326A8893700A025CF /* SheetShowView.swift */,
			);
			path = Sheet;
			sourceTree = "<group>";
		};
		5B52FE0426A8893700A025CF /* ZStack */ = {
			isa = PBXGroup;
			children = (
				5B52FE0526A8893700A025CF /* ZStack2SwiftUIView.swift */,
				5B52FE0626A8893700A025CF /* ZStackSwiftUIView.swift */,
				5B52FE0726A8893700A025CF /* ZStack3View.swift */,
				5B52FE0826A8893700A025CF /* ZStack5SwiftUIView.swift */,
			);
			path = ZStack;
			sourceTree = "<group>";
		};
		5B52FE0926A8893700A025CF /* VStack */ = {
			isa = PBXGroup;
			children = (
				5B52FE0A26A8893700A025CF /* VStack3SwiftUIView.swift */,
				5B52FE0B26A8893700A025CF /* VStackMainView.swift */,
				5B52FE0C26A8893700A025CF /* VStackSwiftUIView.swift */,
				5B52FE0D26A8893700A025CF /* VStack2SwiftUIView.swift */,
				5B52FE0E26A8893700A025CF /* VStack4SwiftUIView.swift */,
				5B52FE0F26A8893700A025CF /* VStackShowView.swift */,
			);
			path = VStack;
			sourceTree = "<group>";
		};
		5B52FE1026A8893700A025CF /* Animation */ = {
			isa = PBXGroup;
			children = (
				044108D026E71605000302F5 /* Change */,
				5B52FE1126A8893700A025CF /* Path */,
				5B52FE1726A8893700A025CF /* Other */,
			);
			path = Animation;
			sourceTree = "<group>";
		};
		5B52FE1126A8893700A025CF /* Path */ = {
			isa = PBXGroup;
			children = (
				5B52FE1226A8893700A025CF /* Path2.swift */,
				5B52FE1326A8893700A025CF /* PathShowVIew.swift */,
				5B52FE1426A8893700A025CF /* Path1.swift */,
			);
			path = Path;
			sourceTree = "<group>";
		};
		5B52FE1726A8893700A025CF /* Other */ = {
			isa = PBXGroup;
			children = (
				5B52FE1826A8893700A025CF /* AnimationSwiftUIView.swift */,
				5B52FE1926A8893700A025CF /* AnimationShowView.swift */,
				5B52FE1A26A8893700A025CF /* PopSwiftUIView.swift */,
				5B52FE1B26A8893700A025CF /* AnimationMainView.swift */,
				5B52FE1C26A8893700A025CF /* FoldSwiftUIView.swift */,
			);
			path = Other;
			sourceTree = "<group>";
		};
		A398204F27E299C008BE23BB /* Pods */ = {
			isa = PBXGroup;
			children = (
				962C744E0510F98697CA7215 /* Pods-SwiftUI2.0-Example.debug.xcconfig */,
				64AF8754FA084D2D1592F24A /* Pods-SwiftUI2.0-Example.release.xcconfig */,
			);
			path = Pods;
			sourceTree = "<group>";
		};
		B7350960376A15DB0A539748 /* Frameworks */ = {
			isa = PBXGroup;
			children = (
				4BD4243E4111E6D804628F8C /* Pods_SwiftUI2_0_Example.framework */,
			);
			name = Frameworks;
			sourceTree = "<group>";
		};
/* End PBXGroup section */

/* Begin PBXNativeTarget section */
		5B52FD6526A888C400A025CF /* SwiftUI2.0-Example */ = {
			isa = PBXNativeTarget;
			buildConfigurationList = 5B52FD7526A888C400A025CF /* Build configuration list for PBXNativeTarget "SwiftUI2.0-Example" */;
			buildPhases = (
				83D7269407A5C186B8046CC8 /* [CP] Check Pods Manifest.lock */,
				5B52FD6226A888C400A025CF /* Sources */,
				5B52FD6326A888C400A025CF /* Frameworks */,
				5B52FD6426A888C400A025CF /* Resources */,
				04DD2CF526C25BA6002ABA40 /* Embed Frameworks */,
				024E8529A81FC6BBBC7A3D86 /* [CP] Embed Pods Frameworks */,
			);
			buildRules = (
			);
			dependencies = (
			);
			name = "SwiftUI2.0-Example";
			productName = "SwiftUI2.0-Example";
			productReference = 5B52FD6626A888C400A025CF /* SwiftUI2.0-Example.app */;
			productType = "com.apple.product-type.application";
		};
/* End PBXNativeTarget section */

/* Begin PBXProject section */
		5B52FD5E26A888C400A025CF /* Project object */ = {
			isa = PBXProject;
			attributes = {
				LastSwiftUpdateCheck = 1250;
				LastUpgradeCheck = 1250;
				TargetAttributes = {
					5B52FD6526A888C400A025CF = {
						CreatedOnToolsVersion = 12.5.1;
					};
				};
			};
			buildConfigurationList = 5B52FD6126A888C400A025CF /* Build configuration list for PBXProject "SwiftUI2.0-Example" */;
			compatibilityVersion = "Xcode 9.3";
			developmentRegion = en;
			hasScannedForEncodings = 0;
			knownRegions = (
				en,
				Base,
			);
			mainGroup = 5B52FD5D26A888C400A025CF;
			productRefGroup = 5B52FD6726A888C400A025CF /* Products */;
			projectDirPath = "";
			projectRoot = "";
			targets = (
				5B52FD6526A888C400A025CF /* SwiftUI2.0-Example */,
			);
		};
/* End PBXProject section */

/* Begin PBXResourcesBuildPhase section */
		5B52FD6426A888C400A025CF /* Resources */ = {
			isa = PBXResourcesBuildPhase;
			buildActionMask = 2147483647;
			files = (
				5B52FD7126A888C400A025CF /* Preview Assets.xcassets in Resources */,
				5B52FD6E26A888C400A025CF /* Assets.xcassets in Resources */,
			);
			runOnlyForDeploymentPostprocessing = 0;
		};
/* End PBXResourcesBuildPhase section */

/* Begin PBXShellScriptBuildPhase section */
		024E8529A81FC6BBBC7A3D86 /* [CP] Embed Pods Frameworks */ = {
			isa = PBXShellScriptBuildPhase;
			buildActionMask = 2147483647;
			files = (
			);
			inputFileListPaths = (
				"${PODS_ROOT}/Target Support Files/Pods-SwiftUI2.0-Example/Pods-SwiftUI2.0-Example-frameworks-${CONFIGURATION}-input-files.xcfilelist",
			);
			name = "[CP] Embed Pods Frameworks";
			outputFileListPaths = (
				"${PODS_ROOT}/Target Support Files/Pods-SwiftUI2.0-Example/Pods-SwiftUI2.0-Example-frameworks-${CONFIGURATION}-output-files.xcfilelist",
			);
			runOnlyForDeploymentPostprocessing = 0;
			shellPath = /bin/sh;
			shellScript = "\"${PODS_ROOT}/Target Support Files/Pods-SwiftUI2.0-Example/Pods-SwiftUI2.0-Example-frameworks.sh\"\n";
			showEnvVarsInLog = 0;
		};
		83D7269407A5C186B8046CC8 /* [CP] Check Pods Manifest.lock */ = {
			isa = PBXShellScriptBuildPhase;
			buildActionMask = 2147483647;
			files = (
			);
			inputFileListPaths = (
			);
			inputPaths = (
				"${PODS_PODFILE_DIR_PATH}/Podfile.lock",
				"${PODS_ROOT}/Manifest.lock",
			);
			name = "[CP] Check Pods Manifest.lock";
			outputFileListPaths = (
			);
			outputPaths = (
				"$(DERIVED_FILE_DIR)/Pods-SwiftUI2.0-Example-checkManifestLockResult.txt",
			);
			runOnlyForDeploymentPostprocessing = 0;
			shellPath = /bin/sh;
			shellScript = "diff \"${PODS_PODFILE_DIR_PATH}/Podfile.lock\" \"${PODS_ROOT}/Manifest.lock\" > /dev/null\nif [ $? != 0 ] ; then\n    # print error to STDERR\n    echo \"error: The sandbox is not in sync with the Podfile.lock. Run 'pod install' or update your CocoaPods installation.\" >&2\n    exit 1\nfi\n# This output is used by Xcode 'outputs' to avoid re-running this script phase.\necho \"SUCCESS\" > \"${SCRIPT_OUTPUT_FILE_0}\"\n";
			showEnvVarsInLog = 0;
		};
/* End PBXShellScriptBuildPhase section */

/* Begin PBXSourcesBuildPhase section */
		5B52FD6226A888C400A025CF /* Sources */ = {
			isa = PBXSourcesBuildPhase;
			buildActionMask = 2147483647;
			files = (
				5B52FE4F26A8893700A025CF /* AVPlayerMainView.swift in Sources */,
				5B52FE6726A8893700A025CF /* JsonMainView.swift in Sources */,
				044108D626E71606000302F5 /* Change.swift in Sources */,
				5B52FE8026A8893700A025CF /* CustomerView.swift in Sources */,
				5B52FE1D26A8893700A025CF /* ScrollMainView.swift in Sources */,
				5B52FE4526A8893700A025CF /* Chart SwiftUIView.swift in Sources */,
				5B52FE7526A8893700A025CF /* GeometryReaderSwiftUIView.swift in Sources */,
				5B52FEA126A8893800A025CF /* AnimationSwiftUIView.swift in Sources */,
				5B52FE9426A8893700A025CF /* ZStack3View.swift in Sources */,
				5B52FE6426A8893700A025CF /* JsonShowView.swift in Sources */,
				5B52FE7026A8893700A025CF /* Button6View.swift in Sources */,
				5B52FE8626A8893700A025CF /* Text10View.swift in Sources */,
				5B52FE5226A8893700A025CF /* Spacer4SwiftUIView.swift in Sources */,
				5B52FE7A26A8893700A025CF /* GeometryReader4SwiftUIView.swift in Sources */,
				5B52FE9826A8893800A025CF /* VStackSwiftUIView.swift in Sources */,
				5B52FE2926A8893700A025CF /* Form4View.swift in Sources */,
				5B52FE7C26A8893700A025CF /* ListView.swift in Sources */,
				5B52FE8526A8893700A025CF /* Text1View.swift in Sources */,
				5B52FE9126A8893700A025CF /* SheetShowView.swift in Sources */,
				5B52FE5E26A8893700A025CF /* HStack2SwiftUIView.swift in Sources */,
				5B52FE3326A8893700A025CF /* LayoutShowView.swift in Sources */,
				5B52FE8426A8893700A025CF /* TextMainView.swift in Sources */,
				5B52FE8C26A8893700A025CF /* Text3View.swift in Sources */,
				5B52FE1E26A8893700A025CF /* ScrollView2SwiftUIView.swift in Sources */,
				5B52FE3C26A8893700A025CF /* Segmented2View.swift in Sources */,
				5B52FEA426A8893800A025CF /* AnimationMainView.swift in Sources */,
				5B52FE5426A8893700A025CF /* Spacer3SwiftUIView.swift in Sources */,
				5B52FE4226A8893700A025CF /* FanshapedSwiftUIView.swift in Sources */,
				044108D826E781E2000302F5 /* ChangeOffset.swift in Sources */,
				5B52FE8E26A8893700A025CF /* Text8View.swift in Sources */,
				5B52FE3726A8893700A025CF /* Layout3View.swift in Sources */,
				5B52FE6526A8893700A025CF /* JsonSwiftUIView.swift in Sources */,
				5B52FE7926A8893700A025CF /* GeometryReader5SwiftUIView.swift in Sources */,
				5B52FEA226A8893800A025CF /* AnimationShowView.swift in Sources */,
				5B52FE7126A8893700A025CF /* ButtonMainView.swift in Sources */,
				5B52FE6E26A8893700A025CF /* Button8View.swift in Sources */,
				5B52FE7326A8893700A025CF /* GestureSwiftUIView.swift in Sources */,
				5B52FE3226A8893700A025CF /* BingdingMainView.swift in Sources */,
				5B52FE8326A8893700A025CF /* Text6View.swift in Sources */,
				5B52FEA526A8893800A025CF /* FoldSwiftUIView.swift in Sources */,
				5B52FE4C26A8893700A025CF /* Slider1View.swift in Sources */,
				5B52FE6126A8893700A025CF /* MapMainView.swift in Sources */,
				5B52FE2E26A8893700A025CF /* DatePickerShowView.swift in Sources */,
				5B52FE6C26A8893700A025CF /* Button2View.swift in Sources */,
				5B52FE5626A8893700A025CF /* SpaceShowView.swift in Sources */,
				5B52FE8226A8893700A025CF /* ListWithDataView.swift in Sources */,
				5B52FE2626A8893700A025CF /* Form5View.swift in Sources */,
				5B52FE9026A8893700A025CF /* SheetJsonView.swift in Sources */,
				5B52FE5726A8893700A025CF /* Spacer2SwiftUIView.swift in Sources */,
				5B52FE9C26A8893800A025CF /* Path2.swift in Sources */,
				5B52FE6226A8893700A025CF /* Map1View.swift in Sources */,
				5B52FE4326A8893700A025CF /* MathShowView.swift in Sources */,
				5B52FE4926A8893700A025CF /* TextFieldMainView.swift in Sources */,
				5B52FE2F26A8893700A025CF /* BingdingView1.swift in Sources */,
				5B52FE4A26A8893700A025CF /* SliderShowView.swift in Sources */,
				5B52FE2826A8893700A025CF /* Form2View.swift in Sources */,
				5B52FE2026A8893700A025CF /* ScrollShowView.swift in Sources */,
				5B52FE4D26A8893700A025CF /* AVPlayerShowView.swift in Sources */,
				5B52FE7226A8893700A025CF /* Button7View.swift in Sources */,
				5B52FE8A26A8893700A025CF /* Text4View.swift in Sources */,
				5B52FE7B26A8893700A025CF /* GemoetryReaderShowView.swift in Sources */,
				5B52FE9326A8893700A025CF /* ZStackSwiftUIView.swift in Sources */,
				5B52FE5926A8893700A025CF /* HStack5SwiftUIView.swift in Sources */,
				5B52FE5026A8893700A025CF /* SpaceMainView.swift in Sources */,
				5B52FE9A26A8893800A025CF /* VStack4SwiftUIView.swift in Sources */,
				5B52FE6626A8893700A025CF /* Json2SwiftUIView.swift in Sources */,
				5B52FE3B26A8893700A025CF /* SegmentedShowView.swift in Sources */,
				5B52FE3826A8893700A025CF /* Segmented1View.swift in Sources */,
				5B52FE3F26A8893700A025CF /* Color+Extension.swift in Sources */,
				5B52FE2426A8893700A025CF /* FormShowView.swift in Sources */,
				5B52FE6026A8893700A025CF /* HStack6SwiftUIView.swift in Sources */,
				5B52FE3526A8893700A025CF /* LayoutMainView.swift in Sources */,
				5B52FE6A26A8893700A025CF /* Button4View.swift in Sources */,
				5B52FE2126A8893700A025CF /* NavigationSwiftUIView.swift in Sources */,
				5B52FE6D26A8893700A025CF /* Button5View.swift in Sources */,
				5B52FE6826A8893700A025CF /* Json3SwiftUIView.swift in Sources */,
				5B52FE4626A8893700A025CF /* TextField2View.swift in Sources */,
				5B52FE2D26A8893700A025CF /* DatePickerView.swift in Sources */,
				5B52FE5126A8893700A025CF /* SpacerSwiftUIView.swift in Sources */,
				5B52FE4026A8893700A025CF /* MathMainView.swift in Sources */,
				5B52FEA326A8893800A025CF /* PopSwiftUIView.swift in Sources */,
				5B52FE7726A8893700A025CF /* GemoetryReaderMainView.swift in Sources */,
				5B52FD6C26A888C400A025CF /* ContentView.swift in Sources */,
				5B52FE7826A8893700A025CF /* GeometryReader2SwiftUIView.swift in Sources */,
				5B52FE2726A8893700A025CF /* FormMainView.swift in Sources */,
				5B52FE9526A8893700A025CF /* ZStack5SwiftUIView.swift in Sources */,
				5B52FE5D26A8893700A025CF /* HStackSwiftUIView.swift in Sources */,
				5B52FE9E26A8893800A025CF /* Path1.swift in Sources */,
				5B52FE9726A8893800A025CF /* VStackMainView.swift in Sources */,
				5B52FD6A26A888C400A025CF /* SwiftUI2_0_ExampleApp.swift in Sources */,
				5B52FE5326A8893700A025CF /* SpacerExampleView.swift in Sources */,
				5B52FE3926A8893700A025CF /* SegmentedMainView.swift in Sources */,
				5B52FE7D26A8893700A025CF /* ListGroupedView.swift in Sources */,
				044108D426E71605000302F5 /* ChangeShowView.swift in Sources */,
				5B52FE3E26A8893700A025CF /* Neworkingimage.swift in Sources */,
				5B52FE5C26A8893700A025CF /* HStack3SwiftUIView.swift in Sources */,
				5B52FE3D26A8893700A025CF /* Conmmon.swift in Sources */,
				5B52FE5A26A8893700A025CF /* HStack4SwiftUIView.swift in Sources */,
				5B52FE7426A8893700A025CF /* GestureMainView.swift in Sources */,
				5B52FE6F26A8893700A025CF /* Button3View.swift in Sources */,
				5B52FE2526A8893700A025CF /* Form3View.swift in Sources */,
				5B52FE8926A8893700A025CF /* TextShowView.swift in Sources */,
				5B52FE6B26A8893700A025CF /* ButtonShowView.swift in Sources */,
				5B52FE7F26A8893700A025CF /* ListShowView.swift in Sources */,
				5B52FE1F26A8893700A025CF /* ScrollViewSwiftUIView.swift in Sources */,
				5B52FE2226A8893700A025CF /* NavigationShowView.swift in Sources */,
				5B52FE3126A8893700A025CF /* BingdingView2.swift in Sources */,
				5B52FE4826A8893700A025CF /* TextFieldSwiftUIView.swift in Sources */,
				5B52FE3026A8893700A025CF /* BingdingShowView.swift in Sources */,
				5B52FE9626A8893700A025CF /* VStack3SwiftUIView.swift in Sources */,
				04DD2CF126C25762002ABA40 /* Button9View.swift in Sources */,
				5B52FE4726A8893700A025CF /* TextFieldShowView.swift in Sources */,
				5B52FE7626A8893700A025CF /* GeometryReader3SwiftUIView.swift in Sources */,
				5B52FE9D26A8893800A025CF /* PathShowVIew.swift in Sources */,
				5B52FE8126A8893700A025CF /* ListMainSwiftUIView.swift in Sources */,
				5B52FE6326A8893700A025CF /* MapShowView.swift in Sources */,
				5B52FE8D26A8893700A025CF /* Text5View.swift in Sources */,
				5B52FE6926A8893700A025CF /* ButtonSwiftUIView.swift in Sources */,
				5B52FE9226A8893700A025CF /* ZStack2SwiftUIView.swift in Sources */,
				5B52FE5F26A8893700A025CF /* LazyHGridView.swift in Sources */,
				5B52FE3A26A8893700A025CF /* Segmented3View.swift in Sources */,
				5B52FE2B26A8893700A025CF /* Picker3View.swift in Sources */,
				5B52FE2C26A8893700A025CF /* DatePicker2View.swift in Sources */,
				5B52FE2326A8893700A025CF /* Form1View.swift in Sources */,
				5B52FE8F26A8893700A025CF /* SheetMainView.swift in Sources */,
				5B52FE8B26A8893700A025CF /* Text9View.swift in Sources */,
				5B52FE4B26A8893700A025CF /* SliderMainView.swift in Sources */,
				044108D526E71605000302F5 /* ChangeColor.swift in Sources */,
				5B52FE5B26A8893700A025CF /* HStack7View.swift in Sources */,
				5B52FE8726A8893700A025CF /* Text7View.swift in Sources */,
				5B52FE5826A8893700A025CF /* FameModifierView.swift in Sources */,
				5B52FE4E26A8893700A025CF /* AVPlayerView1.swift in Sources */,
				5B52FE8826A8893700A025CF /* Text2View.swift in Sources */,
				5B52FE5526A8893700A025CF /* ShapesView.swift in Sources */,
				5B52FE7E26A8893700A025CF /* ListSwiftUIView.swift in Sources */,
				5B52FE2A26A8893700A025CF /* DatePickerMainView.swift in Sources */,
				5B52FE3626A8893700A025CF /* LayoutSwiftUIView.swift in Sources */,
				5B52FE4126A8893700A025CF /* LineGraphSwiftUIView.swift in Sources */,
				5B52FE4426A8893700A025CF /* RectangleSwiftUIView.swift in Sources */,
				5B52FE9B26A8893800A025CF /* VStackShowView.swift in Sources */,
				5B52FE9926A8893800A025CF /* VStack2SwiftUIView.swift in Sources */,
				5B52FE3426A8893700A025CF /* Layout2SwiftUIView.swift in Sources */,
			);
			runOnlyForDeploymentPostprocessing = 0;
		};
/* End PBXSourcesBuildPhase section */

/* Begin XCBuildConfiguration section */
		5B52FD7326A888C400A025CF /* Debug */ = {
			isa = XCBuildConfiguration;
			buildSettings = {
				ALWAYS_SEARCH_USER_PATHS = NO;
				CLANG_ANALYZER_NONNULL = YES;
				CLANG_ANALYZER_NUMBER_OBJECT_CONVERSION = YES_AGGRESSIVE;
				CLANG_CXX_LANGUAGE_STANDARD = "gnu++14";
				CLANG_CXX_LIBRARY = "libc++";
				CLANG_ENABLE_MODULES = YES;
				CLANG_ENABLE_OBJC_ARC = YES;
				CLANG_ENABLE_OBJC_WEAK = YES;
				CLANG_WARN_BLOCK_CAPTURE_AUTORELEASING = YES;
				CLANG_WARN_BOOL_CONVERSION = YES;
				CLANG_WARN_COMMA = YES;
				CLANG_WARN_CONSTANT_CONVERSION = YES;
				CLANG_WARN_DEPRECATED_OBJC_IMPLEMENTATIONS = YES;
				CLANG_WARN_DIRECT_OBJC_ISA_USAGE = YES_ERROR;
				CLANG_WARN_DOCUMENTATION_COMMENTS = YES;
				CLANG_WARN_EMPTY_BODY = YES;
				CLANG_WARN_ENUM_CONVERSION = YES;
				CLANG_WARN_INFINITE_RECURSION = YES;
				CLANG_WARN_INT_CONVERSION = YES;
				CLANG_WARN_NON_LITERAL_NULL_CONVERSION = YES;
				CLANG_WARN_OBJC_IMPLICIT_RETAIN_SELF = YES;
				CLANG_WARN_OBJC_LITERAL_CONVERSION = YES;
				CLANG_WARN_OBJC_ROOT_CLASS = YES_ERROR;
				CLANG_WARN_QUOTED_INCLUDE_IN_FRAMEWORK_HEADER = YES;
				CLANG_WARN_RANGE_LOOP_ANALYSIS = YES;
				CLANG_WARN_STRICT_PROTOTYPES = YES;
				CLANG_WARN_SUSPICIOUS_MOVE = YES;
				CLANG_WARN_UNGUARDED_AVAILABILITY = YES_AGGRESSIVE;
				CLANG_WARN_UNREACHABLE_CODE = YES;
				CLANG_WARN__DUPLICATE_METHOD_MATCH = YES;
				COPY_PHASE_STRIP = NO;
				DEBUG_INFORMATION_FORMAT = dwarf;
				ENABLE_STRICT_OBJC_MSGSEND = YES;
				ENABLE_TESTABILITY = YES;
				GCC_C_LANGUAGE_STANDARD = gnu11;
				GCC_DYNAMIC_NO_PIC = NO;
				GCC_NO_COMMON_BLOCKS = YES;
				GCC_OPTIMIZATION_LEVEL = 0;
				GCC_PREPROCESSOR_DEFINITIONS = (
					"DEBUG=1",
					"$(inherited)",
				);
				GCC_WARN_64_TO_32_BIT_CONVERSION = YES;
				GCC_WARN_ABOUT_RETURN_TYPE = YES_ERROR;
				GCC_WARN_UNDECLARED_SELECTOR = YES;
				GCC_WARN_UNINITIALIZED_AUTOS = YES_AGGRESSIVE;
				GCC_WARN_UNUSED_FUNCTION = YES;
				GCC_WARN_UNUSED_VARIABLE = YES;
				IPHONEOS_DEPLOYMENT_TARGET = 14.5;
				MTL_ENABLE_DEBUG_INFO = INCLUDE_SOURCE;
				MTL_FAST_MATH = YES;
				ONLY_ACTIVE_ARCH = YES;
				SDKROOT = iphoneos;
				SWIFT_ACTIVE_COMPILATION_CONDITIONS = DEBUG;
				SWIFT_OPTIMIZATION_LEVEL = "-Onone";
			};
			name = Debug;
		};
		5B52FD7426A888C400A025CF /* Release */ = {
			isa = XCBuildConfiguration;
			buildSettings = {
				ALWAYS_SEARCH_USER_PATHS = NO;
				CLANG_ANALYZER_NONNULL = YES;
				CLANG_ANALYZER_NUMBER_OBJECT_CONVERSION = YES_AGGRESSIVE;
				CLANG_CXX_LANGUAGE_STANDARD = "gnu++14";
				CLANG_CXX_LIBRARY = "libc++";
				CLANG_ENABLE_MODULES = YES;
				CLANG_ENABLE_OBJC_ARC = YES;
				CLANG_ENABLE_OBJC_WEAK = YES;
				CLANG_WARN_BLOCK_CAPTURE_AUTORELEASING = YES;
				CLANG_WARN_BOOL_CONVERSION = YES;
				CLANG_WARN_COMMA = YES;
				CLANG_WARN_CONSTANT_CONVERSION = YES;
				CLANG_WARN_DEPRECATED_OBJC_IMPLEMENTATIONS = YES;
				CLANG_WARN_DIRECT_OBJC_ISA_USAGE = YES_ERROR;
				CLANG_WARN_DOCUMENTATION_COMMENTS = YES;
				CLANG_WARN_EMPTY_BODY = YES;
				CLANG_WARN_ENUM_CONVERSION = YES;
				CLANG_WARN_INFINITE_RECURSION = YES;
				CLANG_WARN_INT_CONVERSION = YES;
				CLANG_WARN_NON_LITERAL_NULL_CONVERSION = YES;
				CLANG_WARN_OBJC_IMPLICIT_RETAIN_SELF = YES;
				CLANG_WARN_OBJC_LITERAL_CONVERSION = YES;
				CLANG_WARN_OBJC_ROOT_CLASS = YES_ERROR;
				CLANG_WARN_QUOTED_INCLUDE_IN_FRAMEWORK_HEADER = YES;
				CLANG_WARN_RANGE_LOOP_ANALYSIS = YES;
				CLANG_WARN_STRICT_PROTOTYPES = YES;
				CLANG_WARN_SUSPICIOUS_MOVE = YES;
				CLANG_WARN_UNGUARDED_AVAILABILITY = YES_AGGRESSIVE;
				CLANG_WARN_UNREACHABLE_CODE = YES;
				CLANG_WARN__DUPLICATE_METHOD_MATCH = YES;
				COPY_PHASE_STRIP = NO;
				DEBUG_INFORMATION_FORMAT = "dwarf-with-dsym";
				ENABLE_NS_ASSERTIONS = NO;
				ENABLE_STRICT_OBJC_MSGSEND = YES;
				GCC_C_LANGUAGE_STANDARD = gnu11;
				GCC_NO_COMMON_BLOCKS = YES;
				GCC_WARN_64_TO_32_BIT_CONVERSION = YES;
				GCC_WARN_ABOUT_RETURN_TYPE = YES_ERROR;
				GCC_WARN_UNDECLARED_SELECTOR = YES;
				GCC_WARN_UNINITIALIZED_AUTOS = YES_AGGRESSIVE;
				GCC_WARN_UNUSED_FUNCTION = YES;
				GCC_WARN_UNUSED_VARIABLE = YES;
				IPHONEOS_DEPLOYMENT_TARGET = 14.5;
				MTL_ENABLE_DEBUG_INFO = NO;
				MTL_FAST_MATH = YES;
				SDKROOT = iphoneos;
				SWIFT_COMPILATION_MODE = wholemodule;
				SWIFT_OPTIMIZATION_LEVEL = "-O";
				VALIDATE_PRODUCT = YES;
			};
			name = Release;
		};
		5B52FD7626A888C400A025CF /* Debug */ = {
			isa = XCBuildConfiguration;
			baseConfigurationReference = 962C744E0510F98697CA7215 /* Pods-SwiftUI2.0-Example.debug.xcconfig */;
			buildSettings = {
				ASSETCATALOG_COMPILER_APPICON_NAME = AppIcon;
				ASSETCATALOG_COMPILER_GLOBAL_ACCENT_COLOR_NAME = AccentColor;
				CODE_SIGN_ENTITLEMENTS = "SwiftUI2.0-Example/SwiftUI2.0-Example.entitlements";
				CODE_SIGN_IDENTITY = "Apple Development";
				CODE_SIGN_STYLE = Automatic;
				CURRENT_PROJECT_VERSION = string;
				DEVELOPMENT_ASSET_PATHS = "\"SwiftUI2.0-Example/Preview Content\"";
				DEVELOPMENT_TEAM = A3JAKUCNSA;
				ENABLE_PREVIEWS = YES;
				INFOPLIST_FILE = "SwiftUI2.0-Example/Info.plist";
				IPHONEOS_DEPLOYMENT_TARGET = 14.5;
				LD_RUNPATH_SEARCH_PATHS = (
					"$(inherited)",
					"@executable_path/Frameworks",
				);
				MARKETING_VERSION = 1.0.2.3;
				PRODUCT_BUNDLE_IDENTIFIER = com.StudySwiftUI.cn;
				PRODUCT_NAME = "$(TARGET_NAME)";
				PROVISIONING_PROFILE_SPECIFIER = "";
				SWIFT_VERSION = 5.0;
				TARGETED_DEVICE_FAMILY = "1,2";
			};
			name = Debug;
		};
		5B52FD7726A888C400A025CF /* Release */ = {
			isa = XCBuildConfiguration;
			baseConfigurationReference = 64AF8754FA084D2D1592F24A /* Pods-SwiftUI2.0-Example.release.xcconfig */;
			buildSettings = {
				ASSETCATALOG_COMPILER_APPICON_NAME = AppIcon;
				ASSETCATALOG_COMPILER_GLOBAL_ACCENT_COLOR_NAME = AccentColor;
				CODE_SIGN_ENTITLEMENTS = "SwiftUI2.0-Example/SwiftUI2.0-Example.entitlements";
				CODE_SIGN_IDENTITY = "Apple Development";
				CODE_SIGN_STYLE = Automatic;
				CURRENT_PROJECT_VERSION = string;
				DEVELOPMENT_ASSET_PATHS = "\"SwiftUI2.0-Example/Preview Content\"";
				DEVELOPMENT_TEAM = A3JAKUCNSA;
				ENABLE_PREVIEWS = YES;
				INFOPLIST_FILE = "SwiftUI2.0-Example/Info.plist";
				IPHONEOS_DEPLOYMENT_TARGET = 14.5;
				LD_RUNPATH_SEARCH_PATHS = (
					"$(inherited)",
					"@executable_path/Frameworks",
				);
				MARKETING_VERSION = 1.0.2.3;
				PRODUCT_BUNDLE_IDENTIFIER = com.StudySwiftUI.cn;
				PRODUCT_NAME = "$(TARGET_NAME)";
				PROVISIONING_PROFILE_SPECIFIER = "";
				SWIFT_VERSION = 5.0;
				TARGETED_DEVICE_FAMILY = "1,2";
			};
			name = Release;
		};
/* End XCBuildConfiguration section */

/* Begin XCConfigurationList section */
		5B52FD6126A888C400A025CF /* Build configuration list for PBXProject "SwiftUI2.0-Example" */ = {
			isa = XCConfigurationList;
			buildConfigurations = (
				5B52FD7326A888C400A025CF /* Debug */,
				5B52FD7426A888C400A025CF /* Release */,
			);
			defaultConfigurationIsVisible = 0;
			defaultConfigurationName = Release;
		};
		5B52FD7526A888C400A025CF /* Build configuration list for PBXNativeTarget "SwiftUI2.0-Example" */ = {
			isa = XCConfigurationList;
			buildConfigurations = (
				5B52FD7626A888C400A025CF /* Debug */,
				5B52FD7726A888C400A025CF /* Release */,
			);
			defaultConfigurationIsVisible = 0;
			defaultConfigurationName = Release;
		};
/* End XCConfigurationList section */
	};
	rootObject = 5B52FD5E26A888C400A025CF /* Project object */;
}
