// !$*UTF8*$!
{
	archiveVersion = 1;
	classes = {
	};
	objectVersion = 50;
	objects = {

/* Begin PBXBuildFile section */
		596405FD24A2F0A00064CB71 /* AppDelegate.swift in Sources */ = {isa = PBXBuildFile; fileRef = 596405FC24A2F0A00064CB71 /* AppDelegate.swift */; };
		596405FF24A2F0A00064CB71 /* SceneDelegate.swift in Sources */ = {isa = PBXBuildFile; fileRef = 596405FE24A2F0A00064CB71 /* SceneDelegate.swift */; };
		5964060124A2F0A00064CB71 /* ContentView.swift in Sources */ = {isa = PBXBuildFile; fileRef = 5964060024A2F0A00064CB71 /* ContentView.swift */; };
		5964060324A2F0A10064CB71 /* Assets.xcassets in Resources */ = {isa = PBXBuildFile; fileRef = 5964060224A2F0A10064CB71 /* Assets.xcassets */; };
		5964060624A2F0A10064CB71 /* Preview Assets.xcassets in Resources */ = {isa = PBXBuildFile; fileRef = 5964060524A2F0A10064CB71 /* Preview Assets.xcassets */; };
		5964060924A2F0A10064CB71 /* LaunchScreen.storyboard in Resources */ = {isa = PBXBuildFile; fileRef = 5964060724A2F0A10064CB71 /* LaunchScreen.storyboard */; };
		5964061324A2F7D40064CB71 /* Home.swift in Sources */ = {isa = PBXBuildFile; fileRef = 5964061224A2F7D40064CB71 /* Home.swift */; };
		5964061524A2F7F30064CB71 /* middleView.swift in Sources */ = {isa = PBXBuildFile; fileRef = 5964061424A2F7F30064CB71 /* middleView.swift */; };
		5964061724A2F7FC0064CB71 /* bottomView.swift in Sources */ = {isa = PBXBuildFile; fileRef = 5964061624A2F7FC0064CB71 /* bottomView.swift */; };
		5964061924A2F8070064CB71 /* ExpandView.swift in Sources */ = {isa = PBXBuildFile; fileRef = 5964061824A2F8070064CB71 /* ExpandView.swift */; };
		5964061B24A2F8160064CB71 /* expandBottom.swift in Sources */ = {isa = PBXBuildFile; fileRef = 5964061A24A2F8160064CB71 /* expandBottom.swift */; };
		5964062D24A31D830064CB71 /* game_list.json in Resources */ = {isa = PBXBuildFile; fileRef = 5964062124A31D830064CB71 /* game_list.json */; };
		5964062E24A31D830064CB71 /* apple.png in Resources */ = {isa = PBXBuildFile; fileRef = 5964062224A31D830064CB71 /* apple.png */; };
		5964062F24A31D830064CB71 /* header.jpg in Resources */ = {isa = PBXBuildFile; fileRef = 5964062324A31D830064CB71 /* header.jpg */; };
		5964063024A31D830064CB71 /* Game.swift in Sources */ = {isa = PBXBuildFile; fileRef = 5964062524A31D830064CB71 /* Game.swift */; };
		5964063124A31D830064CB71 /* GameItem.swift in Sources */ = {isa = PBXBuildFile; fileRef = 5964062724A31D830064CB71 /* GameItem.swift */; };
		5964063224A31D830064CB71 /* GameHome.swift in Sources */ = {isa = PBXBuildFile; fileRef = 5964062824A31D830064CB71 /* GameHome.swift */; };
		5964063424A31D830064CB71 /* TopView.swift in Sources */ = {isa = PBXBuildFile; fileRef = 5964062A24A31D830064CB71 /* TopView.swift */; };
		5964063524A31D830064CB71 /* ImageLoader.swift in Sources */ = {isa = PBXBuildFile; fileRef = 5964062C24A31D830064CB71 /* ImageLoader.swift */; };
/* End PBXBuildFile section */

/* Begin PBXFileReference section */
		596405F924A2F0A00064CB71 /* SwiftUI-AppStore.app */ = {isa = PBXFileReference; explicitFileType = wrapper.application; includeInIndex = 0; path = "SwiftUI-AppStore.app"; sourceTree = BUILT_PRODUCTS_DIR; };
		596405FC24A2F0A00064CB71 /* AppDelegate.swift */ = {isa = PBXFileReference; lastKnownFileType = sourcecode.swift; path = AppDelegate.swift; sourceTree = "<group>"; };
		596405FE24A2F0A00064CB71 /* SceneDelegate.swift */ = {isa = PBXFileReference; lastKnownFileType = sourcecode.swift; path = SceneDelegate.swift; sourceTree = "<group>"; };
		5964060024A2F0A00064CB71 /* ContentView.swift */ = {isa = PBXFileReference; lastKnownFileType = sourcecode.swift; path = ContentView.swift; sourceTree = "<group>"; };
		5964060224A2F0A10064CB71 /* Assets.xcassets */ = {isa = PBXFileReference; lastKnownFileType = folder.assetcatalog; path = Assets.xcassets; sourceTree = "<group>"; };
		5964060524A2F0A10064CB71 /* Preview Assets.xcassets */ = {isa = PBXFileReference; lastKnownFileType = folder.assetcatalog; path = "Preview Assets.xcassets"; sourceTree = "<group>"; };
		5964060824A2F0A10064CB71 /* Base */ = {isa = PBXFileReference; lastKnownFileType = file.storyboard; name = Base; path = Base.lproj/LaunchScreen.storyboard; sourceTree = "<group>"; };
		5964060A24A2F0A10064CB71 /* Info.plist */ = {isa = PBXFileReference; lastKnownFileType = text.plist.xml; path = Info.plist; sourceTree = "<group>"; };
		5964061224A2F7D40064CB71 /* Home.swift */ = {isa = PBXFileReference; lastKnownFileType = sourcecode.swift; path = Home.swift; sourceTree = "<group>"; };
		5964061424A2F7F30064CB71 /* middleView.swift */ = {isa = PBXFileReference; lastKnownFileType = sourcecode.swift; path = middleView.swift; sourceTree = "<group>"; };
		5964061624A2F7FC0064CB71 /* bottomView.swift */ = {isa = PBXFileReference; lastKnownFileType = sourcecode.swift; path = bottomView.swift; sourceTree = "<group>"; };
		5964061824A2F8070064CB71 /* ExpandView.swift */ = {isa = PBXFileReference; lastKnownFileType = sourcecode.swift; path = ExpandView.swift; sourceTree = "<group>"; };
		5964061A24A2F8160064CB71 /* expandBottom.swift */ = {isa = PBXFileReference; lastKnownFileType = sourcecode.swift; path = expandBottom.swift; sourceTree = "<group>"; };
		5964062124A31D830064CB71 /* game_list.json */ = {isa = PBXFileReference; fileEncoding = 4; lastKnownFileType = text.json; path = game_list.json; sourceTree = "<group>"; };
		5964062224A31D830064CB71 /* apple.png */ = {isa = PBXFileReference; lastKnownFileType = image.png; path = apple.png; sourceTree = "<group>"; };
		5964062324A31D830064CB71 /* header.jpg */ = {isa = PBXFileReference; lastKnownFileType = image.jpeg; path = header.jpg; sourceTree = "<group>"; };
		5964062524A31D830064CB71 /* Game.swift */ = {isa = PBXFileReference; fileEncoding = 4; lastKnownFileType = sourcecode.swift; path = Game.swift; sourceTree = "<group>"; };
		5964062724A31D830064CB71 /* GameItem.swift */ = {isa = PBXFileReference; fileEncoding = 4; lastKnownFileType = sourcecode.swift; path = GameItem.swift; sourceTree = "<group>"; };
		5964062824A31D830064CB71 /* GameHome.swift */ = {isa = PBXFileReference; fileEncoding = 4; lastKnownFileType = sourcecode.swift; path = GameHome.swift; sourceTree = "<group>"; };
		5964062A24A31D830064CB71 /* TopView.swift */ = {isa = PBXFileReference; fileEncoding = 4; lastKnownFileType = sourcecode.swift; path = TopView.swift; sourceTree = "<group>"; };
		5964062C24A31D830064CB71 /* ImageLoader.swift */ = {isa = PBXFileReference; fileEncoding = 4; lastKnownFileType = sourcecode.swift; path = ImageLoader.swift; sourceTree = "<group>"; };
/* End PBXFileReference section */

/* Begin PBXFrameworksBuildPhase section */
		596405F624A2F0A00064CB71 /* Frameworks */ = {
			isa = PBXFrameworksBuildPhase;
			buildActionMask = 2147483647;
			files = (
			);
			runOnlyForDeploymentPostprocessing = 0;
		};
/* End PBXFrameworksBuildPhase section */

/* Begin PBXGroup section */
		596405F024A2F0A00064CB71 = {
			isa = PBXGroup;
			children = (
				596405FB24A2F0A00064CB71 /* SwiftUI-AppStore */,
				596405FA24A2F0A00064CB71 /* Products */,
			);
			sourceTree = "<group>";
		};
		596405FA24A2F0A00064CB71 /* Products */ = {
			isa = PBXGroup;
			children = (
				596405F924A2F0A00064CB71 /* SwiftUI-AppStore.app */,
			);
			name = Products;
			sourceTree = "<group>";
		};
		596405FB24A2F0A00064CB71 /* SwiftUI-AppStore */ = {
			isa = PBXGroup;
			children = (
				5964061E24A3161A0064CB71 /* HomeView */,
				5964062424A31D830064CB71 /* Models */,
				5964062024A31D830064CB71 /* Resource */,
				5964062B24A31D830064CB71 /* Untlis */,
				5964062624A31D830064CB71 /* GameHomeViews */,
				596405FC24A2F0A00064CB71 /* AppDelegate.swift */,
				596405FE24A2F0A00064CB71 /* SceneDelegate.swift */,
				5964060024A2F0A00064CB71 /* ContentView.swift */,
				5964060224A2F0A10064CB71 /* Assets.xcassets */,
				5964060724A2F0A10064CB71 /* LaunchScreen.storyboard */,
				5964060A24A2F0A10064CB71 /* Info.plist */,
				5964060424A2F0A10064CB71 /* Preview Content */,
			);
			path = "SwiftUI-AppStore";
			sourceTree = "<group>";
		};
		5964060424A2F0A10064CB71 /* Preview Content */ = {
			isa = PBXGroup;
			children = (
				5964060524A2F0A10064CB71 /* Preview Assets.xcassets */,
			);
			path = "Preview Content";
			sourceTree = "<group>";
		};
		5964061E24A3161A0064CB71 /* HomeView */ = {
			isa = PBXGroup;
			children = (
				5964061224A2F7D40064CB71 /* Home.swift */,
				5964061424A2F7F30064CB71 /* middleView.swift */,
				5964061624A2F7FC0064CB71 /* bottomView.swift */,
				5964061824A2F8070064CB71 /* ExpandView.swift */,
				5964061A24A2F8160064CB71 /* expandBottom.swift */,
			);
			path = HomeView;
			sourceTree = "<group>";
		};
		5964062024A31D830064CB71 /* Resource */ = {
			isa = PBXGroup;
			children = (
				5964062124A31D830064CB71 /* game_list.json */,
				5964062224A31D830064CB71 /* apple.png */,
				5964062324A31D830064CB71 /* header.jpg */,
			);
			path = Resource;
			sourceTree = "<group>";
		};
		5964062424A31D830064CB71 /* Models */ = {
			isa = PBXGroup;
			children = (
				5964062524A31D830064CB71 /* Game.swift */,
			);
			path = Models;
			sourceTree = "<group>";
		};
		5964062624A31D830064CB71 /* GameHomeViews */ = {
			isa = PBXGroup;
			children = (
				5964062724A31D830064CB71 /* GameItem.swift */,
				5964062824A31D830064CB71 /* GameHome.swift */,
				5964062A24A31D830064CB71 /* TopView.swift */,
			);
			path = GameHomeViews;
			sourceTree = "<group>";
		};
		5964062B24A31D830064CB71 /* Untlis */ = {
			isa = PBXGroup;
			children = (
				5964062C24A31D830064CB71 /* ImageLoader.swift */,
			);
			path = Untlis;
			sourceTree = "<group>";
		};
/* End PBXGroup section */

/* Begin PBXNativeTarget section */
		596405F824A2F0A00064CB71 /* SwiftUI-AppStore */ = {
			isa = PBXNativeTarget;
			buildConfigurationList = 5964060D24A2F0A10064CB71 /* Build configuration list for PBXNativeTarget "SwiftUI-AppStore" */;
			buildPhases = (
				596405F524A2F0A00064CB71 /* Sources */,
				596405F624A2F0A00064CB71 /* Frameworks */,
				596405F724A2F0A00064CB71 /* Resources */,
			);
			buildRules = (
			);
			dependencies = (
			);
			name = "SwiftUI-AppStore";
			productName = "SwiftUI-AppStore";
			productReference = 596405F924A2F0A00064CB71 /* SwiftUI-AppStore.app */;
			productType = "com.apple.product-type.application";
		};
/* End PBXNativeTarget section */

/* Begin PBXProject section */
		596405F124A2F0A00064CB71 /* Project object */ = {
			isa = PBXProject;
			attributes = {
				LastSwiftUpdateCheck = 1150;
				LastUpgradeCheck = 1150;
				ORGANIZATIONNAME = "醉看红尘这场梦";
				TargetAttributes = {
					596405F824A2F0A00064CB71 = {
						CreatedOnToolsVersion = 11.5;
					};
				};
			};
			buildConfigurationList = 596405F424A2F0A00064CB71 /* Build configuration list for PBXProject "SwiftUI-AppStore" */;
			compatibilityVersion = "Xcode 9.3";
			developmentRegion = en;
			hasScannedForEncodings = 0;
			knownRegions = (
				en,
				Base,
			);
			mainGroup = 596405F024A2F0A00064CB71;
			productRefGroup = 596405FA24A2F0A00064CB71 /* Products */;
			projectDirPath = "";
			projectRoot = "";
			targets = (
				596405F824A2F0A00064CB71 /* SwiftUI-AppStore */,
			);
		};
/* End PBXProject section */

/* Begin PBXResourcesBuildPhase section */
		596405F724A2F0A00064CB71 /* Resources */ = {
			isa = PBXResourcesBuildPhase;
			buildActionMask = 2147483647;
			files = (
				5964060924A2F0A10064CB71 /* LaunchScreen.storyboard in Resources */,
				5964060624A2F0A10064CB71 /* Preview Assets.xcassets in Resources */,
				5964062F24A31D830064CB71 /* header.jpg in Resources */,
				5964060324A2F0A10064CB71 /* Assets.xcassets in Resources */,
				5964062D24A31D830064CB71 /* game_list.json in Resources */,
				5964062E24A31D830064CB71 /* apple.png in Resources */,
			);
			runOnlyForDeploymentPostprocessing = 0;
		};
/* End PBXResourcesBuildPhase section */

/* Begin PBXSourcesBuildPhase section */
		596405F524A2F0A00064CB71 /* Sources */ = {
			isa = PBXSourcesBuildPhase;
			buildActionMask = 2147483647;
			files = (
				5964063524A31D830064CB71 /* ImageLoader.swift in Sources */,
				5964063424A31D830064CB71 /* TopView.swift in Sources */,
				5964061524A2F7F30064CB71 /* middleView.swift in Sources */,
				5964063024A31D830064CB71 /* Game.swift in Sources */,
				5964063224A31D830064CB71 /* GameHome.swift in Sources */,
				5964063124A31D830064CB71 /* GameItem.swift in Sources */,
				5964061924A2F8070064CB71 /* ExpandView.swift in Sources */,
				5964061B24A2F8160064CB71 /* expandBottom.swift in Sources */,
				5964061724A2F7FC0064CB71 /* bottomView.swift in Sources */,
				596405FD24A2F0A00064CB71 /* AppDelegate.swift in Sources */,
				596405FF24A2F0A00064CB71 /* SceneDelegate.swift in Sources */,
				5964061324A2F7D40064CB71 /* Home.swift in Sources */,
				5964060124A2F0A00064CB71 /* ContentView.swift in Sources */,
			);
			runOnlyForDeploymentPostprocessing = 0;
		};
/* End PBXSourcesBuildPhase section */

/* Begin PBXVariantGroup section */
		5964060724A2F0A10064CB71 /* LaunchScreen.storyboard */ = {
			isa = PBXVariantGroup;
			children = (
				5964060824A2F0A10064CB71 /* Base */,
			);
			name = LaunchScreen.storyboard;
			sourceTree = "<group>";
		};
/* End PBXVariantGroup section */

/* Begin XCBuildConfiguration section */
		5964060B24A2F0A10064CB71 /* Debug */ = {
			isa = XCBuildConfiguration;
			buildSettings = {
				ALWAYS_SEARCH_USER_PATHS = NO;
				CLANG_ANALYZER_NONNULL = YES;
				CLANG_ANALYZER_NUMBER_OBJECT_CONVERSION = YES_AGGRESSIVE;
				CLANG_CXX_LANGUAGE_STANDARD = "gnu++14";
				CLANG_CXX_LIBRARY = "libc++";
				CLANG_ENABLE_MODULES = YES;
				CLANG_ENABLE_OBJC_ARC = YES;
				CLANG_ENABLE_OBJC_WEAK = YES;
				CLANG_WARN_BLOCK_CAPTURE_AUTORELEASING = YES;
				CLANG_WARN_BOOL_CONVERSION = YES;
				CLANG_WARN_COMMA = YES;
				CLANG_WARN_CONSTANT_CONVERSION = YES;
				CLANG_WARN_DEPRECATED_OBJC_IMPLEMENTATIONS = YES;
				CLANG_WARN_DIRECT_OBJC_ISA_USAGE = YES_ERROR;
				CLANG_WARN_DOCUMENTATION_COMMENTS = YES;
				CLANG_WARN_EMPTY_BODY = YES;
				CLANG_WARN_ENUM_CONVERSION = YES;
				CLANG_WARN_INFINITE_RECURSION = YES;
				CLANG_WARN_INT_CONVERSION = YES;
				CLANG_WARN_NON_LITERAL_NULL_CONVERSION = YES;
				CLANG_WARN_OBJC_IMPLICIT_RETAIN_SELF = YES;
				CLANG_WARN_OBJC_LITERAL_CONVERSION = YES;
				CLANG_WARN_OBJC_ROOT_CLASS = YES_ERROR;
				CLANG_WARN_RANGE_LOOP_ANALYSIS = YES;
				CLANG_WARN_STRICT_PROTOTYPES = YES;
				CLANG_WARN_SUSPICIOUS_MOVE = YES;
				CLANG_WARN_UNGUARDED_AVAILABILITY = YES_AGGRESSIVE;
				CLANG_WARN_UNREACHABLE_CODE = YES;
				CLANG_WARN__DUPLICATE_METHOD_MATCH = YES;
				COPY_PHASE_STRIP = NO;
				DEBUG_INFORMATION_FORMAT = dwarf;
				ENABLE_STRICT_OBJC_MSGSEND = YES;
				ENABLE_TESTABILITY = YES;
				GCC_C_LANGUAGE_STANDARD = gnu11;
				GCC_DYNAMIC_NO_PIC = NO;
				GCC_NO_COMMON_BLOCKS = YES;
				GCC_OPTIMIZATION_LEVEL = 0;
				GCC_PREPROCESSOR_DEFINITIONS = (
					"DEBUG=1",
					"$(inherited)",
				);
				GCC_WARN_64_TO_32_BIT_CONVERSION = YES;
				GCC_WARN_ABOUT_RETURN_TYPE = YES_ERROR;
				GCC_WARN_UNDECLARED_SELECTOR = YES;
				GCC_WARN_UNINITIALIZED_AUTOS = YES_AGGRESSIVE;
				GCC_WARN_UNUSED_FUNCTION = YES;
				GCC_WARN_UNUSED_VARIABLE = YES;
				IPHONEOS_DEPLOYMENT_TARGET = 13.5;
				MTL_ENABLE_DEBUG_INFO = INCLUDE_SOURCE;
				MTL_FAST_MATH = YES;
				ONLY_ACTIVE_ARCH = YES;
				SDKROOT = iphoneos;
				SWIFT_ACTIVE_COMPILATION_CONDITIONS = DEBUG;
				SWIFT_OPTIMIZATION_LEVEL = "-Onone";
			};
			name = Debug;
		};
		5964060C24A2F0A10064CB71 /* Release */ = {
			isa = XCBuildConfiguration;
			buildSettings = {
				ALWAYS_SEARCH_USER_PATHS = NO;
				CLANG_ANALYZER_NONNULL = YES;
				CLANG_ANALYZER_NUMBER_OBJECT_CONVERSION = YES_AGGRESSIVE;
				CLANG_CXX_LANGUAGE_STANDARD = "gnu++14";
				CLANG_CXX_LIBRARY = "libc++";
				CLANG_ENABLE_MODULES = YES;
				CLANG_ENABLE_OBJC_ARC = YES;
				CLANG_ENABLE_OBJC_WEAK = YES;
				CLANG_WARN_BLOCK_CAPTURE_AUTORELEASING = YES;
				CLANG_WARN_BOOL_CONVERSION = YES;
				CLANG_WARN_COMMA = YES;
				CLANG_WARN_CONSTANT_CONVERSION = YES;
				CLANG_WARN_DEPRECATED_OBJC_IMPLEMENTATIONS = YES;
				CLANG_WARN_DIRECT_OBJC_ISA_USAGE = YES_ERROR;
				CLANG_WARN_DOCUMENTATION_COMMENTS = YES;
				CLANG_WARN_EMPTY_BODY = YES;
				CLANG_WARN_ENUM_CONVERSION = YES;
				CLANG_WARN_INFINITE_RECURSION = YES;
				CLANG_WARN_INT_CONVERSION = YES;
				CLANG_WARN_NON_LITERAL_NULL_CONVERSION = YES;
				CLANG_WARN_OBJC_IMPLICIT_RETAIN_SELF = YES;
				CLANG_WARN_OBJC_LITERAL_CONVERSION = YES;
				CLANG_WARN_OBJC_ROOT_CLASS = YES_ERROR;
				CLANG_WARN_RANGE_LOOP_ANALYSIS = YES;
				CLANG_WARN_STRICT_PROTOTYPES = YES;
				CLANG_WARN_SUSPICIOUS_MOVE = YES;
				CLANG_WARN_UNGUARDED_AVAILABILITY = YES_AGGRESSIVE;
				CLANG_WARN_UNREACHABLE_CODE = YES;
				CLANG_WARN__DUPLICATE_METHOD_MATCH = YES;
				COPY_PHASE_STRIP = NO;
				DEBUG_INFORMATION_FORMAT = "dwarf-with-dsym";
				ENABLE_NS_ASSERTIONS = NO;
				ENABLE_STRICT_OBJC_MSGSEND = YES;
				GCC_C_LANGUAGE_STANDARD = gnu11;
				GCC_NO_COMMON_BLOCKS = YES;
				GCC_WARN_64_TO_32_BIT_CONVERSION = YES;
				GCC_WARN_ABOUT_RETURN_TYPE = YES_ERROR;
				GCC_WARN_UNDECLARED_SELECTOR = YES;
				GCC_WARN_UNINITIALIZED_AUTOS = YES_AGGRESSIVE;
				GCC_WARN_UNUSED_FUNCTION = YES;
				GCC_WARN_UNUSED_VARIABLE = YES;
				IPHONEOS_DEPLOYMENT_TARGET = 13.5;
				MTL_ENABLE_DEBUG_INFO = NO;
				MTL_FAST_MATH = YES;
				SDKROOT = iphoneos;
				SWIFT_COMPILATION_MODE = wholemodule;
				SWIFT_OPTIMIZATION_LEVEL = "-O";
				VALIDATE_PRODUCT = YES;
			};
			name = Release;
		};
		5964060E24A2F0A10064CB71 /* Debug */ = {
			isa = XCBuildConfiguration;
			buildSettings = {
				ASSETCATALOG_COMPILER_APPICON_NAME = AppIcon;
				CODE_SIGN_STYLE = Automatic;
				DEVELOPMENT_ASSET_PATHS = "\"SwiftUI-AppStore/Preview Content\"";
				ENABLE_PREVIEWS = YES;
				INFOPLIST_FILE = "SwiftUI-AppStore/Info.plist";
				LD_RUNPATH_SEARCH_PATHS = (
					"$(inherited)",
					"@executable_path/Frameworks",
				);
				PRODUCT_BUNDLE_IDENTIFIER = "com.qjl.cn.SwiftUI-AppStore";
				PRODUCT_NAME = "$(TARGET_NAME)";
				SWIFT_VERSION = 5.0;
				TARGETED_DEVICE_FAMILY = "1,2";
			};
			name = Debug;
		};
		5964060F24A2F0A10064CB71 /* Release */ = {
			isa = XCBuildConfiguration;
			buildSettings = {
				ASSETCATALOG_COMPILER_APPICON_NAME = AppIcon;
				CODE_SIGN_STYLE = Automatic;
				DEVELOPMENT_ASSET_PATHS = "\"SwiftUI-AppStore/Preview Content\"";
				ENABLE_PREVIEWS = YES;
				INFOPLIST_FILE = "SwiftUI-AppStore/Info.plist";
				LD_RUNPATH_SEARCH_PATHS = (
					"$(inherited)",
					"@executable_path/Frameworks",
				);
				PRODUCT_BUNDLE_IDENTIFIER = "com.qjl.cn.SwiftUI-AppStore";
				PRODUCT_NAME = "$(TARGET_NAME)";
				SWIFT_VERSION = 5.0;
				TARGETED_DEVICE_FAMILY = "1,2";
			};
			name = Release;
		};
/* End XCBuildConfiguration section */

/* Begin XCConfigurationList section */
		596405F424A2F0A00064CB71 /* Build configuration list for PBXProject "SwiftUI-AppStore" */ = {
			isa = XCConfigurationList;
			buildConfigurations = (
				5964060B24A2F0A10064CB71 /* Debug */,
				5964060C24A2F0A10064CB71 /* Release */,
			);
			defaultConfigurationIsVisible = 0;
			defaultConfigurationName = Release;
		};
		5964060D24A2F0A10064CB71 /* Build configuration list for PBXNativeTarget "SwiftUI-AppStore" */ = {
			isa = XCConfigurationList;
			buildConfigurations = (
				5964060E24A2F0A10064CB71 /* Debug */,
				5964060F24A2F0A10064CB71 /* Release */,
			);
			defaultConfigurationIsVisible = 0;
			defaultConfigurationName = Release;
		};
/* End XCConfigurationList section */
	};
	rootObject = 596405F124A2F0A00064CB71 /* Project object */;
}
