// !$*UTF8*$!
{
	archiveVersion = 1;
	classes = {
	};
	objectVersion = 50;
	objects = {

/* Begin PBXBuildFile section */
		59186A09249E087C00063177 /* AppDelegate.swift in Sources */ = {isa = PBXBuildFile; fileRef = 59186A08249E087C00063177 /* AppDelegate.swift */; };
		59186A0B249E087C00063177 /* SceneDelegate.swift in Sources */ = {isa = PBXBuildFile; fileRef = 59186A0A249E087C00063177 /* SceneDelegate.swift */; };
		59186A0D249E087C00063177 /* ContentView.swift in Sources */ = {isa = PBXBuildFile; fileRef = 59186A0C249E087C00063177 /* ContentView.swift */; };
		59186A0F249E087D00063177 /* Assets.xcassets in Resources */ = {isa = PBXBuildFile; fileRef = 59186A0E249E087D00063177 /* Assets.xcassets */; };
		59186A12249E087D00063177 /* Preview Assets.xcassets in Resources */ = {isa = PBXBuildFile; fileRef = 59186A11249E087D00063177 /* Preview Assets.xcassets */; };
		59186A15249E087D00063177 /* LaunchScreen.storyboard in Resources */ = {isa = PBXBuildFile; fileRef = 59186A13249E087D00063177 /* LaunchScreen.storyboard */; };
		59186A20249E08A500063177 /* game_list.json in Resources */ = {isa = PBXBuildFile; fileRef = 59186A1D249E08A500063177 /* game_list.json */; };
		59186A21249E08A500063177 /* apple.png in Resources */ = {isa = PBXBuildFile; fileRef = 59186A1E249E08A500063177 /* apple.png */; };
		59186A22249E08A500063177 /* header.jpg in Resources */ = {isa = PBXBuildFile; fileRef = 59186A1F249E08A500063177 /* header.jpg */; };
		59186A26249E08CD00063177 /* Game.swift in Sources */ = {isa = PBXBuildFile; fileRef = 59186A25249E08CD00063177 /* Game.swift */; };
		59186A28249E0A7200063177 /* GameHome.swift in Sources */ = {isa = PBXBuildFile; fileRef = 59186A27249E0A7200063177 /* GameHome.swift */; };
		59186A2A249E0C3E00063177 /* GameItem.swift in Sources */ = {isa = PBXBuildFile; fileRef = 59186A29249E0C3E00063177 /* GameItem.swift */; };
		59186A2D249E0E4100063177 /* ImageLoader.swift in Sources */ = {isa = PBXBuildFile; fileRef = 59186A2C249E0E4100063177 /* ImageLoader.swift */; };
		59186A2F249E142B00063177 /* TopView.swift in Sources */ = {isa = PBXBuildFile; fileRef = 59186A2E249E142B00063177 /* TopView.swift */; };
/* End PBXBuildFile section */

/* Begin PBXFileReference section */
		59186A05249E087C00063177 /* SwiftUI-GameRank.app */ = {isa = PBXFileReference; explicitFileType = wrapper.application; includeInIndex = 0; path = "SwiftUI-GameRank.app"; sourceTree = BUILT_PRODUCTS_DIR; };
		59186A08249E087C00063177 /* AppDelegate.swift */ = {isa = PBXFileReference; lastKnownFileType = sourcecode.swift; path = AppDelegate.swift; sourceTree = "<group>"; };
		59186A0A249E087C00063177 /* SceneDelegate.swift */ = {isa = PBXFileReference; lastKnownFileType = sourcecode.swift; path = SceneDelegate.swift; sourceTree = "<group>"; };
		59186A0C249E087C00063177 /* ContentView.swift */ = {isa = PBXFileReference; lastKnownFileType = sourcecode.swift; path = ContentView.swift; sourceTree = "<group>"; };
		59186A0E249E087D00063177 /* Assets.xcassets */ = {isa = PBXFileReference; lastKnownFileType = folder.assetcatalog; path = Assets.xcassets; sourceTree = "<group>"; };
		59186A11249E087D00063177 /* Preview Assets.xcassets */ = {isa = PBXFileReference; lastKnownFileType = folder.assetcatalog; path = "Preview Assets.xcassets"; sourceTree = "<group>"; };
		59186A14249E087D00063177 /* Base */ = {isa = PBXFileReference; lastKnownFileType = file.storyboard; name = Base; path = Base.lproj/LaunchScreen.storyboard; sourceTree = "<group>"; };
		59186A16249E087D00063177 /* Info.plist */ = {isa = PBXFileReference; lastKnownFileType = text.plist.xml; path = Info.plist; sourceTree = "<group>"; };
		59186A1D249E08A500063177 /* game_list.json */ = {isa = PBXFileReference; fileEncoding = 4; lastKnownFileType = text.json; path = game_list.json; sourceTree = "<group>"; };
		59186A1E249E08A500063177 /* apple.png */ = {isa = PBXFileReference; lastKnownFileType = image.png; path = apple.png; sourceTree = "<group>"; };
		59186A1F249E08A500063177 /* header.jpg */ = {isa = PBXFileReference; lastKnownFileType = image.jpeg; path = header.jpg; sourceTree = "<group>"; };
		59186A25249E08CD00063177 /* Game.swift */ = {isa = PBXFileReference; lastKnownFileType = sourcecode.swift; path = Game.swift; sourceTree = "<group>"; };
		59186A27249E0A7200063177 /* GameHome.swift */ = {isa = PBXFileReference; lastKnownFileType = sourcecode.swift; path = GameHome.swift; sourceTree = "<group>"; };
		59186A29249E0C3E00063177 /* GameItem.swift */ = {isa = PBXFileReference; lastKnownFileType = sourcecode.swift; path = GameItem.swift; sourceTree = "<group>"; };
		59186A2C249E0E4100063177 /* ImageLoader.swift */ = {isa = PBXFileReference; lastKnownFileType = sourcecode.swift; path = ImageLoader.swift; sourceTree = "<group>"; };
		59186A2E249E142B00063177 /* TopView.swift */ = {isa = PBXFileReference; lastKnownFileType = sourcecode.swift; path = TopView.swift; sourceTree = "<group>"; };
/* End PBXFileReference section */

/* Begin PBXFrameworksBuildPhase section */
		59186A02249E087C00063177 /* Frameworks */ = {
			isa = PBXFrameworksBuildPhase;
			buildActionMask = 2147483647;
			files = (
			);
			runOnlyForDeploymentPostprocessing = 0;
		};
/* End PBXFrameworksBuildPhase section */

/* Begin PBXGroup section */
		591869FC249E087C00063177 = {
			isa = PBXGroup;
			children = (
				59186A07249E087C00063177 /* SwiftUI-GameRank */,
				59186A06249E087C00063177 /* Products */,
			);
			sourceTree = "<group>";
		};
		59186A06249E087C00063177 /* Products */ = {
			isa = PBXGroup;
			children = (
				59186A05249E087C00063177 /* SwiftUI-GameRank.app */,
			);
			name = Products;
			sourceTree = "<group>";
		};
		59186A07249E087C00063177 /* SwiftUI-GameRank */ = {
			isa = PBXGroup;
			children = (
				59186A2B249E0E2D00063177 /* Untlis */,
				59186A24249E08C100063177 /* Models */,
				59186A23249E08B700063177 /* Views */,
				59186A1C249E08A500063177 /* Other resource */,
				59186A08249E087C00063177 /* AppDelegate.swift */,
				59186A0A249E087C00063177 /* SceneDelegate.swift */,
				59186A0E249E087D00063177 /* Assets.xcassets */,
				59186A13249E087D00063177 /* LaunchScreen.storyboard */,
				59186A16249E087D00063177 /* Info.plist */,
				59186A10249E087D00063177 /* Preview Content */,
			);
			path = "SwiftUI-GameRank";
			sourceTree = "<group>";
		};
		59186A10249E087D00063177 /* Preview Content */ = {
			isa = PBXGroup;
			children = (
				59186A11249E087D00063177 /* Preview Assets.xcassets */,
			);
			path = "Preview Content";
			sourceTree = "<group>";
		};
		59186A1C249E08A500063177 /* Other resource */ = {
			isa = PBXGroup;
			children = (
				59186A1D249E08A500063177 /* game_list.json */,
				59186A1E249E08A500063177 /* apple.png */,
				59186A1F249E08A500063177 /* header.jpg */,
			);
			path = "Other resource";
			sourceTree = "<group>";
		};
		59186A23249E08B700063177 /* Views */ = {
			isa = PBXGroup;
			children = (
				59186A0C249E087C00063177 /* ContentView.swift */,
				59186A27249E0A7200063177 /* GameHome.swift */,
				59186A29249E0C3E00063177 /* GameItem.swift */,
				59186A2E249E142B00063177 /* TopView.swift */,
			);
			path = Views;
			sourceTree = "<group>";
		};
		59186A24249E08C100063177 /* Models */ = {
			isa = PBXGroup;
			children = (
				59186A25249E08CD00063177 /* Game.swift */,
			);
			path = Models;
			sourceTree = "<group>";
		};
		59186A2B249E0E2D00063177 /* Untlis */ = {
			isa = PBXGroup;
			children = (
				59186A2C249E0E4100063177 /* ImageLoader.swift */,
			);
			path = Untlis;
			sourceTree = "<group>";
		};
/* End PBXGroup section */

/* Begin PBXNativeTarget section */
		59186A04249E087C00063177 /* SwiftUI-GameRank */ = {
			isa = PBXNativeTarget;
			buildConfigurationList = 59186A19249E087D00063177 /* Build configuration list for PBXNativeTarget "SwiftUI-GameRank" */;
			buildPhases = (
				59186A01249E087C00063177 /* Sources */,
				59186A02249E087C00063177 /* Frameworks */,
				59186A03249E087C00063177 /* Resources */,
			);
			buildRules = (
			);
			dependencies = (
			);
			name = "SwiftUI-GameRank";
			productName = "SwiftUI-GameRank";
			productReference = 59186A05249E087C00063177 /* SwiftUI-GameRank.app */;
			productType = "com.apple.product-type.application";
		};
/* End PBXNativeTarget section */

/* Begin PBXProject section */
		591869FD249E087C00063177 /* Project object */ = {
			isa = PBXProject;
			attributes = {
				LastSwiftUpdateCheck = 1150;
				LastUpgradeCheck = 1150;
				ORGANIZATIONNAME = "醉看红尘这场梦";
				TargetAttributes = {
					59186A04249E087C00063177 = {
						CreatedOnToolsVersion = 11.5;
					};
				};
			};
			buildConfigurationList = 59186A00249E087C00063177 /* Build configuration list for PBXProject "SwiftUI-GameRank" */;
			compatibilityVersion = "Xcode 9.3";
			developmentRegion = en;
			hasScannedForEncodings = 0;
			knownRegions = (
				en,
				Base,
			);
			mainGroup = 591869FC249E087C00063177;
			productRefGroup = 59186A06249E087C00063177 /* Products */;
			projectDirPath = "";
			projectRoot = "";
			targets = (
				59186A04249E087C00063177 /* SwiftUI-GameRank */,
			);
		};
/* End PBXProject section */

/* Begin PBXResourcesBuildPhase section */
		59186A03249E087C00063177 /* Resources */ = {
			isa = PBXResourcesBuildPhase;
			buildActionMask = 2147483647;
			files = (
				59186A15249E087D00063177 /* LaunchScreen.storyboard in Resources */,
				59186A12249E087D00063177 /* Preview Assets.xcassets in Resources */,
				59186A22249E08A500063177 /* header.jpg in Resources */,
				59186A0F249E087D00063177 /* Assets.xcassets in Resources */,
				59186A20249E08A500063177 /* game_list.json in Resources */,
				59186A21249E08A500063177 /* apple.png in Resources */,
			);
			runOnlyForDeploymentPostprocessing = 0;
		};
/* End PBXResourcesBuildPhase section */

/* Begin PBXSourcesBuildPhase section */
		59186A01249E087C00063177 /* Sources */ = {
			isa = PBXSourcesBuildPhase;
			buildActionMask = 2147483647;
			files = (
				59186A2D249E0E4100063177 /* ImageLoader.swift in Sources */,
				59186A28249E0A7200063177 /* GameHome.swift in Sources */,
				59186A09249E087C00063177 /* AppDelegate.swift in Sources */,
				59186A2A249E0C3E00063177 /* GameItem.swift in Sources */,
				59186A0B249E087C00063177 /* SceneDelegate.swift in Sources */,
				59186A0D249E087C00063177 /* ContentView.swift in Sources */,
				59186A2F249E142B00063177 /* TopView.swift in Sources */,
				59186A26249E08CD00063177 /* Game.swift in Sources */,
			);
			runOnlyForDeploymentPostprocessing = 0;
		};
/* End PBXSourcesBuildPhase section */

/* Begin PBXVariantGroup section */
		59186A13249E087D00063177 /* LaunchScreen.storyboard */ = {
			isa = PBXVariantGroup;
			children = (
				59186A14249E087D00063177 /* Base */,
			);
			name = LaunchScreen.storyboard;
			sourceTree = "<group>";
		};
/* End PBXVariantGroup section */

/* Begin XCBuildConfiguration section */
		59186A17249E087D00063177 /* Debug */ = {
			isa = XCBuildConfiguration;
			buildSettings = {
				ALWAYS_SEARCH_USER_PATHS = NO;
				CLANG_ANALYZER_NONNULL = YES;
				CLANG_ANALYZER_NUMBER_OBJECT_CONVERSION = YES_AGGRESSIVE;
				CLANG_CXX_LANGUAGE_STANDARD = "gnu++14";
				CLANG_CXX_LIBRARY = "libc++";
				CLANG_ENABLE_MODULES = YES;
				CLANG_ENABLE_OBJC_ARC = YES;
				CLANG_ENABLE_OBJC_WEAK = YES;
				CLANG_WARN_BLOCK_CAPTURE_AUTORELEASING = YES;
				CLANG_WARN_BOOL_CONVERSION = YES;
				CLANG_WARN_COMMA = YES;
				CLANG_WARN_CONSTANT_CONVERSION = YES;
				CLANG_WARN_DEPRECATED_OBJC_IMPLEMENTATIONS = YES;
				CLANG_WARN_DIRECT_OBJC_ISA_USAGE = YES_ERROR;
				CLANG_WARN_DOCUMENTATION_COMMENTS = YES;
				CLANG_WARN_EMPTY_BODY = YES;
				CLANG_WARN_ENUM_CONVERSION = YES;
				CLANG_WARN_INFINITE_RECURSION = YES;
				CLANG_WARN_INT_CONVERSION = YES;
				CLANG_WARN_NON_LITERAL_NULL_CONVERSION = YES;
				CLANG_WARN_OBJC_IMPLICIT_RETAIN_SELF = YES;
				CLANG_WARN_OBJC_LITERAL_CONVERSION = YES;
				CLANG_WARN_OBJC_ROOT_CLASS = YES_ERROR;
				CLANG_WARN_RANGE_LOOP_ANALYSIS = YES;
				CLANG_WARN_STRICT_PROTOTYPES = YES;
				CLANG_WARN_SUSPICIOUS_MOVE = YES;
				CLANG_WARN_UNGUARDED_AVAILABILITY = YES_AGGRESSIVE;
				CLANG_WARN_UNREACHABLE_CODE = YES;
				CLANG_WARN__DUPLICATE_METHOD_MATCH = YES;
				COPY_PHASE_STRIP = NO;
				DEBUG_INFORMATION_FORMAT = dwarf;
				ENABLE_STRICT_OBJC_MSGSEND = YES;
				ENABLE_TESTABILITY = YES;
				GCC_C_LANGUAGE_STANDARD = gnu11;
				GCC_DYNAMIC_NO_PIC = NO;
				GCC_NO_COMMON_BLOCKS = YES;
				GCC_OPTIMIZATION_LEVEL = 0;
				GCC_PREPROCESSOR_DEFINITIONS = (
					"DEBUG=1",
					"$(inherited)",
				);
				GCC_WARN_64_TO_32_BIT_CONVERSION = YES;
				GCC_WARN_ABOUT_RETURN_TYPE = YES_ERROR;
				GCC_WARN_UNDECLARED_SELECTOR = YES;
				GCC_WARN_UNINITIALIZED_AUTOS = YES_AGGRESSIVE;
				GCC_WARN_UNUSED_FUNCTION = YES;
				GCC_WARN_UNUSED_VARIABLE = YES;
				IPHONEOS_DEPLOYMENT_TARGET = 13.5;
				MTL_ENABLE_DEBUG_INFO = INCLUDE_SOURCE;
				MTL_FAST_MATH = YES;
				ONLY_ACTIVE_ARCH = YES;
				SDKROOT = iphoneos;
				SWIFT_ACTIVE_COMPILATION_CONDITIONS = DEBUG;
				SWIFT_OPTIMIZATION_LEVEL = "-Onone";
			};
			name = Debug;
		};
		59186A18249E087D00063177 /* Release */ = {
			isa = XCBuildConfiguration;
			buildSettings = {
				ALWAYS_SEARCH_USER_PATHS = NO;
				CLANG_ANALYZER_NONNULL = YES;
				CLANG_ANALYZER_NUMBER_OBJECT_CONVERSION = YES_AGGRESSIVE;
				CLANG_CXX_LANGUAGE_STANDARD = "gnu++14";
				CLANG_CXX_LIBRARY = "libc++";
				CLANG_ENABLE_MODULES = YES;
				CLANG_ENABLE_OBJC_ARC = YES;
				CLANG_ENABLE_OBJC_WEAK = YES;
				CLANG_WARN_BLOCK_CAPTURE_AUTORELEASING = YES;
				CLANG_WARN_BOOL_CONVERSION = YES;
				CLANG_WARN_COMMA = YES;
				CLANG_WARN_CONSTANT_CONVERSION = YES;
				CLANG_WARN_DEPRECATED_OBJC_IMPLEMENTATIONS = YES;
				CLANG_WARN_DIRECT_OBJC_ISA_USAGE = YES_ERROR;
				CLANG_WARN_DOCUMENTATION_COMMENTS = YES;
				CLANG_WARN_EMPTY_BODY = YES;
				CLANG_WARN_ENUM_CONVERSION = YES;
				CLANG_WARN_INFINITE_RECURSION = YES;
				CLANG_WARN_INT_CONVERSION = YES;
				CLANG_WARN_NON_LITERAL_NULL_CONVERSION = YES;
				CLANG_WARN_OBJC_IMPLICIT_RETAIN_SELF = YES;
				CLANG_WARN_OBJC_LITERAL_CONVERSION = YES;
				CLANG_WARN_OBJC_ROOT_CLASS = YES_ERROR;
				CLANG_WARN_RANGE_LOOP_ANALYSIS = YES;
				CLANG_WARN_STRICT_PROTOTYPES = YES;
				CLANG_WARN_SUSPICIOUS_MOVE = YES;
				CLANG_WARN_UNGUARDED_AVAILABILITY = YES_AGGRESSIVE;
				CLANG_WARN_UNREACHABLE_CODE = YES;
				CLANG_WARN__DUPLICATE_METHOD_MATCH = YES;
				COPY_PHASE_STRIP = NO;
				DEBUG_INFORMATION_FORMAT = "dwarf-with-dsym";
				ENABLE_NS_ASSERTIONS = NO;
				ENABLE_STRICT_OBJC_MSGSEND = YES;
				GCC_C_LANGUAGE_STANDARD = gnu11;
				GCC_NO_COMMON_BLOCKS = YES;
				GCC_WARN_64_TO_32_BIT_CONVERSION = YES;
				GCC_WARN_ABOUT_RETURN_TYPE = YES_ERROR;
				GCC_WARN_UNDECLARED_SELECTOR = YES;
				GCC_WARN_UNINITIALIZED_AUTOS = YES_AGGRESSIVE;
				GCC_WARN_UNUSED_FUNCTION = YES;
				GCC_WARN_UNUSED_VARIABLE = YES;
				IPHONEOS_DEPLOYMENT_TARGET = 13.5;
				MTL_ENABLE_DEBUG_INFO = NO;
				MTL_FAST_MATH = YES;
				SDKROOT = iphoneos;
				SWIFT_COMPILATION_MODE = wholemodule;
				SWIFT_OPTIMIZATION_LEVEL = "-O";
				VALIDATE_PRODUCT = YES;
			};
			name = Release;
		};
		59186A1A249E087D00063177 /* Debug */ = {
			isa = XCBuildConfiguration;
			buildSettings = {
				ASSETCATALOG_COMPILER_APPICON_NAME = AppIcon;
				CODE_SIGN_STYLE = Automatic;
				DEVELOPMENT_ASSET_PATHS = "\"SwiftUI-GameRank/Preview Content\"";
				ENABLE_PREVIEWS = YES;
				INFOPLIST_FILE = "SwiftUI-GameRank/Info.plist";
				LD_RUNPATH_SEARCH_PATHS = (
					"$(inherited)",
					"@executable_path/Frameworks",
				);
				PRODUCT_BUNDLE_IDENTIFIER = "com.qjl.cn.SwiftUI-GameRank";
				PRODUCT_NAME = "$(TARGET_NAME)";
				SWIFT_VERSION = 5.0;
				TARGETED_DEVICE_FAMILY = "1,2";
			};
			name = Debug;
		};
		59186A1B249E087D00063177 /* Release */ = {
			isa = XCBuildConfiguration;
			buildSettings = {
				ASSETCATALOG_COMPILER_APPICON_NAME = AppIcon;
				CODE_SIGN_STYLE = Automatic;
				DEVELOPMENT_ASSET_PATHS = "\"SwiftUI-GameRank/Preview Content\"";
				ENABLE_PREVIEWS = YES;
				INFOPLIST_FILE = "SwiftUI-GameRank/Info.plist";
				LD_RUNPATH_SEARCH_PATHS = (
					"$(inherited)",
					"@executable_path/Frameworks",
				);
				PRODUCT_BUNDLE_IDENTIFIER = "com.qjl.cn.SwiftUI-GameRank";
				PRODUCT_NAME = "$(TARGET_NAME)";
				SWIFT_VERSION = 5.0;
				TARGETED_DEVICE_FAMILY = "1,2";
			};
			name = Release;
		};
/* End XCBuildConfiguration section */

/* Begin XCConfigurationList section */
		59186A00249E087C00063177 /* Build configuration list for PBXProject "SwiftUI-GameRank" */ = {
			isa = XCConfigurationList;
			buildConfigurations = (
				59186A17249E087D00063177 /* Debug */,
				59186A18249E087D00063177 /* Release */,
			);
			defaultConfigurationIsVisible = 0;
			defaultConfigurationName = Release;
		};
		59186A19249E087D00063177 /* Build configuration list for PBXNativeTarget "SwiftUI-GameRank" */ = {
			isa = XCConfigurationList;
			buildConfigurations = (
				59186A1A249E087D00063177 /* Debug */,
				59186A1B249E087D00063177 /* Release */,
			);
			defaultConfigurationIsVisible = 0;
			defaultConfigurationName = Release;
		};
/* End XCConfigurationList section */
	};
	rootObject = 591869FD249E087C00063177 /* Project object */;
}
