// !$*UTF8*$!
{
	archiveVersion = 1;
	classes = {
	};
	objectVersion = 56;
	objects = {

/* Begin PBXBuildFile section */
		0405F9CA2859730200B6BAB9 /* SwiftUI4_0_ExampleApp.swift in Sources */ = {isa = PBXBuildFile; fileRef = 0405F9C92859730200B6BAB9 /* SwiftUI4_0_ExampleApp.swift */; };
		0405F9CC2859730200B6BAB9 /* ContentView.swift in Sources */ = {isa = PBXBuildFile; fileRef = 0405F9CB2859730200B6BAB9 /* ContentView.swift */; };
		0405F9CE2859730300B6BAB9 /* Assets.xcassets in Resources */ = {isa = PBXBuildFile; fileRef = 0405F9CD2859730300B6BAB9 /* Assets.xcassets */; };
		0405F9D12859730300B6BAB9 /* Preview Assets.xcassets in Resources */ = {isa = PBXBuildFile; fileRef = 0405F9D02859730300B6BAB9 /* Preview Assets.xcassets */; };
		0405FA872859731700B6BAB9 /* ScrollMainView.swift in Sources */ = {isa = PBXBuildFile; fileRef = 0405F9D92859731700B6BAB9 /* ScrollMainView.swift */; };
		0405FA882859731700B6BAB9 /* ScrollView2SwiftUIView.swift in Sources */ = {isa = PBXBuildFile; fileRef = 0405F9DA2859731700B6BAB9 /* ScrollView2SwiftUIView.swift */; };
		0405FA892859731700B6BAB9 /* ScrollViewSwiftUIView.swift in Sources */ = {isa = PBXBuildFile; fileRef = 0405F9DB2859731700B6BAB9 /* ScrollViewSwiftUIView.swift */; };
		0405FA8A2859731700B6BAB9 /* ScrollShowView.swift in Sources */ = {isa = PBXBuildFile; fileRef = 0405F9DC2859731700B6BAB9 /* ScrollShowView.swift */; };
		0405FA8B2859731700B6BAB9 /* NavigationSwiftUIView.swift in Sources */ = {isa = PBXBuildFile; fileRef = 0405F9DE2859731700B6BAB9 /* NavigationSwiftUIView.swift */; };
		0405FA8C2859731700B6BAB9 /* NavigationShowView.swift in Sources */ = {isa = PBXBuildFile; fileRef = 0405F9DF2859731700B6BAB9 /* NavigationShowView.swift */; };
		0405FA8D2859731700B6BAB9 /* Form1View.swift in Sources */ = {isa = PBXBuildFile; fileRef = 0405F9E12859731700B6BAB9 /* Form1View.swift */; };
		0405FA8E2859731700B6BAB9 /* FormShowView.swift in Sources */ = {isa = PBXBuildFile; fileRef = 0405F9E22859731700B6BAB9 /* FormShowView.swift */; };
		0405FA8F2859731700B6BAB9 /* Form3View.swift in Sources */ = {isa = PBXBuildFile; fileRef = 0405F9E32859731700B6BAB9 /* Form3View.swift */; };
		0405FA902859731700B6BAB9 /* Form5View.swift in Sources */ = {isa = PBXBuildFile; fileRef = 0405F9E42859731700B6BAB9 /* Form5View.swift */; };
		0405FA912859731700B6BAB9 /* FormMainView.swift in Sources */ = {isa = PBXBuildFile; fileRef = 0405F9E52859731700B6BAB9 /* FormMainView.swift */; };
		0405FA922859731700B6BAB9 /* Form2View.swift in Sources */ = {isa = PBXBuildFile; fileRef = 0405F9E62859731700B6BAB9 /* Form2View.swift */; };
		0405FA932859731700B6BAB9 /* Form4View.swift in Sources */ = {isa = PBXBuildFile; fileRef = 0405F9E72859731700B6BAB9 /* Form4View.swift */; };
		0405FA942859731700B6BAB9 /* DatePickerMainView.swift in Sources */ = {isa = PBXBuildFile; fileRef = 0405F9E92859731700B6BAB9 /* DatePickerMainView.swift */; };
		0405FA952859731700B6BAB9 /* Picker3View.swift in Sources */ = {isa = PBXBuildFile; fileRef = 0405F9EA2859731700B6BAB9 /* Picker3View.swift */; };
		0405FA972859731700B6BAB9 /* DatePickerView.swift in Sources */ = {isa = PBXBuildFile; fileRef = 0405F9EC2859731700B6BAB9 /* DatePickerView.swift */; };
		0405FA982859731700B6BAB9 /* DatePickerShowView.swift in Sources */ = {isa = PBXBuildFile; fileRef = 0405F9ED2859731700B6BAB9 /* DatePickerShowView.swift */; };
		0405FA992859731700B6BAB9 /* BingdingView1.swift in Sources */ = {isa = PBXBuildFile; fileRef = 0405F9EF2859731700B6BAB9 /* BingdingView1.swift */; };
		0405FA9A2859731700B6BAB9 /* BingdingShowView.swift in Sources */ = {isa = PBXBuildFile; fileRef = 0405F9F02859731700B6BAB9 /* BingdingShowView.swift */; };
		0405FA9B2859731700B6BAB9 /* BingdingView2.swift in Sources */ = {isa = PBXBuildFile; fileRef = 0405F9F12859731700B6BAB9 /* BingdingView2.swift */; };
		0405FA9C2859731700B6BAB9 /* BingdingMainView.swift in Sources */ = {isa = PBXBuildFile; fileRef = 0405F9F22859731700B6BAB9 /* BingdingMainView.swift */; };
		0405FA9D2859731700B6BAB9 /* LayoutShowView.swift in Sources */ = {isa = PBXBuildFile; fileRef = 0405F9F42859731700B6BAB9 /* LayoutShowView.swift */; };
		0405FA9E2859731700B6BAB9 /* Layout2SwiftUIView.swift in Sources */ = {isa = PBXBuildFile; fileRef = 0405F9F52859731700B6BAB9 /* Layout2SwiftUIView.swift */; };
		0405FA9F2859731700B6BAB9 /* LayoutMainView.swift in Sources */ = {isa = PBXBuildFile; fileRef = 0405F9F62859731700B6BAB9 /* LayoutMainView.swift */; };
		0405FAA02859731700B6BAB9 /* LayoutSwiftUIView.swift in Sources */ = {isa = PBXBuildFile; fileRef = 0405F9F72859731700B6BAB9 /* LayoutSwiftUIView.swift */; };
		0405FAA12859731700B6BAB9 /* Layout3View.swift in Sources */ = {isa = PBXBuildFile; fileRef = 0405F9F82859731700B6BAB9 /* Layout3View.swift */; };
		0405FAA22859731700B6BAB9 /* Segmented1View.swift in Sources */ = {isa = PBXBuildFile; fileRef = 0405F9FA2859731700B6BAB9 /* Segmented1View.swift */; };
		0405FAA32859731700B6BAB9 /* SegmentedMainView.swift in Sources */ = {isa = PBXBuildFile; fileRef = 0405F9FB2859731700B6BAB9 /* SegmentedMainView.swift */; };
		0405FAA42859731700B6BAB9 /* Segmented3View.swift in Sources */ = {isa = PBXBuildFile; fileRef = 0405F9FC2859731700B6BAB9 /* Segmented3View.swift */; };
		0405FAA52859731700B6BAB9 /* SegmentedShowView.swift in Sources */ = {isa = PBXBuildFile; fileRef = 0405F9FD2859731700B6BAB9 /* SegmentedShowView.swift */; };
		0405FAA62859731700B6BAB9 /* Segmented2View.swift in Sources */ = {isa = PBXBuildFile; fileRef = 0405F9FE2859731700B6BAB9 /* Segmented2View.swift */; };
		0405FAA72859731700B6BAB9 /* Conmmon.swift in Sources */ = {isa = PBXBuildFile; fileRef = 0405FA002859731700B6BAB9 /* Conmmon.swift */; };
		0405FAA92859731700B6BAB9 /* Color+Extension.swift in Sources */ = {isa = PBXBuildFile; fileRef = 0405FA022859731700B6BAB9 /* Color+Extension.swift */; };
		0405FAAA2859731700B6BAB9 /* MathMainView.swift in Sources */ = {isa = PBXBuildFile; fileRef = 0405FA042859731700B6BAB9 /* MathMainView.swift */; };
		0405FAAB2859731700B6BAB9 /* LineGraphSwiftUIView.swift in Sources */ = {isa = PBXBuildFile; fileRef = 0405FA052859731700B6BAB9 /* LineGraphSwiftUIView.swift */; };
		0405FAAC2859731700B6BAB9 /* FanshapedSwiftUIView.swift in Sources */ = {isa = PBXBuildFile; fileRef = 0405FA062859731700B6BAB9 /* FanshapedSwiftUIView.swift */; };
		0405FAAD2859731700B6BAB9 /* MathShowView.swift in Sources */ = {isa = PBXBuildFile; fileRef = 0405FA072859731700B6BAB9 /* MathShowView.swift */; };
		0405FAAE2859731700B6BAB9 /* RectangleSwiftUIView.swift in Sources */ = {isa = PBXBuildFile; fileRef = 0405FA082859731700B6BAB9 /* RectangleSwiftUIView.swift */; };
		0405FAAF2859731700B6BAB9 /* Chart SwiftUIView.swift in Sources */ = {isa = PBXBuildFile; fileRef = 0405FA092859731700B6BAB9 /* Chart SwiftUIView.swift */; };
		0405FAB02859731700B6BAB9 /* TextField2View.swift in Sources */ = {isa = PBXBuildFile; fileRef = 0405FA0B2859731700B6BAB9 /* TextField2View.swift */; };
		0405FAB12859731700B6BAB9 /* TextFieldShowView.swift in Sources */ = {isa = PBXBuildFile; fileRef = 0405FA0C2859731700B6BAB9 /* TextFieldShowView.swift */; };
		0405FAB22859731700B6BAB9 /* TextFieldSwiftUIView.swift in Sources */ = {isa = PBXBuildFile; fileRef = 0405FA0D2859731700B6BAB9 /* TextFieldSwiftUIView.swift */; };
		0405FAB32859731700B6BAB9 /* TextFieldMainView.swift in Sources */ = {isa = PBXBuildFile; fileRef = 0405FA0E2859731700B6BAB9 /* TextFieldMainView.swift */; };
		0405FAB42859731700B6BAB9 /* SliderShowView.swift in Sources */ = {isa = PBXBuildFile; fileRef = 0405FA102859731700B6BAB9 /* SliderShowView.swift */; };
		0405FAB52859731700B6BAB9 /* SliderMainView.swift in Sources */ = {isa = PBXBuildFile; fileRef = 0405FA112859731700B6BAB9 /* SliderMainView.swift */; };
		0405FAB62859731700B6BAB9 /* Slider1View.swift in Sources */ = {isa = PBXBuildFile; fileRef = 0405FA122859731700B6BAB9 /* Slider1View.swift */; };
		0405FAB72859731700B6BAB9 /* AVPlayerShowView.swift in Sources */ = {isa = PBXBuildFile; fileRef = 0405FA142859731700B6BAB9 /* AVPlayerShowView.swift */; };
		0405FAB82859731700B6BAB9 /* AVPlayerView1.swift in Sources */ = {isa = PBXBuildFile; fileRef = 0405FA152859731700B6BAB9 /* AVPlayerView1.swift */; };
		0405FAB92859731700B6BAB9 /* AVPlayerMainView.swift in Sources */ = {isa = PBXBuildFile; fileRef = 0405FA162859731700B6BAB9 /* AVPlayerMainView.swift */; };
		0405FABA2859731700B6BAB9 /* SpaceMainView.swift in Sources */ = {isa = PBXBuildFile; fileRef = 0405FA182859731700B6BAB9 /* SpaceMainView.swift */; };
		0405FABB2859731700B6BAB9 /* SpacerSwiftUIView.swift in Sources */ = {isa = PBXBuildFile; fileRef = 0405FA192859731700B6BAB9 /* SpacerSwiftUIView.swift */; };
		0405FABC2859731700B6BAB9 /* Spacer4SwiftUIView.swift in Sources */ = {isa = PBXBuildFile; fileRef = 0405FA1A2859731700B6BAB9 /* Spacer4SwiftUIView.swift */; };
		0405FABD2859731700B6BAB9 /* SpacerExampleView.swift in Sources */ = {isa = PBXBuildFile; fileRef = 0405FA1B2859731700B6BAB9 /* SpacerExampleView.swift */; };
		0405FABE2859731700B6BAB9 /* Spacer3SwiftUIView.swift in Sources */ = {isa = PBXBuildFile; fileRef = 0405FA1C2859731700B6BAB9 /* Spacer3SwiftUIView.swift */; };
		0405FABF2859731700B6BAB9 /* ShapesView.swift in Sources */ = {isa = PBXBuildFile; fileRef = 0405FA1D2859731700B6BAB9 /* ShapesView.swift */; };
		0405FAC02859731700B6BAB9 /* SpaceShowView.swift in Sources */ = {isa = PBXBuildFile; fileRef = 0405FA1E2859731700B6BAB9 /* SpaceShowView.swift */; };
		0405FAC12859731700B6BAB9 /* Spacer2SwiftUIView.swift in Sources */ = {isa = PBXBuildFile; fileRef = 0405FA1F2859731700B6BAB9 /* Spacer2SwiftUIView.swift */; };
		0405FAC22859731700B6BAB9 /* FameModifierView.swift in Sources */ = {isa = PBXBuildFile; fileRef = 0405FA202859731700B6BAB9 /* FameModifierView.swift */; };
		0405FAC32859731700B6BAB9 /* HStack5SwiftUIView.swift in Sources */ = {isa = PBXBuildFile; fileRef = 0405FA222859731700B6BAB9 /* HStack5SwiftUIView.swift */; };
		0405FAC42859731700B6BAB9 /* HStack4SwiftUIView.swift in Sources */ = {isa = PBXBuildFile; fileRef = 0405FA232859731700B6BAB9 /* HStack4SwiftUIView.swift */; };
		0405FAC52859731700B6BAB9 /* HStack7View.swift in Sources */ = {isa = PBXBuildFile; fileRef = 0405FA242859731700B6BAB9 /* HStack7View.swift */; };
		0405FAC62859731700B6BAB9 /* HStack3SwiftUIView.swift in Sources */ = {isa = PBXBuildFile; fileRef = 0405FA252859731700B6BAB9 /* HStack3SwiftUIView.swift */; };
		0405FAC72859731700B6BAB9 /* HStackSwiftUIView.swift in Sources */ = {isa = PBXBuildFile; fileRef = 0405FA262859731700B6BAB9 /* HStackSwiftUIView.swift */; };
		0405FAC82859731700B6BAB9 /* HStack2SwiftUIView.swift in Sources */ = {isa = PBXBuildFile; fileRef = 0405FA272859731700B6BAB9 /* HStack2SwiftUIView.swift */; };
		0405FAC92859731700B6BAB9 /* LazyHGridView.swift in Sources */ = {isa = PBXBuildFile; fileRef = 0405FA282859731700B6BAB9 /* LazyHGridView.swift */; };
		0405FACA2859731700B6BAB9 /* HStack6SwiftUIView.swift in Sources */ = {isa = PBXBuildFile; fileRef = 0405FA292859731700B6BAB9 /* HStack6SwiftUIView.swift */; };
		0405FACB2859731700B6BAB9 /* MapMainView.swift in Sources */ = {isa = PBXBuildFile; fileRef = 0405FA2B2859731700B6BAB9 /* MapMainView.swift */; };
		0405FACC2859731700B6BAB9 /* Map1View.swift in Sources */ = {isa = PBXBuildFile; fileRef = 0405FA2C2859731700B6BAB9 /* Map1View.swift */; };
		0405FACD2859731700B6BAB9 /* MapShowView.swift in Sources */ = {isa = PBXBuildFile; fileRef = 0405FA2D2859731700B6BAB9 /* MapShowView.swift */; };
		0405FACE2859731700B6BAB9 /* JsonShowView.swift in Sources */ = {isa = PBXBuildFile; fileRef = 0405FA2F2859731700B6BAB9 /* JsonShowView.swift */; };
		0405FACF2859731700B6BAB9 /* JsonSwiftUIView.swift in Sources */ = {isa = PBXBuildFile; fileRef = 0405FA302859731700B6BAB9 /* JsonSwiftUIView.swift */; };
		0405FAD02859731700B6BAB9 /* Json2SwiftUIView.swift in Sources */ = {isa = PBXBuildFile; fileRef = 0405FA312859731700B6BAB9 /* Json2SwiftUIView.swift */; };
		0405FAD12859731700B6BAB9 /* JsonMainView.swift in Sources */ = {isa = PBXBuildFile; fileRef = 0405FA322859731700B6BAB9 /* JsonMainView.swift */; };
		0405FAD22859731700B6BAB9 /* Json3SwiftUIView.swift in Sources */ = {isa = PBXBuildFile; fileRef = 0405FA332859731700B6BAB9 /* Json3SwiftUIView.swift */; };
		0405FAD32859731700B6BAB9 /* ButtonSwiftUIView.swift in Sources */ = {isa = PBXBuildFile; fileRef = 0405FA352859731700B6BAB9 /* ButtonSwiftUIView.swift */; };
		0405FAD42859731700B6BAB9 /* Button4View.swift in Sources */ = {isa = PBXBuildFile; fileRef = 0405FA362859731700B6BAB9 /* Button4View.swift */; };
		0405FAD52859731700B6BAB9 /* Button9View.swift in Sources */ = {isa = PBXBuildFile; fileRef = 0405FA372859731700B6BAB9 /* Button9View.swift */; };
		0405FAD62859731700B6BAB9 /* ButtonShowView.swift in Sources */ = {isa = PBXBuildFile; fileRef = 0405FA382859731700B6BAB9 /* ButtonShowView.swift */; };
		0405FAD72859731700B6BAB9 /* Button2View.swift in Sources */ = {isa = PBXBuildFile; fileRef = 0405FA392859731700B6BAB9 /* Button2View.swift */; };
		0405FAD82859731700B6BAB9 /* Button5View.swift in Sources */ = {isa = PBXBuildFile; fileRef = 0405FA3A2859731700B6BAB9 /* Button5View.swift */; };
		0405FAD92859731700B6BAB9 /* Button8View.swift in Sources */ = {isa = PBXBuildFile; fileRef = 0405FA3B2859731700B6BAB9 /* Button8View.swift */; };
		0405FADA2859731700B6BAB9 /* Button3View.swift in Sources */ = {isa = PBXBuildFile; fileRef = 0405FA3C2859731700B6BAB9 /* Button3View.swift */; };
		0405FADB2859731700B6BAB9 /* Button6View.swift in Sources */ = {isa = PBXBuildFile; fileRef = 0405FA3D2859731700B6BAB9 /* Button6View.swift */; };
		0405FADC2859731700B6BAB9 /* ButtonMainView.swift in Sources */ = {isa = PBXBuildFile; fileRef = 0405FA3E2859731700B6BAB9 /* ButtonMainView.swift */; };
		0405FADD2859731700B6BAB9 /* Button7View.swift in Sources */ = {isa = PBXBuildFile; fileRef = 0405FA3F2859731700B6BAB9 /* Button7View.swift */; };
		0405FADE2859731700B6BAB9 /* GestureSwiftUIView.swift in Sources */ = {isa = PBXBuildFile; fileRef = 0405FA412859731700B6BAB9 /* GestureSwiftUIView.swift */; };
		0405FADF2859731700B6BAB9 /* GestureMainView.swift in Sources */ = {isa = PBXBuildFile; fileRef = 0405FA422859731700B6BAB9 /* GestureMainView.swift */; };
		0405FAE02859731700B6BAB9 /* GeometryReaderSwiftUIView.swift in Sources */ = {isa = PBXBuildFile; fileRef = 0405FA442859731700B6BAB9 /* GeometryReaderSwiftUIView.swift */; };
		0405FAE12859731700B6BAB9 /* GeometryReader3SwiftUIView.swift in Sources */ = {isa = PBXBuildFile; fileRef = 0405FA452859731700B6BAB9 /* GeometryReader3SwiftUIView.swift */; };
		0405FAE22859731700B6BAB9 /* GemoetryReaderMainView.swift in Sources */ = {isa = PBXBuildFile; fileRef = 0405FA462859731700B6BAB9 /* GemoetryReaderMainView.swift */; };
		0405FAE32859731700B6BAB9 /* GeometryReader2SwiftUIView.swift in Sources */ = {isa = PBXBuildFile; fileRef = 0405FA472859731700B6BAB9 /* GeometryReader2SwiftUIView.swift */; };
		0405FAE42859731700B6BAB9 /* GeometryReader5SwiftUIView.swift in Sources */ = {isa = PBXBuildFile; fileRef = 0405FA482859731700B6BAB9 /* GeometryReader5SwiftUIView.swift */; };
		0405FAE52859731700B6BAB9 /* GeometryReader4SwiftUIView.swift in Sources */ = {isa = PBXBuildFile; fileRef = 0405FA492859731700B6BAB9 /* GeometryReader4SwiftUIView.swift */; };
		0405FAE62859731700B6BAB9 /* GemoetryReaderShowView.swift in Sources */ = {isa = PBXBuildFile; fileRef = 0405FA4A2859731700B6BAB9 /* GemoetryReaderShowView.swift */; };
		0405FAE72859731700B6BAB9 /* ListView.swift in Sources */ = {isa = PBXBuildFile; fileRef = 0405FA4C2859731700B6BAB9 /* ListView.swift */; };
		0405FAE82859731700B6BAB9 /* ListGroupedView.swift in Sources */ = {isa = PBXBuildFile; fileRef = 0405FA4D2859731700B6BAB9 /* ListGroupedView.swift */; };
		0405FAE92859731700B6BAB9 /* ListSwiftUIView.swift in Sources */ = {isa = PBXBuildFile; fileRef = 0405FA4E2859731700B6BAB9 /* ListSwiftUIView.swift */; };
		0405FAEA2859731700B6BAB9 /* ListShowView.swift in Sources */ = {isa = PBXBuildFile; fileRef = 0405FA4F2859731700B6BAB9 /* ListShowView.swift */; };
		0405FAEB2859731700B6BAB9 /* CustomerView.swift in Sources */ = {isa = PBXBuildFile; fileRef = 0405FA502859731700B6BAB9 /* CustomerView.swift */; };
		0405FAEC2859731700B6BAB9 /* ListMainSwiftUIView.swift in Sources */ = {isa = PBXBuildFile; fileRef = 0405FA512859731700B6BAB9 /* ListMainSwiftUIView.swift */; };
		0405FAED2859731700B6BAB9 /* ListWithDataView.swift in Sources */ = {isa = PBXBuildFile; fileRef = 0405FA522859731700B6BAB9 /* ListWithDataView.swift */; };
		0405FAEE2859731700B6BAB9 /* Text6View.swift in Sources */ = {isa = PBXBuildFile; fileRef = 0405FA542859731700B6BAB9 /* Text6View.swift */; };
		0405FAEF2859731700B6BAB9 /* TextMainView.swift in Sources */ = {isa = PBXBuildFile; fileRef = 0405FA552859731700B6BAB9 /* TextMainView.swift */; };
		0405FAF02859731700B6BAB9 /* Text1View.swift in Sources */ = {isa = PBXBuildFile; fileRef = 0405FA562859731700B6BAB9 /* Text1View.swift */; };
		0405FAF12859731700B6BAB9 /* Text10View.swift in Sources */ = {isa = PBXBuildFile; fileRef = 0405FA572859731700B6BAB9 /* Text10View.swift */; };
		0405FAF22859731700B6BAB9 /* Text7View.swift in Sources */ = {isa = PBXBuildFile; fileRef = 0405FA582859731700B6BAB9 /* Text7View.swift */; };
		0405FAF32859731700B6BAB9 /* Text2View.swift in Sources */ = {isa = PBXBuildFile; fileRef = 0405FA592859731700B6BAB9 /* Text2View.swift */; };
		0405FAF42859731700B6BAB9 /* TextShowView.swift in Sources */ = {isa = PBXBuildFile; fileRef = 0405FA5A2859731700B6BAB9 /* TextShowView.swift */; };
		0405FAF52859731700B6BAB9 /* Text4View.swift in Sources */ = {isa = PBXBuildFile; fileRef = 0405FA5B2859731700B6BAB9 /* Text4View.swift */; };
		0405FAF62859731700B6BAB9 /* Text9View.swift in Sources */ = {isa = PBXBuildFile; fileRef = 0405FA5C2859731700B6BAB9 /* Text9View.swift */; };
		0405FAF72859731700B6BAB9 /* Text3View.swift in Sources */ = {isa = PBXBuildFile; fileRef = 0405FA5D2859731700B6BAB9 /* Text3View.swift */; };
		0405FAF82859731700B6BAB9 /* Text5View.swift in Sources */ = {isa = PBXBuildFile; fileRef = 0405FA5E2859731700B6BAB9 /* Text5View.swift */; };
		0405FAF92859731700B6BAB9 /* Text8View.swift in Sources */ = {isa = PBXBuildFile; fileRef = 0405FA5F2859731700B6BAB9 /* Text8View.swift */; };
		0405FAFA2859731700B6BAB9 /* SheetMainView.swift in Sources */ = {isa = PBXBuildFile; fileRef = 0405FA612859731700B6BAB9 /* SheetMainView.swift */; };
		0405FAFB2859731700B6BAB9 /* SheetJsonView.swift in Sources */ = {isa = PBXBuildFile; fileRef = 0405FA622859731700B6BAB9 /* SheetJsonView.swift */; };
		0405FAFC2859731700B6BAB9 /* SheetShowView.swift in Sources */ = {isa = PBXBuildFile; fileRef = 0405FA632859731700B6BAB9 /* SheetShowView.swift */; };
		0405FAFD2859731700B6BAB9 /* ZStack2SwiftUIView.swift in Sources */ = {isa = PBXBuildFile; fileRef = 0405FA652859731700B6BAB9 /* ZStack2SwiftUIView.swift */; };
		0405FAFE2859731700B6BAB9 /* ZStackSwiftUIView.swift in Sources */ = {isa = PBXBuildFile; fileRef = 0405FA662859731700B6BAB9 /* ZStackSwiftUIView.swift */; };
		0405FAFF2859731700B6BAB9 /* ZStack3View.swift in Sources */ = {isa = PBXBuildFile; fileRef = 0405FA672859731700B6BAB9 /* ZStack3View.swift */; };
		0405FB002859731800B6BAB9 /* ZStack5SwiftUIView.swift in Sources */ = {isa = PBXBuildFile; fileRef = 0405FA682859731700B6BAB9 /* ZStack5SwiftUIView.swift */; };
		0405FB012859731800B6BAB9 /* VStack3SwiftUIView.swift in Sources */ = {isa = PBXBuildFile; fileRef = 0405FA6A2859731700B6BAB9 /* VStack3SwiftUIView.swift */; };
		0405FB022859731800B6BAB9 /* VStackMainView.swift in Sources */ = {isa = PBXBuildFile; fileRef = 0405FA6B2859731700B6BAB9 /* VStackMainView.swift */; };
		0405FB032859731800B6BAB9 /* VStackSwiftUIView.swift in Sources */ = {isa = PBXBuildFile; fileRef = 0405FA6C2859731700B6BAB9 /* VStackSwiftUIView.swift */; };
		0405FB042859731800B6BAB9 /* VStack2SwiftUIView.swift in Sources */ = {isa = PBXBuildFile; fileRef = 0405FA6D2859731700B6BAB9 /* VStack2SwiftUIView.swift */; };
		0405FB052859731800B6BAB9 /* VStack4SwiftUIView.swift in Sources */ = {isa = PBXBuildFile; fileRef = 0405FA6E2859731700B6BAB9 /* VStack4SwiftUIView.swift */; };
		0405FB062859731800B6BAB9 /* VStackShowView.swift in Sources */ = {isa = PBXBuildFile; fileRef = 0405FA6F2859731700B6BAB9 /* VStackShowView.swift */; };
		0405FB072859731800B6BAB9 /* ChangeAngle.swift in Sources */ = {isa = PBXBuildFile; fileRef = 0405FA722859731700B6BAB9 /* ChangeAngle.swift */; };
		0405FB082859731800B6BAB9 /* ChangeShowView.swift in Sources */ = {isa = PBXBuildFile; fileRef = 0405FA732859731700B6BAB9 /* ChangeShowView.swift */; };
		0405FB092859731800B6BAB9 /* ChangeColor.swift in Sources */ = {isa = PBXBuildFile; fileRef = 0405FA742859731700B6BAB9 /* ChangeColor.swift */; };
		0405FB0A2859731800B6BAB9 /* ChangeShow.swift in Sources */ = {isa = PBXBuildFile; fileRef = 0405FA752859731700B6BAB9 /* ChangeShow.swift */; };
		0405FB0B2859731800B6BAB9 /* ChangePopup.swift in Sources */ = {isa = PBXBuildFile; fileRef = 0405FA762859731700B6BAB9 /* ChangePopup.swift */; };
		0405FB0C2859731800B6BAB9 /* Change.swift in Sources */ = {isa = PBXBuildFile; fileRef = 0405FA772859731700B6BAB9 /* Change.swift */; };
		0405FB0D2859731800B6BAB9 /* ChangeMenu.swift in Sources */ = {isa = PBXBuildFile; fileRef = 0405FA782859731700B6BAB9 /* ChangeMenu.swift */; };
		0405FB0E2859731800B6BAB9 /* ChangePoint.swift in Sources */ = {isa = PBXBuildFile; fileRef = 0405FA792859731700B6BAB9 /* ChangePoint.swift */; };
		0405FB0F2859731800B6BAB9 /* ChangeOffset.swift in Sources */ = {isa = PBXBuildFile; fileRef = 0405FA7A2859731700B6BAB9 /* ChangeOffset.swift */; };
		0405FB102859731800B6BAB9 /* Path2.swift in Sources */ = {isa = PBXBuildFile; fileRef = 0405FA7C2859731700B6BAB9 /* Path2.swift */; };
		0405FB112859731800B6BAB9 /* PathShowVIew.swift in Sources */ = {isa = PBXBuildFile; fileRef = 0405FA7D2859731700B6BAB9 /* PathShowVIew.swift */; };
		0405FB122859731800B6BAB9 /* Path1.swift in Sources */ = {isa = PBXBuildFile; fileRef = 0405FA7E2859731700B6BAB9 /* Path1.swift */; };
		0405FB132859731800B6BAB9 /* Implicit2.swift in Sources */ = {isa = PBXBuildFile; fileRef = 0405FA802859731700B6BAB9 /* Implicit2.swift */; };
		0405FB142859731800B6BAB9 /* Implicit3.swift in Sources */ = {isa = PBXBuildFile; fileRef = 0405FA812859731700B6BAB9 /* Implicit3.swift */; };
		0405FB152859731800B6BAB9 /* Implicit1.swift in Sources */ = {isa = PBXBuildFile; fileRef = 0405FA822859731700B6BAB9 /* Implicit1.swift */; };
		0405FB162859731800B6BAB9 /* ImplicitShowView.swift in Sources */ = {isa = PBXBuildFile; fileRef = 0405FA832859731700B6BAB9 /* ImplicitShowView.swift */; };
		0405FB172859731800B6BAB9 /* AnimationShowView.swift in Sources */ = {isa = PBXBuildFile; fileRef = 0405FA852859731700B6BAB9 /* AnimationShowView.swift */; };
		0405FB182859731800B6BAB9 /* AnimationMainView.swift in Sources */ = {isa = PBXBuildFile; fileRef = 0405FA862859731700B6BAB9 /* AnimationMainView.swift */; };
		04E1BF6628E6DF930096257F /* ListSetting.swift in Sources */ = {isa = PBXBuildFile; fileRef = 04E1BF6528E6DF930096257F /* ListSetting.swift */; };
		04E1BFE728F58F470096257F /* ChartsMainView.swift in Sources */ = {isa = PBXBuildFile; fileRef = 04E1BFE628F58F470096257F /* ChartsMainView.swift */; };
		04E1BFE928F58F7F0096257F /* ChartsShowView.swift in Sources */ = {isa = PBXBuildFile; fileRef = 04E1BFE828F58F7F0096257F /* ChartsShowView.swift */; };
		04E1BFEB28F590D40096257F /* ChartsShow2View.swift in Sources */ = {isa = PBXBuildFile; fileRef = 04E1BFEA28F590D40096257F /* ChartsShow2View.swift */; };
		04E1BFED28F5936E0096257F /* ChartsShow3View.swift in Sources */ = {isa = PBXBuildFile; fileRef = 04E1BFEC28F5936E0096257F /* ChartsShow3View.swift */; };
		04E1BFEF28F593CC0096257F /* ChartsShow4View.swift in Sources */ = {isa = PBXBuildFile; fileRef = 04E1BFEE28F593CC0096257F /* ChartsShow4View.swift */; };
		04E1BFF228F595C90096257F /* DynamicIslandMainView.swift in Sources */ = {isa = PBXBuildFile; fileRef = 04E1BFF128F595C90096257F /* DynamicIslandMainView.swift */; };
		04E1BFF428F595E00096257F /* DynamicIslandShowView.swift in Sources */ = {isa = PBXBuildFile; fileRef = 04E1BFF328F595E00096257F /* DynamicIslandShowView.swift */; };
		04E1BFF628F596090096257F /* DynamicIslandShow2View.swift in Sources */ = {isa = PBXBuildFile; fileRef = 04E1BFF528F596090096257F /* DynamicIslandShow2View.swift */; };
/* End PBXBuildFile section */

/* Begin PBXFileReference section */
		0405F9C62859730200B6BAB9 /* SwiftUI4.0-Example.app */ = {isa = PBXFileReference; explicitFileType = wrapper.application; includeInIndex = 0; path = "SwiftUI4.0-Example.app"; sourceTree = BUILT_PRODUCTS_DIR; };
		0405F9C92859730200B6BAB9 /* SwiftUI4_0_ExampleApp.swift */ = {isa = PBXFileReference; lastKnownFileType = sourcecode.swift; path = SwiftUI4_0_ExampleApp.swift; sourceTree = "<group>"; };
		0405F9CB2859730200B6BAB9 /* ContentView.swift */ = {isa = PBXFileReference; lastKnownFileType = sourcecode.swift; path = ContentView.swift; sourceTree = "<group>"; };
		0405F9CD2859730300B6BAB9 /* Assets.xcassets */ = {isa = PBXFileReference; lastKnownFileType = folder.assetcatalog; path = Assets.xcassets; sourceTree = "<group>"; };
		0405F9D02859730300B6BAB9 /* Preview Assets.xcassets */ = {isa = PBXFileReference; lastKnownFileType = folder.assetcatalog; path = "Preview Assets.xcassets"; sourceTree = "<group>"; };
		0405F9D92859731700B6BAB9 /* ScrollMainView.swift */ = {isa = PBXFileReference; fileEncoding = 4; lastKnownFileType = sourcecode.swift; path = ScrollMainView.swift; sourceTree = "<group>"; };
		0405F9DA2859731700B6BAB9 /* ScrollView2SwiftUIView.swift */ = {isa = PBXFileReference; fileEncoding = 4; lastKnownFileType = sourcecode.swift; path = ScrollView2SwiftUIView.swift; sourceTree = "<group>"; };
		0405F9DB2859731700B6BAB9 /* ScrollViewSwiftUIView.swift */ = {isa = PBXFileReference; fileEncoding = 4; lastKnownFileType = sourcecode.swift; path = ScrollViewSwiftUIView.swift; sourceTree = "<group>"; };
		0405F9DC2859731700B6BAB9 /* ScrollShowView.swift */ = {isa = PBXFileReference; fileEncoding = 4; lastKnownFileType = sourcecode.swift; path = ScrollShowView.swift; sourceTree = "<group>"; };
		0405F9DE2859731700B6BAB9 /* NavigationSwiftUIView.swift */ = {isa = PBXFileReference; fileEncoding = 4; lastKnownFileType = sourcecode.swift; path = NavigationSwiftUIView.swift; sourceTree = "<group>"; };
		0405F9DF2859731700B6BAB9 /* NavigationShowView.swift */ = {isa = PBXFileReference; fileEncoding = 4; lastKnownFileType = sourcecode.swift; path = NavigationShowView.swift; sourceTree = "<group>"; };
		0405F9E12859731700B6BAB9 /* Form1View.swift */ = {isa = PBXFileReference; fileEncoding = 4; lastKnownFileType = sourcecode.swift; path = Form1View.swift; sourceTree = "<group>"; };
		0405F9E22859731700B6BAB9 /* FormShowView.swift */ = {isa = PBXFileReference; fileEncoding = 4; lastKnownFileType = sourcecode.swift; path = FormShowView.swift; sourceTree = "<group>"; };
		0405F9E32859731700B6BAB9 /* Form3View.swift */ = {isa = PBXFileReference; fileEncoding = 4; lastKnownFileType = sourcecode.swift; path = Form3View.swift; sourceTree = "<group>"; };
		0405F9E42859731700B6BAB9 /* Form5View.swift */ = {isa = PBXFileReference; fileEncoding = 4; lastKnownFileType = sourcecode.swift; path = Form5View.swift; sourceTree = "<group>"; };
		0405F9E52859731700B6BAB9 /* FormMainView.swift */ = {isa = PBXFileReference; fileEncoding = 4; lastKnownFileType = sourcecode.swift; path = FormMainView.swift; sourceTree = "<group>"; };
		0405F9E62859731700B6BAB9 /* Form2View.swift */ = {isa = PBXFileReference; fileEncoding = 4; lastKnownFileType = sourcecode.swift; path = Form2View.swift; sourceTree = "<group>"; };
		0405F9E72859731700B6BAB9 /* Form4View.swift */ = {isa = PBXFileReference; fileEncoding = 4; lastKnownFileType = sourcecode.swift; path = Form4View.swift; sourceTree = "<group>"; };
		0405F9E92859731700B6BAB9 /* DatePickerMainView.swift */ = {isa = PBXFileReference; fileEncoding = 4; lastKnownFileType = sourcecode.swift; path = DatePickerMainView.swift; sourceTree = "<group>"; };
		0405F9EA2859731700B6BAB9 /* Picker3View.swift */ = {isa = PBXFileReference; fileEncoding = 4; lastKnownFileType = sourcecode.swift; path = Picker3View.swift; sourceTree = "<group>"; };
		0405F9EC2859731700B6BAB9 /* DatePickerView.swift */ = {isa = PBXFileReference; fileEncoding = 4; lastKnownFileType = sourcecode.swift; path = DatePickerView.swift; sourceTree = "<group>"; };
		0405F9ED2859731700B6BAB9 /* DatePickerShowView.swift */ = {isa = PBXFileReference; fileEncoding = 4; lastKnownFileType = sourcecode.swift; path = DatePickerShowView.swift; sourceTree = "<group>"; };
		0405F9EF2859731700B6BAB9 /* BingdingView1.swift */ = {isa = PBXFileReference; fileEncoding = 4; lastKnownFileType = sourcecode.swift; path = BingdingView1.swift; sourceTree = "<group>"; };
		0405F9F02859731700B6BAB9 /* BingdingShowView.swift */ = {isa = PBXFileReference; fileEncoding = 4; lastKnownFileType = sourcecode.swift; path = BingdingShowView.swift; sourceTree = "<group>"; };
		0405F9F12859731700B6BAB9 /* BingdingView2.swift */ = {isa = PBXFileReference; fileEncoding = 4; lastKnownFileType = sourcecode.swift; path = BingdingView2.swift; sourceTree = "<group>"; };
		0405F9F22859731700B6BAB9 /* BingdingMainView.swift */ = {isa = PBXFileReference; fileEncoding = 4; lastKnownFileType = sourcecode.swift; path = BingdingMainView.swift; sourceTree = "<group>"; };
		0405F9F42859731700B6BAB9 /* LayoutShowView.swift */ = {isa = PBXFileReference; fileEncoding = 4; lastKnownFileType = sourcecode.swift; path = LayoutShowView.swift; sourceTree = "<group>"; };
		0405F9F52859731700B6BAB9 /* Layout2SwiftUIView.swift */ = {isa = PBXFileReference; fileEncoding = 4; lastKnownFileType = sourcecode.swift; path = Layout2SwiftUIView.swift; sourceTree = "<group>"; };
		0405F9F62859731700B6BAB9 /* LayoutMainView.swift */ = {isa = PBXFileReference; fileEncoding = 4; lastKnownFileType = sourcecode.swift; path = LayoutMainView.swift; sourceTree = "<group>"; };
		0405F9F72859731700B6BAB9 /* LayoutSwiftUIView.swift */ = {isa = PBXFileReference; fileEncoding = 4; lastKnownFileType = sourcecode.swift; path = LayoutSwiftUIView.swift; sourceTree = "<group>"; };
		0405F9F82859731700B6BAB9 /* Layout3View.swift */ = {isa = PBXFileReference; fileEncoding = 4; lastKnownFileType = sourcecode.swift; path = Layout3View.swift; sourceTree = "<group>"; };
		0405F9FA2859731700B6BAB9 /* Segmented1View.swift */ = {isa = PBXFileReference; fileEncoding = 4; lastKnownFileType = sourcecode.swift; path = Segmented1View.swift; sourceTree = "<group>"; };
		0405F9FB2859731700B6BAB9 /* SegmentedMainView.swift */ = {isa = PBXFileReference; fileEncoding = 4; lastKnownFileType = sourcecode.swift; path = SegmentedMainView.swift; sourceTree = "<group>"; };
		0405F9FC2859731700B6BAB9 /* Segmented3View.swift */ = {isa = PBXFileReference; fileEncoding = 4; lastKnownFileType = sourcecode.swift; path = Segmented3View.swift; sourceTree = "<group>"; };
		0405F9FD2859731700B6BAB9 /* SegmentedShowView.swift */ = {isa = PBXFileReference; fileEncoding = 4; lastKnownFileType = sourcecode.swift; path = SegmentedShowView.swift; sourceTree = "<group>"; };
		0405F9FE2859731700B6BAB9 /* Segmented2View.swift */ = {isa = PBXFileReference; fileEncoding = 4; lastKnownFileType = sourcecode.swift; path = Segmented2View.swift; sourceTree = "<group>"; };
		0405FA002859731700B6BAB9 /* Conmmon.swift */ = {isa = PBXFileReference; fileEncoding = 4; lastKnownFileType = sourcecode.swift; path = Conmmon.swift; sourceTree = "<group>"; };
		0405FA022859731700B6BAB9 /* Color+Extension.swift */ = {isa = PBXFileReference; fileEncoding = 4; lastKnownFileType = sourcecode.swift; path = "Color+Extension.swift"; sourceTree = "<group>"; };
		0405FA042859731700B6BAB9 /* MathMainView.swift */ = {isa = PBXFileReference; fileEncoding = 4; lastKnownFileType = sourcecode.swift; path = MathMainView.swift; sourceTree = "<group>"; };
		0405FA052859731700B6BAB9 /* LineGraphSwiftUIView.swift */ = {isa = PBXFileReference; fileEncoding = 4; lastKnownFileType = sourcecode.swift; path = LineGraphSwiftUIView.swift; sourceTree = "<group>"; };
		0405FA062859731700B6BAB9 /* FanshapedSwiftUIView.swift */ = {isa = PBXFileReference; fileEncoding = 4; lastKnownFileType = sourcecode.swift; path = FanshapedSwiftUIView.swift; sourceTree = "<group>"; };
		0405FA072859731700B6BAB9 /* MathShowView.swift */ = {isa = PBXFileReference; fileEncoding = 4; lastKnownFileType = sourcecode.swift; path = MathShowView.swift; sourceTree = "<group>"; };
		0405FA082859731700B6BAB9 /* RectangleSwiftUIView.swift */ = {isa = PBXFileReference; fileEncoding = 4; lastKnownFileType = sourcecode.swift; path = RectangleSwiftUIView.swift; sourceTree = "<group>"; };
		0405FA092859731700B6BAB9 /* Chart SwiftUIView.swift */ = {isa = PBXFileReference; fileEncoding = 4; lastKnownFileType = sourcecode.swift; path = "Chart SwiftUIView.swift"; sourceTree = "<group>"; };
		0405FA0B2859731700B6BAB9 /* TextField2View.swift */ = {isa = PBXFileReference; fileEncoding = 4; lastKnownFileType = sourcecode.swift; path = TextField2View.swift; sourceTree = "<group>"; };
		0405FA0C2859731700B6BAB9 /* TextFieldShowView.swift */ = {isa = PBXFileReference; fileEncoding = 4; lastKnownFileType = sourcecode.swift; path = TextFieldShowView.swift; sourceTree = "<group>"; };
		0405FA0D2859731700B6BAB9 /* TextFieldSwiftUIView.swift */ = {isa = PBXFileReference; fileEncoding = 4; lastKnownFileType = sourcecode.swift; path = TextFieldSwiftUIView.swift; sourceTree = "<group>"; };
		0405FA0E2859731700B6BAB9 /* TextFieldMainView.swift */ = {isa = PBXFileReference; fileEncoding = 4; lastKnownFileType = sourcecode.swift; path = TextFieldMainView.swift; sourceTree = "<group>"; };
		0405FA102859731700B6BAB9 /* SliderShowView.swift */ = {isa = PBXFileReference; fileEncoding = 4; lastKnownFileType = sourcecode.swift; path = SliderShowView.swift; sourceTree = "<group>"; };
		0405FA112859731700B6BAB9 /* SliderMainView.swift */ = {isa = PBXFileReference; fileEncoding = 4; lastKnownFileType = sourcecode.swift; path = SliderMainView.swift; sourceTree = "<group>"; };
		0405FA122859731700B6BAB9 /* Slider1View.swift */ = {isa = PBXFileReference; fileEncoding = 4; lastKnownFileType = sourcecode.swift; path = Slider1View.swift; sourceTree = "<group>"; };
		0405FA142859731700B6BAB9 /* AVPlayerShowView.swift */ = {isa = PBXFileReference; fileEncoding = 4; lastKnownFileType = sourcecode.swift; path = AVPlayerShowView.swift; sourceTree = "<group>"; };
		0405FA152859731700B6BAB9 /* AVPlayerView1.swift */ = {isa = PBXFileReference; fileEncoding = 4; lastKnownFileType = sourcecode.swift; path = AVPlayerView1.swift; sourceTree = "<group>"; };
		0405FA162859731700B6BAB9 /* AVPlayerMainView.swift */ = {isa = PBXFileReference; fileEncoding = 4; lastKnownFileType = sourcecode.swift; path = AVPlayerMainView.swift; sourceTree = "<group>"; };
		0405FA182859731700B6BAB9 /* SpaceMainView.swift */ = {isa = PBXFileReference; fileEncoding = 4; lastKnownFileType = sourcecode.swift; path = SpaceMainView.swift; sourceTree = "<group>"; };
		0405FA192859731700B6BAB9 /* SpacerSwiftUIView.swift */ = {isa = PBXFileReference; fileEncoding = 4; lastKnownFileType = sourcecode.swift; path = SpacerSwiftUIView.swift; sourceTree = "<group>"; };
		0405FA1A2859731700B6BAB9 /* Spacer4SwiftUIView.swift */ = {isa = PBXFileReference; fileEncoding = 4; lastKnownFileType = sourcecode.swift; path = Spacer4SwiftUIView.swift; sourceTree = "<group>"; };
		0405FA1B2859731700B6BAB9 /* SpacerExampleView.swift */ = {isa = PBXFileReference; fileEncoding = 4; lastKnownFileType = sourcecode.swift; path = SpacerExampleView.swift; sourceTree = "<group>"; };
		0405FA1C2859731700B6BAB9 /* Spacer3SwiftUIView.swift */ = {isa = PBXFileReference; fileEncoding = 4; lastKnownFileType = sourcecode.swift; path = Spacer3SwiftUIView.swift; sourceTree = "<group>"; };
		0405FA1D2859731700B6BAB9 /* ShapesView.swift */ = {isa = PBXFileReference; fileEncoding = 4; lastKnownFileType = sourcecode.swift; path = ShapesView.swift; sourceTree = "<group>"; };
		0405FA1E2859731700B6BAB9 /* SpaceShowView.swift */ = {isa = PBXFileReference; fileEncoding = 4; lastKnownFileType = sourcecode.swift; path = SpaceShowView.swift; sourceTree = "<group>"; };
		0405FA1F2859731700B6BAB9 /* Spacer2SwiftUIView.swift */ = {isa = PBXFileReference; fileEncoding = 4; lastKnownFileType = sourcecode.swift; path = Spacer2SwiftUIView.swift; sourceTree = "<group>"; };
		0405FA202859731700B6BAB9 /* FameModifierView.swift */ = {isa = PBXFileReference; fileEncoding = 4; lastKnownFileType = sourcecode.swift; path = FameModifierView.swift; sourceTree = "<group>"; };
		0405FA222859731700B6BAB9 /* HStack5SwiftUIView.swift */ = {isa = PBXFileReference; fileEncoding = 4; lastKnownFileType = sourcecode.swift; path = HStack5SwiftUIView.swift; sourceTree = "<group>"; };
		0405FA232859731700B6BAB9 /* HStack4SwiftUIView.swift */ = {isa = PBXFileReference; fileEncoding = 4; lastKnownFileType = sourcecode.swift; path = HStack4SwiftUIView.swift; sourceTree = "<group>"; };
		0405FA242859731700B6BAB9 /* HStack7View.swift */ = {isa = PBXFileReference; fileEncoding = 4; lastKnownFileType = sourcecode.swift; path = HStack7View.swift; sourceTree = "<group>"; };
		0405FA252859731700B6BAB9 /* HStack3SwiftUIView.swift */ = {isa = PBXFileReference; fileEncoding = 4; lastKnownFileType = sourcecode.swift; path = HStack3SwiftUIView.swift; sourceTree = "<group>"; };
		0405FA262859731700B6BAB9 /* HStackSwiftUIView.swift */ = {isa = PBXFileReference; fileEncoding = 4; lastKnownFileType = sourcecode.swift; path = HStackSwiftUIView.swift; sourceTree = "<group>"; };
		0405FA272859731700B6BAB9 /* HStack2SwiftUIView.swift */ = {isa = PBXFileReference; fileEncoding = 4; lastKnownFileType = sourcecode.swift; path = HStack2SwiftUIView.swift; sourceTree = "<group>"; };
		0405FA282859731700B6BAB9 /* LazyHGridView.swift */ = {isa = PBXFileReference; fileEncoding = 4; lastKnownFileType = sourcecode.swift; path = LazyHGridView.swift; sourceTree = "<group>"; };
		0405FA292859731700B6BAB9 /* HStack6SwiftUIView.swift */ = {isa = PBXFileReference; fileEncoding = 4; lastKnownFileType = sourcecode.swift; path = HStack6SwiftUIView.swift; sourceTree = "<group>"; };
		0405FA2B2859731700B6BAB9 /* MapMainView.swift */ = {isa = PBXFileReference; fileEncoding = 4; lastKnownFileType = sourcecode.swift; path = MapMainView.swift; sourceTree = "<group>"; };
		0405FA2C2859731700B6BAB9 /* Map1View.swift */ = {isa = PBXFileReference; fileEncoding = 4; lastKnownFileType = sourcecode.swift; path = Map1View.swift; sourceTree = "<group>"; };
		0405FA2D2859731700B6BAB9 /* MapShowView.swift */ = {isa = PBXFileReference; fileEncoding = 4; lastKnownFileType = sourcecode.swift; path = MapShowView.swift; sourceTree = "<group>"; };
		0405FA2F2859731700B6BAB9 /* JsonShowView.swift */ = {isa = PBXFileReference; fileEncoding = 4; lastKnownFileType = sourcecode.swift; path = JsonShowView.swift; sourceTree = "<group>"; };
		0405FA302859731700B6BAB9 /* JsonSwiftUIView.swift */ = {isa = PBXFileReference; fileEncoding = 4; lastKnownFileType = sourcecode.swift; path = JsonSwiftUIView.swift; sourceTree = "<group>"; };
		0405FA312859731700B6BAB9 /* Json2SwiftUIView.swift */ = {isa = PBXFileReference; fileEncoding = 4; lastKnownFileType = sourcecode.swift; path = Json2SwiftUIView.swift; sourceTree = "<group>"; };
		0405FA322859731700B6BAB9 /* JsonMainView.swift */ = {isa = PBXFileReference; fileEncoding = 4; lastKnownFileType = sourcecode.swift; path = JsonMainView.swift; sourceTree = "<group>"; };
		0405FA332859731700B6BAB9 /* Json3SwiftUIView.swift */ = {isa = PBXFileReference; fileEncoding = 4; lastKnownFileType = sourcecode.swift; path = Json3SwiftUIView.swift; sourceTree = "<group>"; };
		0405FA352859731700B6BAB9 /* ButtonSwiftUIView.swift */ = {isa = PBXFileReference; fileEncoding = 4; lastKnownFileType = sourcecode.swift; path = ButtonSwiftUIView.swift; sourceTree = "<group>"; };
		0405FA362859731700B6BAB9 /* Button4View.swift */ = {isa = PBXFileReference; fileEncoding = 4; lastKnownFileType = sourcecode.swift; path = Button4View.swift; sourceTree = "<group>"; };
		0405FA372859731700B6BAB9 /* Button9View.swift */ = {isa = PBXFileReference; fileEncoding = 4; lastKnownFileType = sourcecode.swift; path = Button9View.swift; sourceTree = "<group>"; };
		0405FA382859731700B6BAB9 /* ButtonShowView.swift */ = {isa = PBXFileReference; fileEncoding = 4; lastKnownFileType = sourcecode.swift; path = ButtonShowView.swift; sourceTree = "<group>"; };
		0405FA392859731700B6BAB9 /* Button2View.swift */ = {isa = PBXFileReference; fileEncoding = 4; lastKnownFileType = sourcecode.swift; path = Button2View.swift; sourceTree = "<group>"; };
		0405FA3A2859731700B6BAB9 /* Button5View.swift */ = {isa = PBXFileReference; fileEncoding = 4; lastKnownFileType = sourcecode.swift; path = Button5View.swift; sourceTree = "<group>"; };
		0405FA3B2859731700B6BAB9 /* Button8View.swift */ = {isa = PBXFileReference; fileEncoding = 4; lastKnownFileType = sourcecode.swift; path = Button8View.swift; sourceTree = "<group>"; };
		0405FA3C2859731700B6BAB9 /* Button3View.swift */ = {isa = PBXFileReference; fileEncoding = 4; lastKnownFileType = sourcecode.swift; path = Button3View.swift; sourceTree = "<group>"; };
		0405FA3D2859731700B6BAB9 /* Button6View.swift */ = {isa = PBXFileReference; fileEncoding = 4; lastKnownFileType = sourcecode.swift; path = Button6View.swift; sourceTree = "<group>"; };
		0405FA3E2859731700B6BAB9 /* ButtonMainView.swift */ = {isa = PBXFileReference; fileEncoding = 4; lastKnownFileType = sourcecode.swift; path = ButtonMainView.swift; sourceTree = "<group>"; };
		0405FA3F2859731700B6BAB9 /* Button7View.swift */ = {isa = PBXFileReference; fileEncoding = 4; lastKnownFileType = sourcecode.swift; path = Button7View.swift; sourceTree = "<group>"; };
		0405FA412859731700B6BAB9 /* GestureSwiftUIView.swift */ = {isa = PBXFileReference; fileEncoding = 4; lastKnownFileType = sourcecode.swift; path = GestureSwiftUIView.swift; sourceTree = "<group>"; };
		0405FA422859731700B6BAB9 /* GestureMainView.swift */ = {isa = PBXFileReference; fileEncoding = 4; lastKnownFileType = sourcecode.swift; path = GestureMainView.swift; sourceTree = "<group>"; };
		0405FA442859731700B6BAB9 /* GeometryReaderSwiftUIView.swift */ = {isa = PBXFileReference; fileEncoding = 4; lastKnownFileType = sourcecode.swift; path = GeometryReaderSwiftUIView.swift; sourceTree = "<group>"; };
		0405FA452859731700B6BAB9 /* GeometryReader3SwiftUIView.swift */ = {isa = PBXFileReference; fileEncoding = 4; lastKnownFileType = sourcecode.swift; path = GeometryReader3SwiftUIView.swift; sourceTree = "<group>"; };
		0405FA462859731700B6BAB9 /* GemoetryReaderMainView.swift */ = {isa = PBXFileReference; fileEncoding = 4; lastKnownFileType = sourcecode.swift; path = GemoetryReaderMainView.swift; sourceTree = "<group>"; };
		0405FA472859731700B6BAB9 /* GeometryReader2SwiftUIView.swift */ = {isa = PBXFileReference; fileEncoding = 4; lastKnownFileType = sourcecode.swift; path = GeometryReader2SwiftUIView.swift; sourceTree = "<group>"; };
		0405FA482859731700B6BAB9 /* GeometryReader5SwiftUIView.swift */ = {isa = PBXFileReference; fileEncoding = 4; lastKnownFileType = sourcecode.swift; path = GeometryReader5SwiftUIView.swift; sourceTree = "<group>"; };
		0405FA492859731700B6BAB9 /* GeometryReader4SwiftUIView.swift */ = {isa = PBXFileReference; fileEncoding = 4; lastKnownFileType = sourcecode.swift; path = GeometryReader4SwiftUIView.swift; sourceTree = "<group>"; };
		0405FA4A2859731700B6BAB9 /* GemoetryReaderShowView.swift */ = {isa = PBXFileReference; fileEncoding = 4; lastKnownFileType = sourcecode.swift; path = GemoetryReaderShowView.swift; sourceTree = "<group>"; };
		0405FA4C2859731700B6BAB9 /* ListView.swift */ = {isa = PBXFileReference; fileEncoding = 4; lastKnownFileType = sourcecode.swift; path = ListView.swift; sourceTree = "<group>"; };
		0405FA4D2859731700B6BAB9 /* ListGroupedView.swift */ = {isa = PBXFileReference; fileEncoding = 4; lastKnownFileType = sourcecode.swift; path = ListGroupedView.swift; sourceTree = "<group>"; };
		0405FA4E2859731700B6BAB9 /* ListSwiftUIView.swift */ = {isa = PBXFileReference; fileEncoding = 4; lastKnownFileType = sourcecode.swift; path = ListSwiftUIView.swift; sourceTree = "<group>"; };
		0405FA4F2859731700B6BAB9 /* ListShowView.swift */ = {isa = PBXFileReference; fileEncoding = 4; lastKnownFileType = sourcecode.swift; path = ListShowView.swift; sourceTree = "<group>"; };
		0405FA502859731700B6BAB9 /* CustomerView.swift */ = {isa = PBXFileReference; fileEncoding = 4; lastKnownFileType = sourcecode.swift; path = CustomerView.swift; sourceTree = "<group>"; };
		0405FA512859731700B6BAB9 /* ListMainSwiftUIView.swift */ = {isa = PBXFileReference; fileEncoding = 4; lastKnownFileType = sourcecode.swift; path = ListMainSwiftUIView.swift; sourceTree = "<group>"; };
		0405FA522859731700B6BAB9 /* ListWithDataView.swift */ = {isa = PBXFileReference; fileEncoding = 4; lastKnownFileType = sourcecode.swift; path = ListWithDataView.swift; sourceTree = "<group>"; };
		0405FA542859731700B6BAB9 /* Text6View.swift */ = {isa = PBXFileReference; fileEncoding = 4; lastKnownFileType = sourcecode.swift; path = Text6View.swift; sourceTree = "<group>"; };
		0405FA552859731700B6BAB9 /* TextMainView.swift */ = {isa = PBXFileReference; fileEncoding = 4; lastKnownFileType = sourcecode.swift; path = TextMainView.swift; sourceTree = "<group>"; };
		0405FA562859731700B6BAB9 /* Text1View.swift */ = {isa = PBXFileReference; fileEncoding = 4; lastKnownFileType = sourcecode.swift; path = Text1View.swift; sourceTree = "<group>"; };
		0405FA572859731700B6BAB9 /* Text10View.swift */ = {isa = PBXFileReference; fileEncoding = 4; lastKnownFileType = sourcecode.swift; path = Text10View.swift; sourceTree = "<group>"; };
		0405FA582859731700B6BAB9 /* Text7View.swift */ = {isa = PBXFileReference; fileEncoding = 4; lastKnownFileType = sourcecode.swift; path = Text7View.swift; sourceTree = "<group>"; };
		0405FA592859731700B6BAB9 /* Text2View.swift */ = {isa = PBXFileReference; fileEncoding = 4; lastKnownFileType = sourcecode.swift; path = Text2View.swift; sourceTree = "<group>"; };
		0405FA5A2859731700B6BAB9 /* TextShowView.swift */ = {isa = PBXFileReference; fileEncoding = 4; lastKnownFileType = sourcecode.swift; path = TextShowView.swift; sourceTree = "<group>"; };
		0405FA5B2859731700B6BAB9 /* Text4View.swift */ = {isa = PBXFileReference; fileEncoding = 4; lastKnownFileType = sourcecode.swift; path = Text4View.swift; sourceTree = "<group>"; };
		0405FA5C2859731700B6BAB9 /* Text9View.swift */ = {isa = PBXFileReference; fileEncoding = 4; lastKnownFileType = sourcecode.swift; path = Text9View.swift; sourceTree = "<group>"; };
		0405FA5D2859731700B6BAB9 /* Text3View.swift */ = {isa = PBXFileReference; fileEncoding = 4; lastKnownFileType = sourcecode.swift; path = Text3View.swift; sourceTree = "<group>"; };
		0405FA5E2859731700B6BAB9 /* Text5View.swift */ = {isa = PBXFileReference; fileEncoding = 4; lastKnownFileType = sourcecode.swift; path = Text5View.swift; sourceTree = "<group>"; };
		0405FA5F2859731700B6BAB9 /* Text8View.swift */ = {isa = PBXFileReference; fileEncoding = 4; lastKnownFileType = sourcecode.swift; path = Text8View.swift; sourceTree = "<group>"; };
		0405FA612859731700B6BAB9 /* SheetMainView.swift */ = {isa = PBXFileReference; fileEncoding = 4; lastKnownFileType = sourcecode.swift; path = SheetMainView.swift; sourceTree = "<group>"; };
		0405FA622859731700B6BAB9 /* SheetJsonView.swift */ = {isa = PBXFileReference; fileEncoding = 4; lastKnownFileType = sourcecode.swift; path = SheetJsonView.swift; sourceTree = "<group>"; };
		0405FA632859731700B6BAB9 /* SheetShowView.swift */ = {isa = PBXFileReference; fileEncoding = 4; lastKnownFileType = sourcecode.swift; path = SheetShowView.swift; sourceTree = "<group>"; };
		0405FA652859731700B6BAB9 /* ZStack2SwiftUIView.swift */ = {isa = PBXFileReference; fileEncoding = 4; lastKnownFileType = sourcecode.swift; path = ZStack2SwiftUIView.swift; sourceTree = "<group>"; };
		0405FA662859731700B6BAB9 /* ZStackSwiftUIView.swift */ = {isa = PBXFileReference; fileEncoding = 4; lastKnownFileType = sourcecode.swift; path = ZStackSwiftUIView.swift; sourceTree = "<group>"; };
		0405FA672859731700B6BAB9 /* ZStack3View.swift */ = {isa = PBXFileReference; fileEncoding = 4; lastKnownFileType = sourcecode.swift; path = ZStack3View.swift; sourceTree = "<group>"; };
		0405FA682859731700B6BAB9 /* ZStack5SwiftUIView.swift */ = {isa = PBXFileReference; fileEncoding = 4; lastKnownFileType = sourcecode.swift; path = ZStack5SwiftUIView.swift; sourceTree = "<group>"; };
		0405FA6A2859731700B6BAB9 /* VStack3SwiftUIView.swift */ = {isa = PBXFileReference; fileEncoding = 4; lastKnownFileType = sourcecode.swift; path = VStack3SwiftUIView.swift; sourceTree = "<group>"; };
		0405FA6B2859731700B6BAB9 /* VStackMainView.swift */ = {isa = PBXFileReference; fileEncoding = 4; lastKnownFileType = sourcecode.swift; path = VStackMainView.swift; sourceTree = "<group>"; };
		0405FA6C2859731700B6BAB9 /* VStackSwiftUIView.swift */ = {isa = PBXFileReference; fileEncoding = 4; lastKnownFileType = sourcecode.swift; path = VStackSwiftUIView.swift; sourceTree = "<group>"; };
		0405FA6D2859731700B6BAB9 /* VStack2SwiftUIView.swift */ = {isa = PBXFileReference; fileEncoding = 4; lastKnownFileType = sourcecode.swift; path = VStack2SwiftUIView.swift; sourceTree = "<group>"; };
		0405FA6E2859731700B6BAB9 /* VStack4SwiftUIView.swift */ = {isa = PBXFileReference; fileEncoding = 4; lastKnownFileType = sourcecode.swift; path = VStack4SwiftUIView.swift; sourceTree = "<group>"; };
		0405FA6F2859731700B6BAB9 /* VStackShowView.swift */ = {isa = PBXFileReference; fileEncoding = 4; lastKnownFileType = sourcecode.swift; path = VStackShowView.swift; sourceTree = "<group>"; };
		0405FA722859731700B6BAB9 /* ChangeAngle.swift */ = {isa = PBXFileReference; fileEncoding = 4; lastKnownFileType = sourcecode.swift; path = ChangeAngle.swift; sourceTree = "<group>"; };
		0405FA732859731700B6BAB9 /* ChangeShowView.swift */ = {isa = PBXFileReference; fileEncoding = 4; lastKnownFileType = sourcecode.swift; path = ChangeShowView.swift; sourceTree = "<group>"; };
		0405FA742859731700B6BAB9 /* ChangeColor.swift */ = {isa = PBXFileReference; fileEncoding = 4; lastKnownFileType = sourcecode.swift; path = ChangeColor.swift; sourceTree = "<group>"; };
		0405FA752859731700B6BAB9 /* ChangeShow.swift */ = {isa = PBXFileReference; fileEncoding = 4; lastKnownFileType = sourcecode.swift; path = ChangeShow.swift; sourceTree = "<group>"; };
		0405FA762859731700B6BAB9 /* ChangePopup.swift */ = {isa = PBXFileReference; fileEncoding = 4; lastKnownFileType = sourcecode.swift; path = ChangePopup.swift; sourceTree = "<group>"; };
		0405FA772859731700B6BAB9 /* Change.swift */ = {isa = PBXFileReference; fileEncoding = 4; lastKnownFileType = sourcecode.swift; path = Change.swift; sourceTree = "<group>"; };
		0405FA782859731700B6BAB9 /* ChangeMenu.swift */ = {isa = PBXFileReference; fileEncoding = 4; lastKnownFileType = sourcecode.swift; path = ChangeMenu.swift; sourceTree = "<group>"; };
		0405FA792859731700B6BAB9 /* ChangePoint.swift */ = {isa = PBXFileReference; fileEncoding = 4; lastKnownFileType = sourcecode.swift; path = ChangePoint.swift; sourceTree = "<group>"; };
		0405FA7A2859731700B6BAB9 /* ChangeOffset.swift */ = {isa = PBXFileReference; fileEncoding = 4; lastKnownFileType = sourcecode.swift; path = ChangeOffset.swift; sourceTree = "<group>"; };
		0405FA7C2859731700B6BAB9 /* Path2.swift */ = {isa = PBXFileReference; fileEncoding = 4; lastKnownFileType = sourcecode.swift; path = Path2.swift; sourceTree = "<group>"; };
		0405FA7D2859731700B6BAB9 /* PathShowVIew.swift */ = {isa = PBXFileReference; fileEncoding = 4; lastKnownFileType = sourcecode.swift; path = PathShowVIew.swift; sourceTree = "<group>"; };
		0405FA7E2859731700B6BAB9 /* Path1.swift */ = {isa = PBXFileReference; fileEncoding = 4; lastKnownFileType = sourcecode.swift; path = Path1.swift; sourceTree = "<group>"; };
		0405FA802859731700B6BAB9 /* Implicit2.swift */ = {isa = PBXFileReference; fileEncoding = 4; lastKnownFileType = sourcecode.swift; path = Implicit2.swift; sourceTree = "<group>"; };
		0405FA812859731700B6BAB9 /* Implicit3.swift */ = {isa = PBXFileReference; fileEncoding = 4; lastKnownFileType = sourcecode.swift; path = Implicit3.swift; sourceTree = "<group>"; };
		0405FA822859731700B6BAB9 /* Implicit1.swift */ = {isa = PBXFileReference; fileEncoding = 4; lastKnownFileType = sourcecode.swift; path = Implicit1.swift; sourceTree = "<group>"; };
		0405FA832859731700B6BAB9 /* ImplicitShowView.swift */ = {isa = PBXFileReference; fileEncoding = 4; lastKnownFileType = sourcecode.swift; path = ImplicitShowView.swift; sourceTree = "<group>"; };
		0405FA852859731700B6BAB9 /* AnimationShowView.swift */ = {isa = PBXFileReference; fileEncoding = 4; lastKnownFileType = sourcecode.swift; path = AnimationShowView.swift; sourceTree = "<group>"; };
		0405FA862859731700B6BAB9 /* AnimationMainView.swift */ = {isa = PBXFileReference; fileEncoding = 4; lastKnownFileType = sourcecode.swift; path = AnimationMainView.swift; sourceTree = "<group>"; };
		0405FB19285B23F100B6BAB9 /* SwiftUI4-0-Example-Info.plist */ = {isa = PBXFileReference; lastKnownFileType = text.plist; path = "SwiftUI4-0-Example-Info.plist"; sourceTree = SOURCE_ROOT; };
		04E1BF6528E6DF930096257F /* ListSetting.swift */ = {isa = PBXFileReference; lastKnownFileType = sourcecode.swift; path = ListSetting.swift; sourceTree = "<group>"; };
		04E1BFE628F58F470096257F /* ChartsMainView.swift */ = {isa = PBXFileReference; lastKnownFileType = sourcecode.swift; path = ChartsMainView.swift; sourceTree = "<group>"; };
		04E1BFE828F58F7F0096257F /* ChartsShowView.swift */ = {isa = PBXFileReference; lastKnownFileType = sourcecode.swift; path = ChartsShowView.swift; sourceTree = "<group>"; };
		04E1BFEA28F590D40096257F /* ChartsShow2View.swift */ = {isa = PBXFileReference; lastKnownFileType = sourcecode.swift; path = ChartsShow2View.swift; sourceTree = "<group>"; };
		04E1BFEC28F5936E0096257F /* ChartsShow3View.swift */ = {isa = PBXFileReference; lastKnownFileType = sourcecode.swift; path = ChartsShow3View.swift; sourceTree = "<group>"; };
		04E1BFEE28F593CC0096257F /* ChartsShow4View.swift */ = {isa = PBXFileReference; lastKnownFileType = sourcecode.swift; path = ChartsShow4View.swift; sourceTree = "<group>"; };
		04E1BFF128F595C90096257F /* DynamicIslandMainView.swift */ = {isa = PBXFileReference; lastKnownFileType = sourcecode.swift; path = DynamicIslandMainView.swift; sourceTree = "<group>"; };
		04E1BFF328F595E00096257F /* DynamicIslandShowView.swift */ = {isa = PBXFileReference; lastKnownFileType = sourcecode.swift; path = DynamicIslandShowView.swift; sourceTree = "<group>"; };
		04E1BFF528F596090096257F /* DynamicIslandShow2View.swift */ = {isa = PBXFileReference; lastKnownFileType = sourcecode.swift; path = DynamicIslandShow2View.swift; sourceTree = "<group>"; };
/* End PBXFileReference section */

/* Begin PBXFrameworksBuildPhase section */
		0405F9C32859730200B6BAB9 /* Frameworks */ = {
			isa = PBXFrameworksBuildPhase;
			buildActionMask = 2147483647;
			files = (
			);
			runOnlyForDeploymentPostprocessing = 0;
		};
/* End PBXFrameworksBuildPhase section */

/* Begin PBXGroup section */
		0405F9BD2859730200B6BAB9 = {
			isa = PBXGroup;
			children = (
				0405F9C82859730200B6BAB9 /* SwiftUI4.0-Example */,
				0405F9C72859730200B6BAB9 /* Products */,
			);
			sourceTree = "<group>";
		};
		0405F9C72859730200B6BAB9 /* Products */ = {
			isa = PBXGroup;
			children = (
				0405F9C62859730200B6BAB9 /* SwiftUI4.0-Example.app */,
			);
			name = Products;
			sourceTree = "<group>";
		};
		0405F9C82859730200B6BAB9 /* SwiftUI4.0-Example */ = {
			isa = PBXGroup;
			children = (
				0405FB19285B23F100B6BAB9 /* SwiftUI4-0-Example-Info.plist */,
				0405FA702859731700B6BAB9 /* Animation */,
				0405F9D72859731700B6BAB9 /* Classes */,
				0405F9C92859730200B6BAB9 /* SwiftUI4_0_ExampleApp.swift */,
				0405F9CB2859730200B6BAB9 /* ContentView.swift */,
				0405F9CD2859730300B6BAB9 /* Assets.xcassets */,
				0405F9CF2859730300B6BAB9 /* Preview Content */,
			);
			path = "SwiftUI4.0-Example";
			sourceTree = "<group>";
		};
		0405F9CF2859730300B6BAB9 /* Preview Content */ = {
			isa = PBXGroup;
			children = (
				0405F9D02859730300B6BAB9 /* Preview Assets.xcassets */,
			);
			path = "Preview Content";
			sourceTree = "<group>";
		};
		0405F9D72859731700B6BAB9 /* Classes */ = {
			isa = PBXGroup;
			children = (
				04E1BFF028F595B60096257F /* DynamicIslandView */,
				04E1BFE528F58ED80096257F /* Chart */,
				0405F9D82859731700B6BAB9 /* ScrollView */,
				0405F9DD2859731700B6BAB9 /* NavigationView */,
				0405F9E02859731700B6BAB9 /* Form */,
				0405F9E82859731700B6BAB9 /* Picker */,
				0405F9EE2859731700B6BAB9 /* Bingding */,
				0405F9F32859731700B6BAB9 /* Layout */,
				0405F9F92859731700B6BAB9 /* Segment */,
				0405F9FF2859731700B6BAB9 /* Other */,
				0405FA032859731700B6BAB9 /* Mathematics */,
				0405FA0A2859731700B6BAB9 /* TextField */,
				0405FA0F2859731700B6BAB9 /* Slider */,
				0405FA132859731700B6BAB9 /* AVPlayer */,
				0405FA172859731700B6BAB9 /* Spacer */,
				0405FA212859731700B6BAB9 /* HStack */,
				0405FA2A2859731700B6BAB9 /* Map */,
				0405FA2E2859731700B6BAB9 /* Json */,
				0405FA342859731700B6BAB9 /* Button */,
				0405FA402859731700B6BAB9 /* Gesture */,
				0405FA432859731700B6BAB9 /* GemoetryReader */,
				0405FA4B2859731700B6BAB9 /* List */,
				0405FA532859731700B6BAB9 /* Text */,
				0405FA602859731700B6BAB9 /* Sheet */,
				0405FA642859731700B6BAB9 /* ZStack */,
				0405FA692859731700B6BAB9 /* VStack */,
			);
			path = Classes;
			sourceTree = "<group>";
		};
		0405F9D82859731700B6BAB9 /* ScrollView */ = {
			isa = PBXGroup;
			children = (
				0405F9D92859731700B6BAB9 /* ScrollMainView.swift */,
				0405F9DA2859731700B6BAB9 /* ScrollView2SwiftUIView.swift */,
				0405F9DB2859731700B6BAB9 /* ScrollViewSwiftUIView.swift */,
				0405F9DC2859731700B6BAB9 /* ScrollShowView.swift */,
			);
			path = ScrollView;
			sourceTree = "<group>";
		};
		0405F9DD2859731700B6BAB9 /* NavigationView */ = {
			isa = PBXGroup;
			children = (
				0405F9DE2859731700B6BAB9 /* NavigationSwiftUIView.swift */,
				0405F9DF2859731700B6BAB9 /* NavigationShowView.swift */,
			);
			path = NavigationView;
			sourceTree = "<group>";
		};
		0405F9E02859731700B6BAB9 /* Form */ = {
			isa = PBXGroup;
			children = (
				0405F9E12859731700B6BAB9 /* Form1View.swift */,
				0405F9E22859731700B6BAB9 /* FormShowView.swift */,
				0405F9E32859731700B6BAB9 /* Form3View.swift */,
				0405F9E42859731700B6BAB9 /* Form5View.swift */,
				0405F9E52859731700B6BAB9 /* FormMainView.swift */,
				0405F9E62859731700B6BAB9 /* Form2View.swift */,
				0405F9E72859731700B6BAB9 /* Form4View.swift */,
			);
			path = Form;
			sourceTree = "<group>";
		};
		0405F9E82859731700B6BAB9 /* Picker */ = {
			isa = PBXGroup;
			children = (
				0405F9E92859731700B6BAB9 /* DatePickerMainView.swift */,
				0405F9EA2859731700B6BAB9 /* Picker3View.swift */,
				0405F9EC2859731700B6BAB9 /* DatePickerView.swift */,
				0405F9ED2859731700B6BAB9 /* DatePickerShowView.swift */,
			);
			path = Picker;
			sourceTree = "<group>";
		};
		0405F9EE2859731700B6BAB9 /* Bingding */ = {
			isa = PBXGroup;
			children = (
				0405F9EF2859731700B6BAB9 /* BingdingView1.swift */,
				0405F9F02859731700B6BAB9 /* BingdingShowView.swift */,
				0405F9F12859731700B6BAB9 /* BingdingView2.swift */,
				0405F9F22859731700B6BAB9 /* BingdingMainView.swift */,
			);
			path = Bingding;
			sourceTree = "<group>";
		};
		0405F9F32859731700B6BAB9 /* Layout */ = {
			isa = PBXGroup;
			children = (
				0405F9F42859731700B6BAB9 /* LayoutShowView.swift */,
				0405F9F52859731700B6BAB9 /* Layout2SwiftUIView.swift */,
				0405F9F62859731700B6BAB9 /* LayoutMainView.swift */,
				0405F9F72859731700B6BAB9 /* LayoutSwiftUIView.swift */,
				0405F9F82859731700B6BAB9 /* Layout3View.swift */,
			);
			path = Layout;
			sourceTree = "<group>";
		};
		0405F9F92859731700B6BAB9 /* Segment */ = {
			isa = PBXGroup;
			children = (
				0405F9FA2859731700B6BAB9 /* Segmented1View.swift */,
				0405F9FB2859731700B6BAB9 /* SegmentedMainView.swift */,
				0405F9FC2859731700B6BAB9 /* Segmented3View.swift */,
				0405F9FD2859731700B6BAB9 /* SegmentedShowView.swift */,
				0405F9FE2859731700B6BAB9 /* Segmented2View.swift */,
			);
			path = Segment;
			sourceTree = "<group>";
		};
		0405F9FF2859731700B6BAB9 /* Other */ = {
			isa = PBXGroup;
			children = (
				0405FA002859731700B6BAB9 /* Conmmon.swift */,
				0405FA022859731700B6BAB9 /* Color+Extension.swift */,
			);
			path = Other;
			sourceTree = "<group>";
		};
		0405FA032859731700B6BAB9 /* Mathematics */ = {
			isa = PBXGroup;
			children = (
				0405FA042859731700B6BAB9 /* MathMainView.swift */,
				0405FA052859731700B6BAB9 /* LineGraphSwiftUIView.swift */,
				0405FA062859731700B6BAB9 /* FanshapedSwiftUIView.swift */,
				0405FA072859731700B6BAB9 /* MathShowView.swift */,
				0405FA082859731700B6BAB9 /* RectangleSwiftUIView.swift */,
			);
			path = Mathematics;
			sourceTree = "<group>";
		};
		0405FA0A2859731700B6BAB9 /* TextField */ = {
			isa = PBXGroup;
			children = (
				0405FA0B2859731700B6BAB9 /* TextField2View.swift */,
				0405FA0C2859731700B6BAB9 /* TextFieldShowView.swift */,
				0405FA0D2859731700B6BAB9 /* TextFieldSwiftUIView.swift */,
				0405FA0E2859731700B6BAB9 /* TextFieldMainView.swift */,
			);
			path = TextField;
			sourceTree = "<group>";
		};
		0405FA0F2859731700B6BAB9 /* Slider */ = {
			isa = PBXGroup;
			children = (
				0405FA102859731700B6BAB9 /* SliderShowView.swift */,
				0405FA112859731700B6BAB9 /* SliderMainView.swift */,
				0405FA122859731700B6BAB9 /* Slider1View.swift */,
			);
			path = Slider;
			sourceTree = "<group>";
		};
		0405FA132859731700B6BAB9 /* AVPlayer */ = {
			isa = PBXGroup;
			children = (
				0405FA142859731700B6BAB9 /* AVPlayerShowView.swift */,
				0405FA152859731700B6BAB9 /* AVPlayerView1.swift */,
				0405FA162859731700B6BAB9 /* AVPlayerMainView.swift */,
			);
			path = AVPlayer;
			sourceTree = "<group>";
		};
		0405FA172859731700B6BAB9 /* Spacer */ = {
			isa = PBXGroup;
			children = (
				0405FA182859731700B6BAB9 /* SpaceMainView.swift */,
				0405FA192859731700B6BAB9 /* SpacerSwiftUIView.swift */,
				0405FA1A2859731700B6BAB9 /* Spacer4SwiftUIView.swift */,
				0405FA1B2859731700B6BAB9 /* SpacerExampleView.swift */,
				0405FA1C2859731700B6BAB9 /* Spacer3SwiftUIView.swift */,
				0405FA1D2859731700B6BAB9 /* ShapesView.swift */,
				0405FA1E2859731700B6BAB9 /* SpaceShowView.swift */,
				0405FA1F2859731700B6BAB9 /* Spacer2SwiftUIView.swift */,
				0405FA202859731700B6BAB9 /* FameModifierView.swift */,
			);
			path = Spacer;
			sourceTree = "<group>";
		};
		0405FA212859731700B6BAB9 /* HStack */ = {
			isa = PBXGroup;
			children = (
				0405FA222859731700B6BAB9 /* HStack5SwiftUIView.swift */,
				0405FA232859731700B6BAB9 /* HStack4SwiftUIView.swift */,
				0405FA242859731700B6BAB9 /* HStack7View.swift */,
				0405FA252859731700B6BAB9 /* HStack3SwiftUIView.swift */,
				0405FA262859731700B6BAB9 /* HStackSwiftUIView.swift */,
				0405FA272859731700B6BAB9 /* HStack2SwiftUIView.swift */,
				0405FA282859731700B6BAB9 /* LazyHGridView.swift */,
				0405FA292859731700B6BAB9 /* HStack6SwiftUIView.swift */,
			);
			path = HStack;
			sourceTree = "<group>";
		};
		0405FA2A2859731700B6BAB9 /* Map */ = {
			isa = PBXGroup;
			children = (
				0405FA2B2859731700B6BAB9 /* MapMainView.swift */,
				0405FA2C2859731700B6BAB9 /* Map1View.swift */,
				0405FA2D2859731700B6BAB9 /* MapShowView.swift */,
			);
			path = Map;
			sourceTree = "<group>";
		};
		0405FA2E2859731700B6BAB9 /* Json */ = {
			isa = PBXGroup;
			children = (
				0405FA2F2859731700B6BAB9 /* JsonShowView.swift */,
				0405FA302859731700B6BAB9 /* JsonSwiftUIView.swift */,
				0405FA312859731700B6BAB9 /* Json2SwiftUIView.swift */,
				0405FA322859731700B6BAB9 /* JsonMainView.swift */,
				0405FA332859731700B6BAB9 /* Json3SwiftUIView.swift */,
			);
			path = Json;
			sourceTree = "<group>";
		};
		0405FA342859731700B6BAB9 /* Button */ = {
			isa = PBXGroup;
			children = (
				0405FA352859731700B6BAB9 /* ButtonSwiftUIView.swift */,
				0405FA362859731700B6BAB9 /* Button4View.swift */,
				0405FA372859731700B6BAB9 /* Button9View.swift */,
				0405FA382859731700B6BAB9 /* ButtonShowView.swift */,
				0405FA392859731700B6BAB9 /* Button2View.swift */,
				0405FA3A2859731700B6BAB9 /* Button5View.swift */,
				0405FA3B2859731700B6BAB9 /* Button8View.swift */,
				0405FA3C2859731700B6BAB9 /* Button3View.swift */,
				0405FA3D2859731700B6BAB9 /* Button6View.swift */,
				0405FA3E2859731700B6BAB9 /* ButtonMainView.swift */,
				0405FA3F2859731700B6BAB9 /* Button7View.swift */,
			);
			path = Button;
			sourceTree = "<group>";
		};
		0405FA402859731700B6BAB9 /* Gesture */ = {
			isa = PBXGroup;
			children = (
				0405FA412859731700B6BAB9 /* GestureSwiftUIView.swift */,
				0405FA422859731700B6BAB9 /* GestureMainView.swift */,
			);
			path = Gesture;
			sourceTree = "<group>";
		};
		0405FA432859731700B6BAB9 /* GemoetryReader */ = {
			isa = PBXGroup;
			children = (
				0405FA442859731700B6BAB9 /* GeometryReaderSwiftUIView.swift */,
				0405FA452859731700B6BAB9 /* GeometryReader3SwiftUIView.swift */,
				0405FA462859731700B6BAB9 /* GemoetryReaderMainView.swift */,
				0405FA472859731700B6BAB9 /* GeometryReader2SwiftUIView.swift */,
				0405FA482859731700B6BAB9 /* GeometryReader5SwiftUIView.swift */,
				0405FA492859731700B6BAB9 /* GeometryReader4SwiftUIView.swift */,
				0405FA4A2859731700B6BAB9 /* GemoetryReaderShowView.swift */,
			);
			path = GemoetryReader;
			sourceTree = "<group>";
		};
		0405FA4B2859731700B6BAB9 /* List */ = {
			isa = PBXGroup;
			children = (
				0405FA4C2859731700B6BAB9 /* ListView.swift */,
				0405FA4D2859731700B6BAB9 /* ListGroupedView.swift */,
				0405FA4E2859731700B6BAB9 /* ListSwiftUIView.swift */,
				0405FA4F2859731700B6BAB9 /* ListShowView.swift */,
				0405FA502859731700B6BAB9 /* CustomerView.swift */,
				0405FA512859731700B6BAB9 /* ListMainSwiftUIView.swift */,
				0405FA522859731700B6BAB9 /* ListWithDataView.swift */,
				04E1BF6528E6DF930096257F /* ListSetting.swift */,
			);
			path = List;
			sourceTree = "<group>";
		};
		0405FA532859731700B6BAB9 /* Text */ = {
			isa = PBXGroup;
			children = (
				0405FA542859731700B6BAB9 /* Text6View.swift */,
				0405FA552859731700B6BAB9 /* TextMainView.swift */,
				0405FA562859731700B6BAB9 /* Text1View.swift */,
				0405FA572859731700B6BAB9 /* Text10View.swift */,
				0405FA582859731700B6BAB9 /* Text7View.swift */,
				0405FA592859731700B6BAB9 /* Text2View.swift */,
				0405FA5A2859731700B6BAB9 /* TextShowView.swift */,
				0405FA5B2859731700B6BAB9 /* Text4View.swift */,
				0405FA5C2859731700B6BAB9 /* Text9View.swift */,
				0405FA5D2859731700B6BAB9 /* Text3View.swift */,
				0405FA5E2859731700B6BAB9 /* Text5View.swift */,
				0405FA5F2859731700B6BAB9 /* Text8View.swift */,
			);
			path = Text;
			sourceTree = "<group>";
		};
		0405FA602859731700B6BAB9 /* Sheet */ = {
			isa = PBXGroup;
			children = (
				0405FA612859731700B6BAB9 /* SheetMainView.swift */,
				0405FA622859731700B6BAB9 /* SheetJsonView.swift */,
				0405FA632859731700B6BAB9 /* SheetShowView.swift */,
			);
			path = Sheet;
			sourceTree = "<group>";
		};
		0405FA642859731700B6BAB9 /* ZStack */ = {
			isa = PBXGroup;
			children = (
				0405FA652859731700B6BAB9 /* ZStack2SwiftUIView.swift */,
				0405FA662859731700B6BAB9 /* ZStackSwiftUIView.swift */,
				0405FA672859731700B6BAB9 /* ZStack3View.swift */,
				0405FA682859731700B6BAB9 /* ZStack5SwiftUIView.swift */,
			);
			path = ZStack;
			sourceTree = "<group>";
		};
		0405FA692859731700B6BAB9 /* VStack */ = {
			isa = PBXGroup;
			children = (
				0405FA6A2859731700B6BAB9 /* VStack3SwiftUIView.swift */,
				0405FA6B2859731700B6BAB9 /* VStackMainView.swift */,
				0405FA6C2859731700B6BAB9 /* VStackSwiftUIView.swift */,
				0405FA6D2859731700B6BAB9 /* VStack2SwiftUIView.swift */,
				0405FA6E2859731700B6BAB9 /* VStack4SwiftUIView.swift */,
				0405FA6F2859731700B6BAB9 /* VStackShowView.swift */,
			);
			path = VStack;
			sourceTree = "<group>";
		};
		0405FA702859731700B6BAB9 /* Animation */ = {
			isa = PBXGroup;
			children = (
				0405FA712859731700B6BAB9 /* Change */,
				0405FA7B2859731700B6BAB9 /* Path */,
				0405FA7F2859731700B6BAB9 /* Implicit */,
				0405FA842859731700B6BAB9 /* AnimationMain */,
			);
			path = Animation;
			sourceTree = "<group>";
		};
		0405FA712859731700B6BAB9 /* Change */ = {
			isa = PBXGroup;
			children = (
				0405FA722859731700B6BAB9 /* ChangeAngle.swift */,
				0405FA732859731700B6BAB9 /* ChangeShowView.swift */,
				0405FA742859731700B6BAB9 /* ChangeColor.swift */,
				0405FA752859731700B6BAB9 /* ChangeShow.swift */,
				0405FA762859731700B6BAB9 /* ChangePopup.swift */,
				0405FA772859731700B6BAB9 /* Change.swift */,
				0405FA782859731700B6BAB9 /* ChangeMenu.swift */,
				0405FA792859731700B6BAB9 /* ChangePoint.swift */,
				0405FA7A2859731700B6BAB9 /* ChangeOffset.swift */,
			);
			path = Change;
			sourceTree = "<group>";
		};
		0405FA7B2859731700B6BAB9 /* Path */ = {
			isa = PBXGroup;
			children = (
				0405FA7C2859731700B6BAB9 /* Path2.swift */,
				0405FA7D2859731700B6BAB9 /* PathShowVIew.swift */,
				0405FA7E2859731700B6BAB9 /* Path1.swift */,
			);
			path = Path;
			sourceTree = "<group>";
		};
		0405FA7F2859731700B6BAB9 /* Implicit */ = {
			isa = PBXGroup;
			children = (
				0405FA802859731700B6BAB9 /* Implicit2.swift */,
				0405FA812859731700B6BAB9 /* Implicit3.swift */,
				0405FA822859731700B6BAB9 /* Implicit1.swift */,
				0405FA832859731700B6BAB9 /* ImplicitShowView.swift */,
			);
			path = Implicit;
			sourceTree = "<group>";
		};
		0405FA842859731700B6BAB9 /* AnimationMain */ = {
			isa = PBXGroup;
			children = (
				0405FA852859731700B6BAB9 /* AnimationShowView.swift */,
				0405FA862859731700B6BAB9 /* AnimationMainView.swift */,
			);
			path = AnimationMain;
			sourceTree = "<group>";
		};
		04E1BFE528F58ED80096257F /* Chart */ = {
			isa = PBXGroup;
			children = (
				0405FA092859731700B6BAB9 /* Chart SwiftUIView.swift */,
				04E1BFE628F58F470096257F /* ChartsMainView.swift */,
				04E1BFE828F58F7F0096257F /* ChartsShowView.swift */,
				04E1BFEA28F590D40096257F /* ChartsShow2View.swift */,
				04E1BFEC28F5936E0096257F /* ChartsShow3View.swift */,
				04E1BFEE28F593CC0096257F /* ChartsShow4View.swift */,
			);
			path = Chart;
			sourceTree = "<group>";
		};
		04E1BFF028F595B60096257F /* DynamicIslandView */ = {
			isa = PBXGroup;
			children = (
				04E1BFF128F595C90096257F /* DynamicIslandMainView.swift */,
				04E1BFF328F595E00096257F /* DynamicIslandShowView.swift */,
				04E1BFF528F596090096257F /* DynamicIslandShow2View.swift */,
			);
			path = DynamicIslandView;
			sourceTree = "<group>";
		};
/* End PBXGroup section */

/* Begin PBXNativeTarget section */
		0405F9C52859730200B6BAB9 /* SwiftUI4.0-Example */ = {
			isa = PBXNativeTarget;
			buildConfigurationList = 0405F9D42859730300B6BAB9 /* Build configuration list for PBXNativeTarget "SwiftUI4.0-Example" */;
			buildPhases = (
				0405F9C22859730200B6BAB9 /* Sources */,
				0405F9C32859730200B6BAB9 /* Frameworks */,
				0405F9C42859730200B6BAB9 /* Resources */,
			);
			buildRules = (
			);
			dependencies = (
			);
			name = "SwiftUI4.0-Example";
			productName = "SwiftUI4.0-Example";
			productReference = 0405F9C62859730200B6BAB9 /* SwiftUI4.0-Example.app */;
			productType = "com.apple.product-type.application";
		};
/* End PBXNativeTarget section */

/* Begin PBXProject section */
		0405F9BE2859730200B6BAB9 /* Project object */ = {
			isa = PBXProject;
			attributes = {
				BuildIndependentTargetsInParallel = 1;
				LastSwiftUpdateCheck = 1400;
				LastUpgradeCheck = 1400;
				TargetAttributes = {
					0405F9C52859730200B6BAB9 = {
						CreatedOnToolsVersion = 14.0;
					};
				};
			};
			buildConfigurationList = 0405F9C12859730200B6BAB9 /* Build configuration list for PBXProject "SwiftUI4.0-Example" */;
			compatibilityVersion = "Xcode 14.0";
			developmentRegion = en;
			hasScannedForEncodings = 0;
			knownRegions = (
				en,
				Base,
			);
			mainGroup = 0405F9BD2859730200B6BAB9;
			productRefGroup = 0405F9C72859730200B6BAB9 /* Products */;
			projectDirPath = "";
			projectRoot = "";
			targets = (
				0405F9C52859730200B6BAB9 /* SwiftUI4.0-Example */,
			);
		};
/* End PBXProject section */

/* Begin PBXResourcesBuildPhase section */
		0405F9C42859730200B6BAB9 /* Resources */ = {
			isa = PBXResourcesBuildPhase;
			buildActionMask = 2147483647;
			files = (
				0405F9D12859730300B6BAB9 /* Preview Assets.xcassets in Resources */,
				0405F9CE2859730300B6BAB9 /* Assets.xcassets in Resources */,
			);
			runOnlyForDeploymentPostprocessing = 0;
		};
/* End PBXResourcesBuildPhase section */

/* Begin PBXSourcesBuildPhase section */
		0405F9C22859730200B6BAB9 /* Sources */ = {
			isa = PBXSourcesBuildPhase;
			buildActionMask = 2147483647;
			files = (
				0405FAB92859731700B6BAB9 /* AVPlayerMainView.swift in Sources */,
				0405FAD12859731700B6BAB9 /* JsonMainView.swift in Sources */,
				0405FA872859731700B6BAB9 /* ScrollMainView.swift in Sources */,
				0405FAFC2859731700B6BAB9 /* SheetShowView.swift in Sources */,
				0405FB162859731800B6BAB9 /* ImplicitShowView.swift in Sources */,
				0405FAAF2859731700B6BAB9 /* Chart SwiftUIView.swift in Sources */,
				0405FAD82859731700B6BAB9 /* Button5View.swift in Sources */,
				04E1BFEB28F590D40096257F /* ChartsShow2View.swift in Sources */,
				0405FACE2859731700B6BAB9 /* JsonShowView.swift in Sources */,
				0405FABC2859731700B6BAB9 /* Spacer4SwiftUIView.swift in Sources */,
				0405FA932859731700B6BAB9 /* Form4View.swift in Sources */,
				04E1BFF628F596090096257F /* DynamicIslandShow2View.swift in Sources */,
				0405FAE72859731700B6BAB9 /* ListView.swift in Sources */,
				0405FAC82859731700B6BAB9 /* HStack2SwiftUIView.swift in Sources */,
				0405FA9D2859731700B6BAB9 /* LayoutShowView.swift in Sources */,
				0405FA882859731700B6BAB9 /* ScrollView2SwiftUIView.swift in Sources */,
				0405FAA62859731700B6BAB9 /* Segmented2View.swift in Sources */,
				0405FABE2859731700B6BAB9 /* Spacer3SwiftUIView.swift in Sources */,
				0405FAAC2859731700B6BAB9 /* FanshapedSwiftUIView.swift in Sources */,
				0405FAA12859731700B6BAB9 /* Layout3View.swift in Sources */,
				0405FB182859731800B6BAB9 /* AnimationMainView.swift in Sources */,
				0405FACF2859731700B6BAB9 /* JsonSwiftUIView.swift in Sources */,
				0405FA9C2859731700B6BAB9 /* BingdingMainView.swift in Sources */,
				0405FAB62859731700B6BAB9 /* Slider1View.swift in Sources */,
				0405FACB2859731700B6BAB9 /* MapMainView.swift in Sources */,
				0405FA982859731700B6BAB9 /* DatePickerShowView.swift in Sources */,
				0405FAC02859731700B6BAB9 /* SpaceShowView.swift in Sources */,
				0405FAD72859731700B6BAB9 /* Button2View.swift in Sources */,
				0405FAF62859731700B6BAB9 /* Text9View.swift in Sources */,
				0405FA902859731700B6BAB9 /* Form5View.swift in Sources */,
				0405FAC12859731700B6BAB9 /* Spacer2SwiftUIView.swift in Sources */,
				0405FAE82859731700B6BAB9 /* ListGroupedView.swift in Sources */,
				0405FB122859731800B6BAB9 /* Path1.swift in Sources */,
				0405FACC2859731700B6BAB9 /* Map1View.swift in Sources */,
				0405FAEC2859731700B6BAB9 /* ListMainSwiftUIView.swift in Sources */,
				0405FAAD2859731700B6BAB9 /* MathShowView.swift in Sources */,
				0405FAEB2859731700B6BAB9 /* CustomerView.swift in Sources */,
				0405FAF42859731700B6BAB9 /* TextShowView.swift in Sources */,
				0405FAB32859731700B6BAB9 /* TextFieldMainView.swift in Sources */,
				0405FA992859731700B6BAB9 /* BingdingView1.swift in Sources */,
				0405FAB42859731700B6BAB9 /* SliderShowView.swift in Sources */,
				0405FA922859731700B6BAB9 /* Form2View.swift in Sources */,
				0405FA8A2859731700B6BAB9 /* ScrollShowView.swift in Sources */,
				0405FAEF2859731700B6BAB9 /* TextMainView.swift in Sources */,
				0405FAE12859731700B6BAB9 /* GeometryReader3SwiftUIView.swift in Sources */,
				0405FAB72859731700B6BAB9 /* AVPlayerShowView.swift in Sources */,
				0405FAC32859731700B6BAB9 /* HStack5SwiftUIView.swift in Sources */,
				0405FABA2859731700B6BAB9 /* SpaceMainView.swift in Sources */,
				0405FAD02859731700B6BAB9 /* Json2SwiftUIView.swift in Sources */,
				0405FAF72859731700B6BAB9 /* Text3View.swift in Sources */,
				0405FAA52859731700B6BAB9 /* SegmentedShowView.swift in Sources */,
				0405FB0A2859731800B6BAB9 /* ChangeShow.swift in Sources */,
				0405FB152859731800B6BAB9 /* Implicit1.swift in Sources */,
				0405FADA2859731700B6BAB9 /* Button3View.swift in Sources */,
				0405FAE62859731700B6BAB9 /* GemoetryReaderShowView.swift in Sources */,
				0405FAA22859731700B6BAB9 /* Segmented1View.swift in Sources */,
				0405FB112859731800B6BAB9 /* PathShowVIew.swift in Sources */,
				0405FADD2859731700B6BAB9 /* Button7View.swift in Sources */,
				0405FAD62859731700B6BAB9 /* ButtonShowView.swift in Sources */,
				0405FAA92859731700B6BAB9 /* Color+Extension.swift in Sources */,
				0405FAE42859731700B6BAB9 /* GeometryReader5SwiftUIView.swift in Sources */,
				0405FB142859731800B6BAB9 /* Implicit3.swift in Sources */,
				04E1BFE728F58F470096257F /* ChartsMainView.swift in Sources */,
				0405FB052859731800B6BAB9 /* VStack4SwiftUIView.swift in Sources */,
				0405FA8E2859731700B6BAB9 /* FormShowView.swift in Sources */,
				0405FB072859731800B6BAB9 /* ChangeAngle.swift in Sources */,
				0405FACA2859731700B6BAB9 /* HStack6SwiftUIView.swift in Sources */,
				0405FB042859731800B6BAB9 /* VStack2SwiftUIView.swift in Sources */,
				0405FB022859731800B6BAB9 /* VStackMainView.swift in Sources */,
				0405FAE22859731700B6BAB9 /* GemoetryReaderMainView.swift in Sources */,
				0405FA9F2859731700B6BAB9 /* LayoutMainView.swift in Sources */,
				0405FAD42859731700B6BAB9 /* Button4View.swift in Sources */,
				0405FA8B2859731700B6BAB9 /* NavigationSwiftUIView.swift in Sources */,
				0405FAF02859731700B6BAB9 /* Text1View.swift in Sources */,
				0405FAD22859731700B6BAB9 /* Json3SwiftUIView.swift in Sources */,
				0405FAB02859731700B6BAB9 /* TextField2View.swift in Sources */,
				0405FA972859731700B6BAB9 /* DatePickerView.swift in Sources */,
				0405FABB2859731700B6BAB9 /* SpacerSwiftUIView.swift in Sources */,
				0405FAF82859731700B6BAB9 /* Text5View.swift in Sources */,
				0405FAAA2859731700B6BAB9 /* MathMainView.swift in Sources */,
				0405F9CC2859730200B6BAB9 /* ContentView.swift in Sources */,
				0405FADF2859731700B6BAB9 /* GestureMainView.swift in Sources */,
				0405FB062859731800B6BAB9 /* VStackShowView.swift in Sources */,
				0405FAE52859731700B6BAB9 /* GeometryReader4SwiftUIView.swift in Sources */,
				0405FA912859731700B6BAB9 /* FormMainView.swift in Sources */,
				0405FAC72859731700B6BAB9 /* HStackSwiftUIView.swift in Sources */,
				0405FB0C2859731800B6BAB9 /* Change.swift in Sources */,
				04E1BFF428F595E00096257F /* DynamicIslandShowView.swift in Sources */,
				0405FADE2859731700B6BAB9 /* GestureSwiftUIView.swift in Sources */,
				0405FAE92859731700B6BAB9 /* ListSwiftUIView.swift in Sources */,
				0405F9CA2859730200B6BAB9 /* SwiftUI4_0_ExampleApp.swift in Sources */,
				0405FAFA2859731700B6BAB9 /* SheetMainView.swift in Sources */,
				0405FABD2859731700B6BAB9 /* SpacerExampleView.swift in Sources */,
				0405FB0F2859731800B6BAB9 /* ChangeOffset.swift in Sources */,
				0405FB132859731800B6BAB9 /* Implicit2.swift in Sources */,
				0405FAA32859731700B6BAB9 /* SegmentedMainView.swift in Sources */,
				0405FAFB2859731700B6BAB9 /* SheetJsonView.swift in Sources */,
				0405FB032859731800B6BAB9 /* VStackSwiftUIView.swift in Sources */,
				0405FAF12859731700B6BAB9 /* Text10View.swift in Sources */,
				0405FAC62859731700B6BAB9 /* HStack3SwiftUIView.swift in Sources */,
				0405FAEA2859731700B6BAB9 /* ListShowView.swift in Sources */,
				0405FB002859731800B6BAB9 /* ZStack5SwiftUIView.swift in Sources */,
				04E1BFE928F58F7F0096257F /* ChartsShowView.swift in Sources */,
				04E1BFEF28F593CC0096257F /* ChartsShow4View.swift in Sources */,
				0405FB082859731800B6BAB9 /* ChangeShowView.swift in Sources */,
				0405FAD52859731700B6BAB9 /* Button9View.swift in Sources */,
				0405FADC2859731700B6BAB9 /* ButtonMainView.swift in Sources */,
				0405FAED2859731700B6BAB9 /* ListWithDataView.swift in Sources */,
				0405FAFD2859731700B6BAB9 /* ZStack2SwiftUIView.swift in Sources */,
				0405FAE02859731700B6BAB9 /* GeometryReaderSwiftUIView.swift in Sources */,
				0405FAA72859731700B6BAB9 /* Conmmon.swift in Sources */,
				0405FAC42859731700B6BAB9 /* HStack4SwiftUIView.swift in Sources */,
				0405FB092859731800B6BAB9 /* ChangeColor.swift in Sources */,
				0405FB0B2859731800B6BAB9 /* ChangePopup.swift in Sources */,
				0405FB012859731800B6BAB9 /* VStack3SwiftUIView.swift in Sources */,
				04E1BFED28F5936E0096257F /* ChartsShow3View.swift in Sources */,
				0405FA8F2859731700B6BAB9 /* Form3View.swift in Sources */,
				0405FB172859731800B6BAB9 /* AnimationShowView.swift in Sources */,
				04E1BFF228F595C90096257F /* DynamicIslandMainView.swift in Sources */,
				0405FA892859731700B6BAB9 /* ScrollViewSwiftUIView.swift in Sources */,
				0405FADB2859731700B6BAB9 /* Button6View.swift in Sources */,
				0405FA8C2859731700B6BAB9 /* NavigationShowView.swift in Sources */,
				0405FAF22859731700B6BAB9 /* Text7View.swift in Sources */,
				0405FA9B2859731700B6BAB9 /* BingdingView2.swift in Sources */,
				0405FAF92859731700B6BAB9 /* Text8View.swift in Sources */,
				0405FAB22859731700B6BAB9 /* TextFieldSwiftUIView.swift in Sources */,
				0405FAF52859731700B6BAB9 /* Text4View.swift in Sources */,
				0405FAEE2859731700B6BAB9 /* Text6View.swift in Sources */,
				0405FB102859731800B6BAB9 /* Path2.swift in Sources */,
				0405FA9A2859731700B6BAB9 /* BingdingShowView.swift in Sources */,
				0405FAF32859731700B6BAB9 /* Text2View.swift in Sources */,
				0405FAFF2859731700B6BAB9 /* ZStack3View.swift in Sources */,
				0405FAB12859731700B6BAB9 /* TextFieldShowView.swift in Sources */,
				0405FAFE2859731700B6BAB9 /* ZStackSwiftUIView.swift in Sources */,
				0405FACD2859731700B6BAB9 /* MapShowView.swift in Sources */,
				0405FAD32859731700B6BAB9 /* ButtonSwiftUIView.swift in Sources */,
				0405FAC92859731700B6BAB9 /* LazyHGridView.swift in Sources */,
				0405FAA42859731700B6BAB9 /* Segmented3View.swift in Sources */,
				04E1BF6628E6DF930096257F /* ListSetting.swift in Sources */,
				0405FA952859731700B6BAB9 /* Picker3View.swift in Sources */,
				0405FA8D2859731700B6BAB9 /* Form1View.swift in Sources */,
				0405FAB52859731700B6BAB9 /* SliderMainView.swift in Sources */,
				0405FAC52859731700B6BAB9 /* HStack7View.swift in Sources */,
				0405FAC22859731700B6BAB9 /* FameModifierView.swift in Sources */,
				0405FAB82859731700B6BAB9 /* AVPlayerView1.swift in Sources */,
				0405FABF2859731700B6BAB9 /* ShapesView.swift in Sources */,
				0405FB0D2859731800B6BAB9 /* ChangeMenu.swift in Sources */,
				0405FA942859731700B6BAB9 /* DatePickerMainView.swift in Sources */,
				0405FAA02859731700B6BAB9 /* LayoutSwiftUIView.swift in Sources */,
				0405FAAB2859731700B6BAB9 /* LineGraphSwiftUIView.swift in Sources */,
				0405FAAE2859731700B6BAB9 /* RectangleSwiftUIView.swift in Sources */,
				0405FAD92859731700B6BAB9 /* Button8View.swift in Sources */,
				0405FAE32859731700B6BAB9 /* GeometryReader2SwiftUIView.swift in Sources */,
				0405FB0E2859731800B6BAB9 /* ChangePoint.swift in Sources */,
				0405FA9E2859731700B6BAB9 /* Layout2SwiftUIView.swift in Sources */,
			);
			runOnlyForDeploymentPostprocessing = 0;
		};
/* End PBXSourcesBuildPhase section */

/* Begin XCBuildConfiguration section */
		0405F9D22859730300B6BAB9 /* Debug */ = {
			isa = XCBuildConfiguration;
			buildSettings = {
				ALWAYS_SEARCH_USER_PATHS = NO;
				CLANG_ANALYZER_NONNULL = YES;
				CLANG_ANALYZER_NUMBER_OBJECT_CONVERSION = YES_AGGRESSIVE;
				CLANG_CXX_LANGUAGE_STANDARD = "gnu++17";
				CLANG_ENABLE_MODULES = YES;
				CLANG_ENABLE_OBJC_ARC = YES;
				CLANG_ENABLE_OBJC_WEAK = YES;
				CLANG_WARN_BLOCK_CAPTURE_AUTORELEASING = YES;
				CLANG_WARN_BOOL_CONVERSION = YES;
				CLANG_WARN_COMMA = YES;
				CLANG_WARN_CONSTANT_CONVERSION = YES;
				CLANG_WARN_DEPRECATED_OBJC_IMPLEMENTATIONS = YES;
				CLANG_WARN_DIRECT_OBJC_ISA_USAGE = YES_ERROR;
				CLANG_WARN_DOCUMENTATION_COMMENTS = YES;
				CLANG_WARN_EMPTY_BODY = YES;
				CLANG_WARN_ENUM_CONVERSION = YES;
				CLANG_WARN_INFINITE_RECURSION = YES;
				CLANG_WARN_INT_CONVERSION = YES;
				CLANG_WARN_NON_LITERAL_NULL_CONVERSION = YES;
				CLANG_WARN_OBJC_IMPLICIT_RETAIN_SELF = YES;
				CLANG_WARN_OBJC_LITERAL_CONVERSION = YES;
				CLANG_WARN_OBJC_ROOT_CLASS = YES_ERROR;
				CLANG_WARN_QUOTED_INCLUDE_IN_FRAMEWORK_HEADER = YES;
				CLANG_WARN_RANGE_LOOP_ANALYSIS = YES;
				CLANG_WARN_STRICT_PROTOTYPES = YES;
				CLANG_WARN_SUSPICIOUS_MOVE = YES;
				CLANG_WARN_UNGUARDED_AVAILABILITY = YES_AGGRESSIVE;
				CLANG_WARN_UNREACHABLE_CODE = YES;
				CLANG_WARN__DUPLICATE_METHOD_MATCH = YES;
				COPY_PHASE_STRIP = NO;
				DEBUG_INFORMATION_FORMAT = dwarf;
				ENABLE_STRICT_OBJC_MSGSEND = YES;
				ENABLE_TESTABILITY = YES;
				GCC_C_LANGUAGE_STANDARD = gnu11;
				GCC_DYNAMIC_NO_PIC = NO;
				GCC_NO_COMMON_BLOCKS = YES;
				GCC_OPTIMIZATION_LEVEL = 0;
				GCC_PREPROCESSOR_DEFINITIONS = (
					"DEBUG=1",
					"$(inherited)",
				);
				GCC_WARN_64_TO_32_BIT_CONVERSION = YES;
				GCC_WARN_ABOUT_RETURN_TYPE = YES_ERROR;
				GCC_WARN_UNDECLARED_SELECTOR = YES;
				GCC_WARN_UNINITIALIZED_AUTOS = YES_AGGRESSIVE;
				GCC_WARN_UNUSED_FUNCTION = YES;
				GCC_WARN_UNUSED_VARIABLE = YES;
				IPHONEOS_DEPLOYMENT_TARGET = 16.0;
				MTL_ENABLE_DEBUG_INFO = INCLUDE_SOURCE;
				MTL_FAST_MATH = YES;
				ONLY_ACTIVE_ARCH = YES;
				SDKROOT = iphoneos;
				SWIFT_ACTIVE_COMPILATION_CONDITIONS = DEBUG;
				SWIFT_OPTIMIZATION_LEVEL = "-Onone";
			};
			name = Debug;
		};
		0405F9D32859730300B6BAB9 /* Release */ = {
			isa = XCBuildConfiguration;
			buildSettings = {
				ALWAYS_SEARCH_USER_PATHS = NO;
				CLANG_ANALYZER_NONNULL = YES;
				CLANG_ANALYZER_NUMBER_OBJECT_CONVERSION = YES_AGGRESSIVE;
				CLANG_CXX_LANGUAGE_STANDARD = "gnu++17";
				CLANG_ENABLE_MODULES = YES;
				CLANG_ENABLE_OBJC_ARC = YES;
				CLANG_ENABLE_OBJC_WEAK = YES;
				CLANG_WARN_BLOCK_CAPTURE_AUTORELEASING = YES;
				CLANG_WARN_BOOL_CONVERSION = YES;
				CLANG_WARN_COMMA = YES;
				CLANG_WARN_CONSTANT_CONVERSION = YES;
				CLANG_WARN_DEPRECATED_OBJC_IMPLEMENTATIONS = YES;
				CLANG_WARN_DIRECT_OBJC_ISA_USAGE = YES_ERROR;
				CLANG_WARN_DOCUMENTATION_COMMENTS = YES;
				CLANG_WARN_EMPTY_BODY = YES;
				CLANG_WARN_ENUM_CONVERSION = YES;
				CLANG_WARN_INFINITE_RECURSION = YES;
				CLANG_WARN_INT_CONVERSION = YES;
				CLANG_WARN_NON_LITERAL_NULL_CONVERSION = YES;
				CLANG_WARN_OBJC_IMPLICIT_RETAIN_SELF = YES;
				CLANG_WARN_OBJC_LITERAL_CONVERSION = YES;
				CLANG_WARN_OBJC_ROOT_CLASS = YES_ERROR;
				CLANG_WARN_QUOTED_INCLUDE_IN_FRAMEWORK_HEADER = YES;
				CLANG_WARN_RANGE_LOOP_ANALYSIS = YES;
				CLANG_WARN_STRICT_PROTOTYPES = YES;
				CLANG_WARN_SUSPICIOUS_MOVE = YES;
				CLANG_WARN_UNGUARDED_AVAILABILITY = YES_AGGRESSIVE;
				CLANG_WARN_UNREACHABLE_CODE = YES;
				CLANG_WARN__DUPLICATE_METHOD_MATCH = YES;
				COPY_PHASE_STRIP = NO;
				DEBUG_INFORMATION_FORMAT = "dwarf-with-dsym";
				ENABLE_NS_ASSERTIONS = NO;
				ENABLE_STRICT_OBJC_MSGSEND = YES;
				GCC_C_LANGUAGE_STANDARD = gnu11;
				GCC_NO_COMMON_BLOCKS = YES;
				GCC_WARN_64_TO_32_BIT_CONVERSION = YES;
				GCC_WARN_ABOUT_RETURN_TYPE = YES_ERROR;
				GCC_WARN_UNDECLARED_SELECTOR = YES;
				GCC_WARN_UNINITIALIZED_AUTOS = YES_AGGRESSIVE;
				GCC_WARN_UNUSED_FUNCTION = YES;
				GCC_WARN_UNUSED_VARIABLE = YES;
				IPHONEOS_DEPLOYMENT_TARGET = 16.0;
				MTL_ENABLE_DEBUG_INFO = NO;
				MTL_FAST_MATH = YES;
				SDKROOT = iphoneos;
				SWIFT_COMPILATION_MODE = wholemodule;
				SWIFT_OPTIMIZATION_LEVEL = "-O";
				VALIDATE_PRODUCT = YES;
			};
			name = Release;
		};
		0405F9D52859730300B6BAB9 /* Debug */ = {
			isa = XCBuildConfiguration;
			buildSettings = {
				ASSETCATALOG_COMPILER_APPICON_NAME = AppIcon;
				ASSETCATALOG_COMPILER_GLOBAL_ACCENT_COLOR_NAME = AccentColor;
				CODE_SIGN_STYLE = Automatic;
				CURRENT_PROJECT_VERSION = 1;
				DEVELOPMENT_ASSET_PATHS = "\"SwiftUI4.0-Example/Preview Content\"";
				ENABLE_PREVIEWS = YES;
				GENERATE_INFOPLIST_FILE = YES;
				INFOPLIST_FILE = "SwiftUI4-0-Example-Info.plist";
				INFOPLIST_KEY_UIApplicationSceneManifest_Generation = YES;
				INFOPLIST_KEY_UIApplicationSupportsIndirectInputEvents = YES;
				INFOPLIST_KEY_UILaunchScreen_Generation = YES;
				INFOPLIST_KEY_UISupportedInterfaceOrientations_iPad = "UIInterfaceOrientationPortrait UIInterfaceOrientationPortraitUpsideDown UIInterfaceOrientationLandscapeLeft UIInterfaceOrientationLandscapeRight";
				INFOPLIST_KEY_UISupportedInterfaceOrientations_iPhone = "UIInterfaceOrientationPortrait UIInterfaceOrientationLandscapeLeft UIInterfaceOrientationLandscapeRight";
				LD_RUNPATH_SEARCH_PATHS = (
					"$(inherited)",
					"@executable_path/Frameworks",
				);
				MARKETING_VERSION = 1.0;
				PRODUCT_BUNDLE_IDENTIFIER = "com.qjl.cn.SwiftUI4-0-Example";
				PRODUCT_NAME = "$(TARGET_NAME)";
				SWIFT_EMIT_LOC_STRINGS = YES;
				SWIFT_VERSION = 5.0;
				TARGETED_DEVICE_FAMILY = "1,2";
			};
			name = Debug;
		};
		0405F9D62859730300B6BAB9 /* Release */ = {
			isa = XCBuildConfiguration;
			buildSettings = {
				ASSETCATALOG_COMPILER_APPICON_NAME = AppIcon;
				ASSETCATALOG_COMPILER_GLOBAL_ACCENT_COLOR_NAME = AccentColor;
				CODE_SIGN_STYLE = Automatic;
				CURRENT_PROJECT_VERSION = 1;
				DEVELOPMENT_ASSET_PATHS = "\"SwiftUI4.0-Example/Preview Content\"";
				ENABLE_PREVIEWS = YES;
				GENERATE_INFOPLIST_FILE = YES;
				INFOPLIST_FILE = "SwiftUI4-0-Example-Info.plist";
				INFOPLIST_KEY_UIApplicationSceneManifest_Generation = YES;
				INFOPLIST_KEY_UIApplicationSupportsIndirectInputEvents = YES;
				INFOPLIST_KEY_UILaunchScreen_Generation = YES;
				INFOPLIST_KEY_UISupportedInterfaceOrientations_iPad = "UIInterfaceOrientationPortrait UIInterfaceOrientationPortraitUpsideDown UIInterfaceOrientationLandscapeLeft UIInterfaceOrientationLandscapeRight";
				INFOPLIST_KEY_UISupportedInterfaceOrientations_iPhone = "UIInterfaceOrientationPortrait UIInterfaceOrientationLandscapeLeft UIInterfaceOrientationLandscapeRight";
				LD_RUNPATH_SEARCH_PATHS = (
					"$(inherited)",
					"@executable_path/Frameworks",
				);
				MARKETING_VERSION = 1.0;
				PRODUCT_BUNDLE_IDENTIFIER = "com.qjl.cn.SwiftUI4-0-Example";
				PRODUCT_NAME = "$(TARGET_NAME)";
				SWIFT_EMIT_LOC_STRINGS = YES;
				SWIFT_VERSION = 5.0;
				TARGETED_DEVICE_FAMILY = "1,2";
			};
			name = Release;
		};
/* End XCBuildConfiguration section */

/* Begin XCConfigurationList section */
		0405F9C12859730200B6BAB9 /* Build configuration list for PBXProject "SwiftUI4.0-Example" */ = {
			isa = XCConfigurationList;
			buildConfigurations = (
				0405F9D22859730300B6BAB9 /* Debug */,
				0405F9D32859730300B6BAB9 /* Release */,
			);
			defaultConfigurationIsVisible = 0;
			defaultConfigurationName = Release;
		};
		0405F9D42859730300B6BAB9 /* Build configuration list for PBXNativeTarget "SwiftUI4.0-Example" */ = {
			isa = XCConfigurationList;
			buildConfigurations = (
				0405F9D52859730300B6BAB9 /* Debug */,
				0405F9D62859730300B6BAB9 /* Release */,
			);
			defaultConfigurationIsVisible = 0;
			defaultConfigurationName = Release;
		};
/* End XCConfigurationList section */
	};
	rootObject = 0405F9BE2859730200B6BAB9 /* Project object */;
}
